PODS:
  - KinBackupRestoreModule (0.1.0):
    - KinSDK (= 0.9.0)
  - KinSDK (0.9.0):
    - KinUtil (= 0.1.0)
    - Sodium (= 0.8.0)
  - KinUtil (0.1.0)
  - Sodium (0.8.0)

DEPENDENCIES:
  - KinBackupRestoreModule (from `./`)
  - KinSDK

SPEC REPOS:
  https://github.com/cocoapods/specs.git:
    - KinSDK
    - KinUtil
    - Sodium

EXTERNAL SOURCES:
  KinBackupRestoreModule:
    :path: "./"

SPEC CHECKSUMS:
  KinBackupRestoreModule: be0a50a0e44d77735b80071b3a3d47c6e95de9dc
  KinSDK: 24cbb5cf8b560c6025eacabc1b5aebbe5938c141
  KinUtil: 5ba64858ba2f24156d6e229c963b37f8d808bd4c
  Sodium: 63c0ca312a932e6da481689537d4b35568841bdc

PODFILE CHECKSUM: d63416d7d906b6b83eeca1df8dace96f8dd10dbb

COCOAPODS: 1.6.0
