PODS:
  - KinBackupRestoreModule (0.0.1):
    - KinSDK (= 0.8.5)
  - KinSDK (0.8.5):
    - KinUtil (= 0.0.16)
    - Sodium (= 0.7.0)
  - KinUtil (0.0.16)
  - Sodium (0.7.0)

DEPENDENCIES:
  - KinBackupRestoreModule (from `./`)
  - KinSDK (= 0.8.5)

SPEC REPOS:
  https://github.com/cocoapods/specs.git:
    - KinSDK
    - KinUtil
    - Sodium

EXTERNAL SOURCES:
  KinBackupRestoreModule:
    :path: "./"

SPEC CHECKSUMS:
  KinBackupRestoreModule: 0f52179f93036d37a7e1803f35cc9960cf4f7bbc
  KinSDK: 6d021909c1011c2c3c9518d1fbe86334a8e9fafb
  KinUtil: 00442723f29cfa38f2410f9d4dba5a28937ed4ad
  Sodium: c5510cc6f5e1b27858e5f260b5cac80d4a3f9379

PODFILE CHECKSUM: 55a2b3cff9f90b83eab4709d658f60f5a5bcfedf

COCOAPODS: 1.6.0
