PODS:
  - KinBackupRestoreModule (0.0.2):
    - KinSDK (= 0.8.6)
  - KinSDK (0.8.6):
    - KinUtil (= 0.0.18)
    - Sodium (= 0.7.0)
  - KinUtil (0.0.18)
  - Sodium (0.7.0)

DEPENDENCIES:
  - KinBackupRestoreModule (from `./`)
  - KinSDK

SPEC REPOS:
  https://github.com/cocoapods/specs.git:
    - KinSDK
    - KinUtil
    - Sodium

EXTERNAL SOURCES:
  KinBackupRestoreModule:
    :path: "./"

SPEC CHECKSUMS:
  KinBackupRestoreModule: 7c6120a4d3d0654f4c3689eae9582ed96e33c805
  KinSDK: 162a6b27e299015aaff845a74b0b73ba7a569b80
  KinUtil: ffcdec211f59a5fbb7fd68a13fcfc403f62596e0
  Sodium: c5510cc6f5e1b27858e5f260b5cac80d4a3f9379

PODFILE CHECKSUM: d63416d7d906b6b83eeca1df8dace96f8dd10dbb

COCOAPODS: 1.6.0
