PODS:
  - KinSDK (1.0.0):
    - KinUtil (= 0.1.0)
    - Sodium (= 0.8.0)
  - KinUtil (0.1.0)
  - Sodium (0.8.0)

DEPENDENCIES:
  - KinSDK (from `./`)
  - KinUtil (= 0.1.0)
  - Sodium (= 0.8.0)

SPEC REPOS:
  https://github.com/cocoapods/specs.git:
    - KinUtil
    - Sodium

EXTERNAL SOURCES:
  KinSDK:
    :path: "./"

SPEC CHECKSUMS:
  KinSDK: f0937042a110c505f6c90b1bc5759302d49adfed
  KinUtil: 5ba64858ba2f24156d6e229c963b37f8d808bd4c
  Sodium: 63c0ca312a932e6da481689537d4b35568841bdc

PODFILE CHECKSUM: fedf06adfa01ecdafd257351f882c388ca46ccfb

COCOAPODS: 1.7.1
