PODS:
  - KinUtil (0.1.0)
  - Sodium (0.8.0)

DEPENDENCIES:
  - KinUtil (= 0.1.0)
  - Sodium (= 0.8.0)

SPEC REPOS:
  https://github.com/cocoapods/specs.git:
    - KinUtil
    - Sodium

SPEC CHECKSUMS:
  KinUtil: 5ba64858ba2f24156d6e229c963b37f8d808bd4c
  Sodium: 63c0ca312a932e6da481689537d4b35568841bdc

PODFILE CHECKSUM: 4f8dab3d37a06cfa980f00a1e50904f12f990153

COCOAPODS: 1.7.4
