// !$*UTF8*$!
{
	archiveVersion = 1;
	classes = {
	};
	objectVersion = 51;
	objects = {

/* Begin PBXBuildFile section */
		6814CA7622CA3223009388AE /* BaseTransaction.swift in Sources */ = {isa = PBXBuildFile; fileRef = 6814CA7522CA3223009388AE /* BaseTransaction.swift */; };
		6814CA7822CA32CD009388AE /* PaymentTransaction.swift in Sources */ = {isa = PBXBuildFile; fileRef = 6814CA7722CA32CD009388AE /* PaymentTransaction.swift */; };
		6814CA7A22CA32F9009388AE /* RawTransaction.swift in Sources */ = {isa = PBXBuildFile; fileRef = 6814CA7922CA32F9009388AE /* RawTransaction.swift */; };
		6814CA7C22CA349C009388AE /* WhitelistPayload.swift in Sources */ = {isa = PBXBuildFile; fileRef = 6814CA7B22CA349C009388AE /* WhitelistPayload.swift */; };
		6814CA8E22CB468E009388AE /* XDRTests.swift in Sources */ = {isa = PBXBuildFile; fileRef = 6814CA8622CB468E009388AE /* XDRTests.swift */; };
		6814CA9B22CB4EAC009388AE /* Transaction.swift in Sources */ = {isa = PBXBuildFile; fileRef = 68AF91D422A90D44008C01EC /* Transaction.swift */; };
		683196E522D4773200EC2DDF /* TransactionFactory.swift in Sources */ = {isa = PBXBuildFile; fileRef = 683196E422D4773200EC2DDF /* TransactionFactory.swift */; };
		68AF916D22A90C6A008C01EC /* KinSDK.framework in Frameworks */ = {isa = PBXBuildFile; fileRef = 68AF916322A90C6A008C01EC /* KinSDK.framework */; };
		68AF917422A90C6A008C01EC /* KinSDK.h in Headers */ = {isa = PBXBuildFile; fileRef = 68AF916622A90C6A008C01EC /* KinSDK.h */; settings = {ATTRIBUTES = (Public, ); }; };
		68AF91EB22A90D45008C01EC /* KeyUtils.swift in Sources */ = {isa = PBXBuildFile; fileRef = 68AF91C622A90D44008C01EC /* KeyUtils.swift */; };
		68AF91EC22A90D45008C01EC /* KeyStore.swift in Sources */ = {isa = PBXBuildFile; fileRef = 68AF91C722A90D44008C01EC /* KeyStore.swift */; };
		68AF91ED22A90D45008C01EC /* KinClient.swift in Sources */ = {isa = PBXBuildFile; fileRef = 68AF91C822A90D44008C01EC /* KinClient.swift */; };
		68AF91EE22A90D45008C01EC /* KinError.swift in Sources */ = {isa = PBXBuildFile; fileRef = 68AF91C922A90D44008C01EC /* KinError.swift */; };
		68AF91EF22A90D45008C01EC /* KinTypes.swift in Sources */ = {isa = PBXBuildFile; fileRef = 68AF91CA22A90D44008C01EC /* KinTypes.swift */; };
		68AF91F022A90D45008C01EC /* Watchers.swift in Sources */ = {isa = PBXBuildFile; fileRef = 68AF91CB22A90D44008C01EC /* Watchers.swift */; };
		68AF91F222A90D45008C01EC /* StellarErrors.swift in Sources */ = {isa = PBXBuildFile; fileRef = 68AF91CE22A90D44008C01EC /* StellarErrors.swift */; };
		68AF91F322A90D45008C01EC /* PublicKey.swift in Sources */ = {isa = PBXBuildFile; fileRef = 68AF91D022A90D44008C01EC /* PublicKey.swift */; };
		68AF91F422A90D45008C01EC /* WrappedData.swift in Sources */ = {isa = PBXBuildFile; fileRef = 68AF91D122A90D44008C01EC /* WrappedData.swift */; };
		68AF91F522A90D45008C01EC /* Ledger.swift in Sources */ = {isa = PBXBuildFile; fileRef = 68AF91D222A90D44008C01EC /* Ledger.swift */; };
		68AF91F622A90D45008C01EC /* Operations.swift in Sources */ = {isa = PBXBuildFile; fileRef = 68AF91D322A90D44008C01EC /* Operations.swift */; };
		68AF91F822A90D45008C01EC /* Asset.swift in Sources */ = {isa = PBXBuildFile; fileRef = 68AF91D522A90D44008C01EC /* Asset.swift */; };
		68AF91F922A90D45008C01EC /* Operation.swift in Sources */ = {isa = PBXBuildFile; fileRef = 68AF91D622A90D44008C01EC /* Operation.swift */; };
		68AF91FA22A90D45008C01EC /* Stellar.swift in Sources */ = {isa = PBXBuildFile; fileRef = 68AF91D722A90D44008C01EC /* Stellar.swift */; };
		68AF91FB22A90D45008C01EC /* StellarResults.swift in Sources */ = {isa = PBXBuildFile; fileRef = 68AF91D822A90D44008C01EC /* StellarResults.swift */; };
		68AF91FD22A90D45008C01EC /* StellarOps.swift in Sources */ = {isa = PBXBuildFile; fileRef = 68AF91DA22A90D44008C01EC /* StellarOps.swift */; };
		68AF91FE22A90D45008C01EC /* BCKeyUtils.swift in Sources */ = {isa = PBXBuildFile; fileRef = 68AF91DB22A90D44008C01EC /* BCKeyUtils.swift */; };
		68AF91FF22A90D45008C01EC /* HorizonResponses.swift in Sources */ = {isa = PBXBuildFile; fileRef = 68AF91DC22A90D44008C01EC /* HorizonResponses.swift */; };
		68AF920022A90D45008C01EC /* Errors.swift in Sources */ = {isa = PBXBuildFile; fileRef = 68AF91DD22A90D44008C01EC /* Errors.swift */; };
		68AF920122A90D45008C01EC /* TxBuilder.swift in Sources */ = {isa = PBXBuildFile; fileRef = 68AF91DE22A90D44008C01EC /* TxBuilder.swift */; };
		68AF920222A90D45008C01EC /* StellarEventSource.swift in Sources */ = {isa = PBXBuildFile; fileRef = 68AF91DF22A90D44008C01EC /* StellarEventSource.swift */; };
		68AF920322A90D45008C01EC /* Data+extensions.swift in Sources */ = {isa = PBXBuildFile; fileRef = 68AF91E022A90D44008C01EC /* Data+extensions.swift */; };
		68AF920422A90D45008C01EC /* Watches.swift in Sources */ = {isa = PBXBuildFile; fileRef = 68AF91E122A90D44008C01EC /* Watches.swift */; };
		68AF920522A90D45008C01EC /* XDRCodable.swift in Sources */ = {isa = PBXBuildFile; fileRef = 68AF91E322A90D44008C01EC /* XDRCodable.swift */; };
		68AF920622A90D45008C01EC /* Endpoint.swift in Sources */ = {isa = PBXBuildFile; fileRef = 68AF91E422A90D44008C01EC /* Endpoint.swift */; };
		68AF920722A90D45008C01EC /* KinAccount.swift in Sources */ = {isa = PBXBuildFile; fileRef = 68AF91E522A90D45008C01EC /* KinAccount.swift */; };
		68AF920822A90D45008C01EC /* KinAccounts.swift in Sources */ = {isa = PBXBuildFile; fileRef = 68AF91E622A90D45008C01EC /* KinAccounts.swift */; };
		68AF920922A90D45008C01EC /* Network.swift in Sources */ = {isa = PBXBuildFile; fileRef = 68AF91E722A90D45008C01EC /* Network.swift */; };
		68AF920A22A90D45008C01EC /* Bundle+Kin.swift in Sources */ = {isa = PBXBuildFile; fileRef = 68AF91E922A90D45008C01EC /* Bundle+Kin.swift */; };
		68AF920B22A90D45008C01EC /* Version.swift in Sources */ = {isa = PBXBuildFile; fileRef = 68AF91EA22A90D45008C01EC /* Version.swift */; };
		68AF921122A90DA4008C01EC /* KinAccountTests.swift in Sources */ = {isa = PBXBuildFile; fileRef = 68AF920C22A90DA4008C01EC /* KinAccountTests.swift */; };
		68AF921222A90DA4008C01EC /* KinClientTests.swift in Sources */ = {isa = PBXBuildFile; fileRef = 68AF920D22A90DA4008C01EC /* KinClientTests.swift */; };
		68AF921322A90DA4008C01EC /* KeyStoreTests.swift in Sources */ = {isa = PBXBuildFile; fileRef = 68AF920E22A90DA4008C01EC /* KeyStoreTests.swift */; };
		68AF921422A90DA4008C01EC /* AppIdTests.swift in Sources */ = {isa = PBXBuildFile; fileRef = 68AF920F22A90DA4008C01EC /* AppIdTests.swift */; };
		68AF921522A90DA4008C01EC /* URLKinVersion.swift in Sources */ = {isa = PBXBuildFile; fileRef = 68AF921022A90DA4008C01EC /* URLKinVersion.swift */; };
		68AF921922A90E38008C01EC /* SHA256.swift in Sources */ = {isa = PBXBuildFile; fileRef = 68AF921822A90E38008C01EC /* SHA256.swift */; };
		68AF930222A92256008C01EC /* KeychainSwift.swift in Sources */ = {isa = PBXBuildFile; fileRef = 68AF92C822A92256008C01EC /* KeychainSwift.swift */; };
		68AF930322A92256008C01EC /* TegKeychainConstants.swift in Sources */ = {isa = PBXBuildFile; fileRef = 68AF92C922A92256008C01EC /* TegKeychainConstants.swift */; };
		68AF930422A92256008C01EC /* KeychainSwiftAccessOptions.swift in Sources */ = {isa = PBXBuildFile; fileRef = 68AF92CA22A92256008C01EC /* KeychainSwiftAccessOptions.swift */; };
		68AF931022A92DCF008C01EC /* AppDelegate.swift in Sources */ = {isa = PBXBuildFile; fileRef = 68AF930F22A92DCF008C01EC /* AppDelegate.swift */; };
		68AF931222A92DCF008C01EC /* ViewController.swift in Sources */ = {isa = PBXBuildFile; fileRef = 68AF931122A92DCF008C01EC /* ViewController.swift */; };
		68AF931522A92DCF008C01EC /* Main.storyboard in Resources */ = {isa = PBXBuildFile; fileRef = 68AF931322A92DCF008C01EC /* Main.storyboard */; };
		68AF931722A92DD1008C01EC /* Assets.xcassets in Resources */ = {isa = PBXBuildFile; fileRef = 68AF931622A92DD1008C01EC /* Assets.xcassets */; };
		68AF931A22A92DD1008C01EC /* LaunchScreen.storyboard in Resources */ = {isa = PBXBuildFile; fileRef = 68AF931822A92DD1008C01EC /* LaunchScreen.storyboard */; };
		68AF938522A9337A008C01EC /* QRTests.swift in Sources */ = {isa = PBXBuildFile; fileRef = 68AF938222A9337A008C01EC /* QRTests.swift */; };
		68AF938622A9337A008C01EC /* PasswordTests.swift in Sources */ = {isa = PBXBuildFile; fileRef = 68AF938322A9337A008C01EC /* PasswordTests.swift */; };
		68AF938722A9337A008C01EC /* KinBackupRestoreModuleTests.swift in Sources */ = {isa = PBXBuildFile; fileRef = 68AF938422A9337A008C01EC /* KinBackupRestoreModuleTests.swift */; };
		68AF93BD22A9338F008C01EC /* KinBackupRestoreBI.swift in Sources */ = {isa = PBXBuildFile; fileRef = 68AF938922A9338F008C01EC /* KinBackupRestoreBI.swift */; };
		68AF93BE22A9338F008C01EC /* Assets.xcassets in Resources */ = {isa = PBXBuildFile; fileRef = 68AF938A22A9338F008C01EC /* Assets.xcassets */; };
		68AF93BF22A9338F008C01EC /* KinBackupRestoreError.swift in Sources */ = {isa = PBXBuildFile; fileRef = 68AF938B22A9338F008C01EC /* KinBackupRestoreError.swift */; };
		68AF93C022A9338F008C01EC /* Localizable.strings in Resources */ = {isa = PBXBuildFile; fileRef = 68AF938C22A9338F008C01EC /* Localizable.strings */; };
		68AF93C122A9338F008C01EC /* Notification+Convenience.swift in Sources */ = {isa = PBXBuildFile; fileRef = 68AF938E22A9338F008C01EC /* Notification+Convenience.swift */; };
		68AF93C222A93390008C01EC /* CGGeometry+Appearance.swift in Sources */ = {isa = PBXBuildFile; fileRef = 68AF938F22A9338F008C01EC /* CGGeometry+Appearance.swift */; };
		68AF93C322A93390008C01EC /* NSAttributedString+AttributedStrings.swift in Sources */ = {isa = PBXBuildFile; fileRef = 68AF939022A9338F008C01EC /* NSAttributedString+AttributedStrings.swift */; };
		68AF93C422A93390008C01EC /* UIFont+PreferredFont.swift in Sources */ = {isa = PBXBuildFile; fileRef = 68AF939122A9338F008C01EC /* UIFont+PreferredFont.swift */; };
		68AF93C522A93390008C01EC /* Bundle+BackupRestore.swift in Sources */ = {isa = PBXBuildFile; fileRef = 68AF939222A9338F008C01EC /* Bundle+BackupRestore.swift */; };
		68AF93C622A93390008C01EC /* UIColor+Appearance.swift in Sources */ = {isa = PBXBuildFile; fileRef = 68AF939322A9338F008C01EC /* UIColor+Appearance.swift */; };
		68AF93C722A93390008C01EC /* String+Localization.swift in Sources */ = {isa = PBXBuildFile; fileRef = 68AF939422A9338F008C01EC /* String+Localization.swift */; };
		68AF93C822A93390008C01EC /* Password.swift in Sources */ = {isa = PBXBuildFile; fileRef = 68AF939622A9338F008C01EC /* Password.swift */; };
		68AF93C922A93390008C01EC /* QR.swift in Sources */ = {isa = PBXBuildFile; fileRef = 68AF939722A9338F008C01EC /* QR.swift */; };
		68AF93CA22A93390008C01EC /* Appearance.swift in Sources */ = {isa = PBXBuildFile; fileRef = 68AF939822A9338F008C01EC /* Appearance.swift */; };
		68AF93CC22A93390008C01EC /* BackupCompletedViewController.swift in Sources */ = {isa = PBXBuildFile; fileRef = 68AF939B22A9338F008C01EC /* BackupCompletedViewController.swift */; };
		68AF93CD22A93390008C01EC /* PasswordTextField.swift in Sources */ = {isa = PBXBuildFile; fileRef = 68AF939C22A9338F008C01EC /* PasswordTextField.swift */; };
		68AF93CE22A93390008C01EC /* BackupFlowController.swift in Sources */ = {isa = PBXBuildFile; fileRef = 68AF939E22A9338F008C01EC /* BackupFlowController.swift */; };
		68AF93CF22A93390008C01EC /* RestoreFlowController.swift in Sources */ = {isa = PBXBuildFile; fileRef = 68AF939F22A9338F008C01EC /* RestoreFlowController.swift */; };
		68AF93D022A93390008C01EC /* FlowController.swift in Sources */ = {isa = PBXBuildFile; fileRef = 68AF93A022A9338F008C01EC /* FlowController.swift */; };
		68AF93D122A93390008C01EC /* CheckboxImageView.swift in Sources */ = {isa = PBXBuildFile; fileRef = 68AF93A122A9338F008C01EC /* CheckboxImageView.swift */; };
		68AF93D222A93390008C01EC /* Animations.swift in Sources */ = {isa = PBXBuildFile; fileRef = 68AF93A222A9338F008C01EC /* Animations.swift */; };
		68AF93D322A93390008C01EC /* KeyboardAdjustingScrollView.swift in Sources */ = {isa = PBXBuildFile; fileRef = 68AF93A322A9338F008C01EC /* KeyboardAdjustingScrollView.swift */; };
		68AF93D422A93390008C01EC /* QRPickerController.swift in Sources */ = {isa = PBXBuildFile; fileRef = 68AF93A522A9338F008C01EC /* QRPickerController.swift */; };
		68AF93D522A93390008C01EC /* QRView.swift in Sources */ = {isa = PBXBuildFile; fileRef = 68AF93A622A9338F008C01EC /* QRView.swift */; };
		68AF93D622A93390008C01EC /* QRViewController.swift in Sources */ = {isa = PBXBuildFile; fileRef = 68AF93A722A9338F008C01EC /* QRViewController.swift */; };
		68AF93D722A93390008C01EC /* PasswordLabel.swift in Sources */ = {isa = PBXBuildFile; fileRef = 68AF93A822A9338F008C01EC /* PasswordLabel.swift */; };
		68AF93D822A93390008C01EC /* RoundButton.swift in Sources */ = {isa = PBXBuildFile; fileRef = 68AF93AA22A9338F008C01EC /* RoundButton.swift */; };
		68AF93D922A93390008C01EC /* ConfirmButton.swift in Sources */ = {isa = PBXBuildFile; fileRef = 68AF93AB22A9338F008C01EC /* ConfirmButton.swift */; };
		68AF93DA22A93390008C01EC /* PasswordEntryView.swift in Sources */ = {isa = PBXBuildFile; fileRef = 68AF93AD22A9338F008C01EC /* PasswordEntryView.swift */; };
		68AF93DB22A93390008C01EC /* PasswordEntryViewController.swift in Sources */ = {isa = PBXBuildFile; fileRef = 68AF93AE22A9338F008C01EC /* PasswordEntryViewController.swift */; };
		68AF93DC22A93390008C01EC /* RestoreView.swift in Sources */ = {isa = PBXBuildFile; fileRef = 68AF93B022A9338F008C01EC /* RestoreView.swift */; };
		68AF93DD22A93390008C01EC /* RestoreViewController.swift in Sources */ = {isa = PBXBuildFile; fileRef = 68AF93B122A9338F008C01EC /* RestoreViewController.swift */; };
		68AF93DE22A93390008C01EC /* KinViewController.swift in Sources */ = {isa = PBXBuildFile; fileRef = 68AF93B222A9338F008C01EC /* KinViewController.swift */; };
		68AF93DF22A93390008C01EC /* BackupIntroViewController.swift in Sources */ = {isa = PBXBuildFile; fileRef = 68AF93B422A9338F008C01EC /* BackupIntroViewController.swift */; };
		68AF93E022A93390008C01EC /* RestoreIntroViewController.swift in Sources */ = {isa = PBXBuildFile; fileRef = 68AF93B522A9338F008C01EC /* RestoreIntroViewController.swift */; };
		68AF93E122A93390008C01EC /* ExplanationTemplateViewController.swift in Sources */ = {isa = PBXBuildFile; fileRef = 68AF93B722A9338F008C01EC /* ExplanationTemplateViewController.swift */; };
		68AF93E222A93390008C01EC /* ExplanationTemplateView.swift in Sources */ = {isa = PBXBuildFile; fileRef = 68AF93B822A9338F008C01EC /* ExplanationTemplateView.swift */; };
		68AF93E322A93390008C01EC /* LifeCycleProtocol.swift in Sources */ = {isa = PBXBuildFile; fileRef = 68AF93BA22A9338F008C01EC /* LifeCycleProtocol.swift */; };
		68AF93E522A93390008C01EC /* KinBackupRestoreManager.swift in Sources */ = {isa = PBXBuildFile; fileRef = 68AF93BC22A9338F008C01EC /* KinBackupRestoreManager.swift */; };
		6DAAFC340CFA956C88DBC863 /* Pods_Dependencies_KinSDK.framework in Frameworks */ = {isa = PBXBuildFile; fileRef = 607B457721FF5BE991BF0EBC /* Pods_Dependencies_KinSDK.framework */; };
		77F42E590D310035A45A1C0D /* Pods_Dependencies_KinSDK_KinSDKTests.framework in Frameworks */ = {isa = PBXBuildFile; fileRef = 4D931306ECB5C4FEA2FB7387 /* Pods_Dependencies_KinSDK_KinSDKTests.framework */; };
/* End PBXBuildFile section */

/* Begin PBXContainerItemProxy section */
		68AF916E22A90C6A008C01EC /* PBXContainerItemProxy */ = {
			isa = PBXContainerItemProxy;
			containerPortal = 68AF915A22A90C6A008C01EC /* Project object */;
			proxyType = 1;
			remoteGlobalIDString = 68AF916222A90C6A008C01EC;
			remoteInfo = KinSDK;
		};
		68AF931F22A92DF2008C01EC /* PBXContainerItemProxy */ = {
			isa = PBXContainerItemProxy;
			containerPortal = 68AF915A22A90C6A008C01EC /* Project object */;
			proxyType = 1;
			remoteGlobalIDString = 68AF930C22A92DCF008C01EC;
			remoteInfo = KinSDKTestsHost;
		};
/* End PBXContainerItemProxy section */

/* Begin PBXFileReference section */
		0B62FA26E75E1A6B3DF0256E /* Pods-Dependencies-KinSDK.release.xcconfig */ = {isa = PBXFileReference; includeInIndex = 1; lastKnownFileType = text.xcconfig; name = "Pods-Dependencies-KinSDK.release.xcconfig"; path = "Target Support Files/Pods-Dependencies-KinSDK/Pods-Dependencies-KinSDK.release.xcconfig"; sourceTree = "<group>"; };
		32710DB8172136A6BC73196A /* Pods-Dependencies-KinSDK-KinSDKTests.debug.xcconfig */ = {isa = PBXFileReference; includeInIndex = 1; lastKnownFileType = text.xcconfig; name = "Pods-Dependencies-KinSDK-KinSDKTests.debug.xcconfig"; path = "Target Support Files/Pods-Dependencies-KinSDK-KinSDKTests/Pods-Dependencies-KinSDK-KinSDKTests.debug.xcconfig"; sourceTree = "<group>"; };
		4CE03B48AAEAD0EB021F3DCF /* Pods-Dependencies-KinSDK.debug.xcconfig */ = {isa = PBXFileReference; includeInIndex = 1; lastKnownFileType = text.xcconfig; name = "Pods-Dependencies-KinSDK.debug.xcconfig"; path = "Target Support Files/Pods-Dependencies-KinSDK/Pods-Dependencies-KinSDK.debug.xcconfig"; sourceTree = "<group>"; };
		4D931306ECB5C4FEA2FB7387 /* Pods_Dependencies_KinSDK_KinSDKTests.framework */ = {isa = PBXFileReference; explicitFileType = wrapper.framework; includeInIndex = 0; path = Pods_Dependencies_KinSDK_KinSDKTests.framework; sourceTree = BUILT_PRODUCTS_DIR; };
		607B457721FF5BE991BF0EBC /* Pods_Dependencies_KinSDK.framework */ = {isa = PBXFileReference; explicitFileType = wrapper.framework; includeInIndex = 0; path = Pods_Dependencies_KinSDK.framework; sourceTree = BUILT_PRODUCTS_DIR; };
		6814CA7522CA3223009388AE /* BaseTransaction.swift */ = {isa = PBXFileReference; lastKnownFileType = sourcecode.swift; path = BaseTransaction.swift; sourceTree = "<group>"; };
		6814CA7722CA32CD009388AE /* PaymentTransaction.swift */ = {isa = PBXFileReference; lastKnownFileType = sourcecode.swift; path = PaymentTransaction.swift; sourceTree = "<group>"; };
		6814CA7922CA32F9009388AE /* RawTransaction.swift */ = {isa = PBXFileReference; lastKnownFileType = sourcecode.swift; path = RawTransaction.swift; sourceTree = "<group>"; };
		6814CA7B22CA349C009388AE /* WhitelistPayload.swift */ = {isa = PBXFileReference; lastKnownFileType = sourcecode.swift; path = WhitelistPayload.swift; sourceTree = "<group>"; };
		6814CA8622CB468E009388AE /* XDRTests.swift */ = {isa = PBXFileReference; fileEncoding = 4; lastKnownFileType = sourcecode.swift; path = XDRTests.swift; sourceTree = "<group>"; };
		683196E422D4773200EC2DDF /* TransactionFactory.swift */ = {isa = PBXFileReference; lastKnownFileType = sourcecode.swift; path = TransactionFactory.swift; sourceTree = "<group>"; };
		68AF916322A90C6A008C01EC /* KinSDK.framework */ = {isa = PBXFileReference; explicitFileType = wrapper.framework; includeInIndex = 0; path = KinSDK.framework; sourceTree = BUILT_PRODUCTS_DIR; };
		68AF916622A90C6A008C01EC /* KinSDK.h */ = {isa = PBXFileReference; lastKnownFileType = sourcecode.c.h; path = KinSDK.h; sourceTree = "<group>"; };
		68AF916722A90C6A008C01EC /* Info.plist */ = {isa = PBXFileReference; lastKnownFileType = text.plist.xml; path = Info.plist; sourceTree = "<group>"; };
		68AF916C22A90C6A008C01EC /* KinSDKTests.xctest */ = {isa = PBXFileReference; explicitFileType = wrapper.cfbundle; includeInIndex = 0; path = KinSDKTests.xctest; sourceTree = BUILT_PRODUCTS_DIR; };
		68AF917322A90C6A008C01EC /* Info.plist */ = {isa = PBXFileReference; lastKnownFileType = text.plist.xml; path = Info.plist; sourceTree = "<group>"; };
		68AF91C622A90D44008C01EC /* KeyUtils.swift */ = {isa = PBXFileReference; fileEncoding = 4; lastKnownFileType = sourcecode.swift; path = KeyUtils.swift; sourceTree = "<group>"; };
		68AF91C722A90D44008C01EC /* KeyStore.swift */ = {isa = PBXFileReference; fileEncoding = 4; lastKnownFileType = sourcecode.swift; path = KeyStore.swift; sourceTree = "<group>"; };
		68AF91C822A90D44008C01EC /* KinClient.swift */ = {isa = PBXFileReference; fileEncoding = 4; lastKnownFileType = sourcecode.swift; path = KinClient.swift; sourceTree = "<group>"; };
		68AF91C922A90D44008C01EC /* KinError.swift */ = {isa = PBXFileReference; fileEncoding = 4; lastKnownFileType = sourcecode.swift; path = KinError.swift; sourceTree = "<group>"; };
		68AF91CA22A90D44008C01EC /* KinTypes.swift */ = {isa = PBXFileReference; fileEncoding = 4; lastKnownFileType = sourcecode.swift; path = KinTypes.swift; sourceTree = "<group>"; };
		68AF91CB22A90D44008C01EC /* Watchers.swift */ = {isa = PBXFileReference; fileEncoding = 4; lastKnownFileType = sourcecode.swift; path = Watchers.swift; sourceTree = "<group>"; };
		68AF91CE22A90D44008C01EC /* StellarErrors.swift */ = {isa = PBXFileReference; fileEncoding = 4; lastKnownFileType = sourcecode.swift; path = StellarErrors.swift; sourceTree = "<group>"; };
		68AF91D022A90D44008C01EC /* PublicKey.swift */ = {isa = PBXFileReference; fileEncoding = 4; lastKnownFileType = sourcecode.swift; path = PublicKey.swift; sourceTree = "<group>"; };
		68AF91D122A90D44008C01EC /* WrappedData.swift */ = {isa = PBXFileReference; fileEncoding = 4; lastKnownFileType = sourcecode.swift; path = WrappedData.swift; sourceTree = "<group>"; };
		68AF91D222A90D44008C01EC /* Ledger.swift */ = {isa = PBXFileReference; fileEncoding = 4; lastKnownFileType = sourcecode.swift; path = Ledger.swift; sourceTree = "<group>"; };
		68AF91D322A90D44008C01EC /* Operations.swift */ = {isa = PBXFileReference; fileEncoding = 4; lastKnownFileType = sourcecode.swift; path = Operations.swift; sourceTree = "<group>"; };
		68AF91D422A90D44008C01EC /* Transaction.swift */ = {isa = PBXFileReference; fileEncoding = 4; lastKnownFileType = sourcecode.swift; path = Transaction.swift; sourceTree = "<group>"; };
		68AF91D522A90D44008C01EC /* Asset.swift */ = {isa = PBXFileReference; fileEncoding = 4; lastKnownFileType = sourcecode.swift; path = Asset.swift; sourceTree = "<group>"; };
		68AF91D622A90D44008C01EC /* Operation.swift */ = {isa = PBXFileReference; fileEncoding = 4; lastKnownFileType = sourcecode.swift; path = Operation.swift; sourceTree = "<group>"; };
		68AF91D722A90D44008C01EC /* Stellar.swift */ = {isa = PBXFileReference; fileEncoding = 4; lastKnownFileType = sourcecode.swift; path = Stellar.swift; sourceTree = "<group>"; };
		68AF91D822A90D44008C01EC /* StellarResults.swift */ = {isa = PBXFileReference; fileEncoding = 4; lastKnownFileType = sourcecode.swift; path = StellarResults.swift; sourceTree = "<group>"; };
		68AF91DA22A90D44008C01EC /* StellarOps.swift */ = {isa = PBXFileReference; fileEncoding = 4; lastKnownFileType = sourcecode.swift; path = StellarOps.swift; sourceTree = "<group>"; };
		68AF91DB22A90D44008C01EC /* BCKeyUtils.swift */ = {isa = PBXFileReference; fileEncoding = 4; lastKnownFileType = sourcecode.swift; path = BCKeyUtils.swift; sourceTree = "<group>"; };
		68AF91DC22A90D44008C01EC /* HorizonResponses.swift */ = {isa = PBXFileReference; fileEncoding = 4; lastKnownFileType = sourcecode.swift; path = HorizonResponses.swift; sourceTree = "<group>"; };
		68AF91DD22A90D44008C01EC /* Errors.swift */ = {isa = PBXFileReference; fileEncoding = 4; lastKnownFileType = sourcecode.swift; path = Errors.swift; sourceTree = "<group>"; };
		68AF91DE22A90D44008C01EC /* TxBuilder.swift */ = {isa = PBXFileReference; fileEncoding = 4; lastKnownFileType = sourcecode.swift; path = TxBuilder.swift; sourceTree = "<group>"; };
		68AF91DF22A90D44008C01EC /* StellarEventSource.swift */ = {isa = PBXFileReference; fileEncoding = 4; lastKnownFileType = sourcecode.swift; path = StellarEventSource.swift; sourceTree = "<group>"; };
		68AF91E022A90D44008C01EC /* Data+extensions.swift */ = {isa = PBXFileReference; fileEncoding = 4; lastKnownFileType = sourcecode.swift; path = "Data+extensions.swift"; sourceTree = "<group>"; };
		68AF91E122A90D44008C01EC /* Watches.swift */ = {isa = PBXFileReference; fileEncoding = 4; lastKnownFileType = sourcecode.swift; path = Watches.swift; sourceTree = "<group>"; };
		68AF91E322A90D44008C01EC /* XDRCodable.swift */ = {isa = PBXFileReference; fileEncoding = 4; lastKnownFileType = sourcecode.swift; path = XDRCodable.swift; sourceTree = "<group>"; };
		68AF91E422A90D44008C01EC /* Endpoint.swift */ = {isa = PBXFileReference; fileEncoding = 4; lastKnownFileType = sourcecode.swift; path = Endpoint.swift; sourceTree = "<group>"; };
		68AF91E522A90D45008C01EC /* KinAccount.swift */ = {isa = PBXFileReference; fileEncoding = 4; lastKnownFileType = sourcecode.swift; path = KinAccount.swift; sourceTree = "<group>"; };
		68AF91E622A90D45008C01EC /* KinAccounts.swift */ = {isa = PBXFileReference; fileEncoding = 4; lastKnownFileType = sourcecode.swift; path = KinAccounts.swift; sourceTree = "<group>"; };
		68AF91E722A90D45008C01EC /* Network.swift */ = {isa = PBXFileReference; fileEncoding = 4; lastKnownFileType = sourcecode.swift; path = Network.swift; sourceTree = "<group>"; };
		68AF91E922A90D45008C01EC /* Bundle+Kin.swift */ = {isa = PBXFileReference; fileEncoding = 4; lastKnownFileType = sourcecode.swift; path = "Bundle+Kin.swift"; sourceTree = "<group>"; };
		68AF91EA22A90D45008C01EC /* Version.swift */ = {isa = PBXFileReference; fileEncoding = 4; lastKnownFileType = sourcecode.swift; path = Version.swift; sourceTree = "<group>"; };
		68AF920C22A90DA4008C01EC /* KinAccountTests.swift */ = {isa = PBXFileReference; fileEncoding = 4; lastKnownFileType = sourcecode.swift; path = KinAccountTests.swift; sourceTree = "<group>"; };
		68AF920D22A90DA4008C01EC /* KinClientTests.swift */ = {isa = PBXFileReference; fileEncoding = 4; lastKnownFileType = sourcecode.swift; path = KinClientTests.swift; sourceTree = "<group>"; };
		68AF920E22A90DA4008C01EC /* KeyStoreTests.swift */ = {isa = PBXFileReference; fileEncoding = 4; lastKnownFileType = sourcecode.swift; path = KeyStoreTests.swift; sourceTree = "<group>"; };
		68AF920F22A90DA4008C01EC /* AppIdTests.swift */ = {isa = PBXFileReference; fileEncoding = 4; lastKnownFileType = sourcecode.swift; path = AppIdTests.swift; sourceTree = "<group>"; };
		68AF921022A90DA4008C01EC /* URLKinVersion.swift */ = {isa = PBXFileReference; fileEncoding = 4; lastKnownFileType = sourcecode.swift; path = URLKinVersion.swift; sourceTree = "<group>"; };
		68AF921822A90E38008C01EC /* SHA256.swift */ = {isa = PBXFileReference; fileEncoding = 4; lastKnownFileType = sourcecode.swift; path = SHA256.swift; sourceTree = "<group>"; };
		68AF92C822A92256008C01EC /* KeychainSwift.swift */ = {isa = PBXFileReference; fileEncoding = 4; lastKnownFileType = sourcecode.swift; path = KeychainSwift.swift; sourceTree = "<group>"; };
		68AF92C922A92256008C01EC /* TegKeychainConstants.swift */ = {isa = PBXFileReference; fileEncoding = 4; lastKnownFileType = sourcecode.swift; path = TegKeychainConstants.swift; sourceTree = "<group>"; };
		68AF92CA22A92256008C01EC /* KeychainSwiftAccessOptions.swift */ = {isa = PBXFileReference; fileEncoding = 4; lastKnownFileType = sourcecode.swift; path = KeychainSwiftAccessOptions.swift; sourceTree = "<group>"; };
		68AF930D22A92DCF008C01EC /* KinSDKTestsHost.app */ = {isa = PBXFileReference; explicitFileType = wrapper.application; includeInIndex = 0; path = KinSDKTestsHost.app; sourceTree = BUILT_PRODUCTS_DIR; };
		68AF930F22A92DCF008C01EC /* AppDelegate.swift */ = {isa = PBXFileReference; lastKnownFileType = sourcecode.swift; path = AppDelegate.swift; sourceTree = "<group>"; };
		68AF931122A92DCF008C01EC /* ViewController.swift */ = {isa = PBXFileReference; lastKnownFileType = sourcecode.swift; path = ViewController.swift; sourceTree = "<group>"; };
		68AF931422A92DCF008C01EC /* Base */ = {isa = PBXFileReference; lastKnownFileType = file.storyboard; name = Base; path = Base.lproj/Main.storyboard; sourceTree = "<group>"; };
		68AF931622A92DD1008C01EC /* Assets.xcassets */ = {isa = PBXFileReference; lastKnownFileType = folder.assetcatalog; path = Assets.xcassets; sourceTree = "<group>"; };
		68AF931922A92DD1008C01EC /* Base */ = {isa = PBXFileReference; lastKnownFileType = file.storyboard; name = Base; path = Base.lproj/LaunchScreen.storyboard; sourceTree = "<group>"; };
		68AF931B22A92DD1008C01EC /* Info.plist */ = {isa = PBXFileReference; lastKnownFileType = text.plist.xml; path = Info.plist; sourceTree = "<group>"; };
		68AF938222A9337A008C01EC /* QRTests.swift */ = {isa = PBXFileReference; fileEncoding = 4; lastKnownFileType = sourcecode.swift; path = QRTests.swift; sourceTree = "<group>"; };
		68AF938322A9337A008C01EC /* PasswordTests.swift */ = {isa = PBXFileReference; fileEncoding = 4; lastKnownFileType = sourcecode.swift; path = PasswordTests.swift; sourceTree = "<group>"; };
		68AF938422A9337A008C01EC /* KinBackupRestoreModuleTests.swift */ = {isa = PBXFileReference; fileEncoding = 4; lastKnownFileType = sourcecode.swift; path = KinBackupRestoreModuleTests.swift; sourceTree = "<group>"; };
		68AF938922A9338F008C01EC /* KinBackupRestoreBI.swift */ = {isa = PBXFileReference; fileEncoding = 4; lastKnownFileType = sourcecode.swift; path = KinBackupRestoreBI.swift; sourceTree = "<group>"; };
		68AF938A22A9338F008C01EC /* Assets.xcassets */ = {isa = PBXFileReference; lastKnownFileType = folder.assetcatalog; path = Assets.xcassets; sourceTree = "<group>"; };
		68AF938B22A9338F008C01EC /* KinBackupRestoreError.swift */ = {isa = PBXFileReference; fileEncoding = 4; lastKnownFileType = sourcecode.swift; path = KinBackupRestoreError.swift; sourceTree = "<group>"; };
		68AF938C22A9338F008C01EC /* Localizable.strings */ = {isa = PBXFileReference; fileEncoding = 4; lastKnownFileType = text.plist.strings; path = Localizable.strings; sourceTree = "<group>"; };
		68AF938E22A9338F008C01EC /* Notification+Convenience.swift */ = {isa = PBXFileReference; fileEncoding = 4; lastKnownFileType = sourcecode.swift; path = "Notification+Convenience.swift"; sourceTree = "<group>"; };
		68AF938F22A9338F008C01EC /* CGGeometry+Appearance.swift */ = {isa = PBXFileReference; fileEncoding = 4; lastKnownFileType = sourcecode.swift; path = "CGGeometry+Appearance.swift"; sourceTree = "<group>"; };
		68AF939022A9338F008C01EC /* NSAttributedString+AttributedStrings.swift */ = {isa = PBXFileReference; fileEncoding = 4; lastKnownFileType = sourcecode.swift; path = "NSAttributedString+AttributedStrings.swift"; sourceTree = "<group>"; };
		68AF939122A9338F008C01EC /* UIFont+PreferredFont.swift */ = {isa = PBXFileReference; fileEncoding = 4; lastKnownFileType = sourcecode.swift; path = "UIFont+PreferredFont.swift"; sourceTree = "<group>"; };
		68AF939222A9338F008C01EC /* Bundle+BackupRestore.swift */ = {isa = PBXFileReference; fileEncoding = 4; lastKnownFileType = sourcecode.swift; path = "Bundle+BackupRestore.swift"; sourceTree = "<group>"; };
		68AF939322A9338F008C01EC /* UIColor+Appearance.swift */ = {isa = PBXFileReference; fileEncoding = 4; lastKnownFileType = sourcecode.swift; path = "UIColor+Appearance.swift"; sourceTree = "<group>"; };
		68AF939422A9338F008C01EC /* String+Localization.swift */ = {isa = PBXFileReference; fileEncoding = 4; lastKnownFileType = sourcecode.swift; path = "String+Localization.swift"; sourceTree = "<group>"; };
		68AF939622A9338F008C01EC /* Password.swift */ = {isa = PBXFileReference; fileEncoding = 4; lastKnownFileType = sourcecode.swift; path = Password.swift; sourceTree = "<group>"; };
		68AF939722A9338F008C01EC /* QR.swift */ = {isa = PBXFileReference; fileEncoding = 4; lastKnownFileType = sourcecode.swift; path = QR.swift; sourceTree = "<group>"; };
		68AF939822A9338F008C01EC /* Appearance.swift */ = {isa = PBXFileReference; fileEncoding = 4; lastKnownFileType = sourcecode.swift; path = Appearance.swift; sourceTree = "<group>"; };
		68AF939B22A9338F008C01EC /* BackupCompletedViewController.swift */ = {isa = PBXFileReference; fileEncoding = 4; lastKnownFileType = sourcecode.swift; path = BackupCompletedViewController.swift; sourceTree = "<group>"; };
		68AF939C22A9338F008C01EC /* PasswordTextField.swift */ = {isa = PBXFileReference; fileEncoding = 4; lastKnownFileType = sourcecode.swift; path = PasswordTextField.swift; sourceTree = "<group>"; };
		68AF939E22A9338F008C01EC /* BackupFlowController.swift */ = {isa = PBXFileReference; fileEncoding = 4; lastKnownFileType = sourcecode.swift; path = BackupFlowController.swift; sourceTree = "<group>"; };
		68AF939F22A9338F008C01EC /* RestoreFlowController.swift */ = {isa = PBXFileReference; fileEncoding = 4; lastKnownFileType = sourcecode.swift; path = RestoreFlowController.swift; sourceTree = "<group>"; };
		68AF93A022A9338F008C01EC /* FlowController.swift */ = {isa = PBXFileReference; fileEncoding = 4; lastKnownFileType = sourcecode.swift; path = FlowController.swift; sourceTree = "<group>"; };
		68AF93A122A9338F008C01EC /* CheckboxImageView.swift */ = {isa = PBXFileReference; fileEncoding = 4; lastKnownFileType = sourcecode.swift; path = CheckboxImageView.swift; sourceTree = "<group>"; };
		68AF93A222A9338F008C01EC /* Animations.swift */ = {isa = PBXFileReference; fileEncoding = 4; lastKnownFileType = sourcecode.swift; path = Animations.swift; sourceTree = "<group>"; };
		68AF93A322A9338F008C01EC /* KeyboardAdjustingScrollView.swift */ = {isa = PBXFileReference; fileEncoding = 4; lastKnownFileType = sourcecode.swift; path = KeyboardAdjustingScrollView.swift; sourceTree = "<group>"; };
		68AF93A522A9338F008C01EC /* QRPickerController.swift */ = {isa = PBXFileReference; fileEncoding = 4; lastKnownFileType = sourcecode.swift; path = QRPickerController.swift; sourceTree = "<group>"; };
		68AF93A622A9338F008C01EC /* QRView.swift */ = {isa = PBXFileReference; fileEncoding = 4; lastKnownFileType = sourcecode.swift; path = QRView.swift; sourceTree = "<group>"; };
		68AF93A722A9338F008C01EC /* QRViewController.swift */ = {isa = PBXFileReference; fileEncoding = 4; lastKnownFileType = sourcecode.swift; path = QRViewController.swift; sourceTree = "<group>"; };
		68AF93A822A9338F008C01EC /* PasswordLabel.swift */ = {isa = PBXFileReference; fileEncoding = 4; lastKnownFileType = sourcecode.swift; path = PasswordLabel.swift; sourceTree = "<group>"; };
		68AF93AA22A9338F008C01EC /* RoundButton.swift */ = {isa = PBXFileReference; fileEncoding = 4; lastKnownFileType = sourcecode.swift; path = RoundButton.swift; sourceTree = "<group>"; };
		68AF93AB22A9338F008C01EC /* ConfirmButton.swift */ = {isa = PBXFileReference; fileEncoding = 4; lastKnownFileType = sourcecode.swift; path = ConfirmButton.swift; sourceTree = "<group>"; };
		68AF93AD22A9338F008C01EC /* PasswordEntryView.swift */ = {isa = PBXFileReference; fileEncoding = 4; lastKnownFileType = sourcecode.swift; path = PasswordEntryView.swift; sourceTree = "<group>"; };
		68AF93AE22A9338F008C01EC /* PasswordEntryViewController.swift */ = {isa = PBXFileReference; fileEncoding = 4; lastKnownFileType = sourcecode.swift; path = PasswordEntryViewController.swift; sourceTree = "<group>"; };
		68AF93B022A9338F008C01EC /* RestoreView.swift */ = {isa = PBXFileReference; fileEncoding = 4; lastKnownFileType = sourcecode.swift; path = RestoreView.swift; sourceTree = "<group>"; };
		68AF93B122A9338F008C01EC /* RestoreViewController.swift */ = {isa = PBXFileReference; fileEncoding = 4; lastKnownFileType = sourcecode.swift; path = RestoreViewController.swift; sourceTree = "<group>"; };
		68AF93B222A9338F008C01EC /* KinViewController.swift */ = {isa = PBXFileReference; fileEncoding = 4; lastKnownFileType = sourcecode.swift; path = KinViewController.swift; sourceTree = "<group>"; };
		68AF93B422A9338F008C01EC /* BackupIntroViewController.swift */ = {isa = PBXFileReference; fileEncoding = 4; lastKnownFileType = sourcecode.swift; path = BackupIntroViewController.swift; sourceTree = "<group>"; };
		68AF93B522A9338F008C01EC /* RestoreIntroViewController.swift */ = {isa = PBXFileReference; fileEncoding = 4; lastKnownFileType = sourcecode.swift; path = RestoreIntroViewController.swift; sourceTree = "<group>"; };
		68AF93B722A9338F008C01EC /* ExplanationTemplateViewController.swift */ = {isa = PBXFileReference; fileEncoding = 4; lastKnownFileType = sourcecode.swift; path = ExplanationTemplateViewController.swift; sourceTree = "<group>"; };
		68AF93B822A9338F008C01EC /* ExplanationTemplateView.swift */ = {isa = PBXFileReference; fileEncoding = 4; lastKnownFileType = sourcecode.swift; path = ExplanationTemplateView.swift; sourceTree = "<group>"; };
		68AF93BA22A9338F008C01EC /* LifeCycleProtocol.swift */ = {isa = PBXFileReference; fileEncoding = 4; lastKnownFileType = sourcecode.swift; path = LifeCycleProtocol.swift; sourceTree = "<group>"; };
		68AF93BC22A9338F008C01EC /* KinBackupRestoreManager.swift */ = {isa = PBXFileReference; fileEncoding = 4; lastKnownFileType = sourcecode.swift; path = KinBackupRestoreManager.swift; sourceTree = "<group>"; };
		90F09DEFC60C5742C03452EB /* Pods-Dependencies-KinSDK-KinSDKTests.release.xcconfig */ = {isa = PBXFileReference; includeInIndex = 1; lastKnownFileType = text.xcconfig; name = "Pods-Dependencies-KinSDK-KinSDKTests.release.xcconfig"; path = "Target Support Files/Pods-Dependencies-KinSDK-KinSDKTests/Pods-Dependencies-KinSDK-KinSDKTests.release.xcconfig"; sourceTree = "<group>"; };
/* End PBXFileReference section */

/* Begin PBXFrameworksBuildPhase section */
		68AF916022A90C6A008C01EC /* Frameworks */ = {
			isa = PBXFrameworksBuildPhase;
			buildActionMask = 2147483647;
			files = (
				6DAAFC340CFA956C88DBC863 /* Pods_Dependencies_KinSDK.framework in Frameworks */,
			);
			runOnlyForDeploymentPostprocessing = 0;
		};
		68AF916922A90C6A008C01EC /* Frameworks */ = {
			isa = PBXFrameworksBuildPhase;
			buildActionMask = 2147483647;
			files = (
				68AF916D22A90C6A008C01EC /* KinSDK.framework in Frameworks */,
				77F42E590D310035A45A1C0D /* Pods_Dependencies_KinSDK_KinSDKTests.framework in Frameworks */,
			);
			runOnlyForDeploymentPostprocessing = 0;
		};
		68AF930A22A92DCF008C01EC /* Frameworks */ = {
			isa = PBXFrameworksBuildPhase;
			buildActionMask = 2147483647;
			files = (
			);
			runOnlyForDeploymentPostprocessing = 0;
		};
/* End PBXFrameworksBuildPhase section */

/* Begin PBXGroup section */
		5A7720980945AB6154B3A5C2 /* Frameworks */ = {
			isa = PBXGroup;
			children = (
				607B457721FF5BE991BF0EBC /* Pods_Dependencies_KinSDK.framework */,
				4D931306ECB5C4FEA2FB7387 /* Pods_Dependencies_KinSDK_KinSDKTests.framework */,
			);
			name = Frameworks;
			sourceTree = "<group>";
		};
		68AF915922A90C6A008C01EC = {
			isa = PBXGroup;
			children = (
				68AF916522A90C6A008C01EC /* KinSDK */,
				68AF917022A90C6A008C01EC /* KinSDKTests */,
				68AF930E22A92DCF008C01EC /* KinSDKTestsHost */,
				68AF916422A90C6A008C01EC /* Products */,
				8CFC9EABEF572A575B5B0692 /* Pods */,
				5A7720980945AB6154B3A5C2 /* Frameworks */,
			);
			sourceTree = "<group>";
		};
		68AF916422A90C6A008C01EC /* Products */ = {
			isa = PBXGroup;
			children = (
				68AF916322A90C6A008C01EC /* KinSDK.framework */,
				68AF916C22A90C6A008C01EC /* KinSDKTests.xctest */,
				68AF930D22A92DCF008C01EC /* KinSDKTestsHost.app */,
			);
			name = Products;
			sourceTree = "<group>";
		};
		68AF916522A90C6A008C01EC /* KinSDK */ = {
			isa = PBXGroup;
			children = (
				68AF917D22A90CDB008C01EC /* Core */,
				68AF917E22A90CE1008C01EC /* Modules */,
				68AF917F22A90CE8008C01EC /* ThirdParty */,
				68AF916622A90C6A008C01EC /* KinSDK.h */,
				68AF916722A90C6A008C01EC /* Info.plist */,
			);
			path = KinSDK;
			sourceTree = "<group>";
		};
		68AF917022A90C6A008C01EC /* KinSDKTests */ = {
			isa = PBXGroup;
			children = (
				68AF921622A90DBE008C01EC /* Core */,
				68AF921722A90DDD008C01EC /* Modules */,
				68AF917322A90C6A008C01EC /* Info.plist */,
			);
			path = KinSDKTests;
			sourceTree = "<group>";
		};
		68AF917D22A90CDB008C01EC /* Core */ = {
			isa = PBXGroup;
			children = (
				68AF91CD22A90D44008C01EC /* blockchain */,
				68AF91C722A90D44008C01EC /* KeyStore.swift */,
				68AF91C622A90D44008C01EC /* KeyUtils.swift */,
				68AF91E522A90D45008C01EC /* KinAccount.swift */,
				68AF91E622A90D45008C01EC /* KinAccounts.swift */,
				68AF91C822A90D44008C01EC /* KinClient.swift */,
				68AF91C922A90D44008C01EC /* KinError.swift */,
				68AF91CA22A90D44008C01EC /* KinTypes.swift */,
				68AF91E722A90D45008C01EC /* Network.swift */,
				68AF91E822A90D45008C01EC /* Utilities */,
				68AF91CB22A90D44008C01EC /* Watchers.swift */,
			);
			path = Core;
			sourceTree = "<group>";
		};
		68AF917E22A90CE1008C01EC /* Modules */ = {
			isa = PBXGroup;
			children = (
				68AF938822A9338F008C01EC /* BackupRestore */,
			);
			path = Modules;
			sourceTree = "<group>";
		};
		68AF917F22A90CE8008C01EC /* ThirdParty */ = {
			isa = PBXGroup;
			children = (
				68AF929C22A92256008C01EC /* keychain-swift */,
				68AF921822A90E38008C01EC /* SHA256.swift */,
			);
			path = ThirdParty;
			sourceTree = "<group>";
		};
		68AF91CD22A90D44008C01EC /* blockchain */ = {
			isa = PBXGroup;
			children = (
				68AF91CE22A90D44008C01EC /* StellarErrors.swift */,
				68AF91CF22A90D44008C01EC /* types */,
				68AF91D722A90D44008C01EC /* Stellar.swift */,
				68AF91D822A90D44008C01EC /* StellarResults.swift */,
				68AF91DA22A90D44008C01EC /* StellarOps.swift */,
				68AF91DB22A90D44008C01EC /* BCKeyUtils.swift */,
				68AF91DC22A90D44008C01EC /* HorizonResponses.swift */,
				68AF91DD22A90D44008C01EC /* Errors.swift */,
				68AF91DE22A90D44008C01EC /* TxBuilder.swift */,
				68AF91DF22A90D44008C01EC /* StellarEventSource.swift */,
				68AF91E022A90D44008C01EC /* Data+extensions.swift */,
				68AF91E122A90D44008C01EC /* Watches.swift */,
				68AF91E222A90D44008C01EC /* XDRCodable */,
				68AF91E422A90D44008C01EC /* Endpoint.swift */,
			);
			path = blockchain;
			sourceTree = "<group>";
		};
		68AF91CF22A90D44008C01EC /* types */ = {
			isa = PBXGroup;
			children = (
				68AF91D022A90D44008C01EC /* PublicKey.swift */,
				68AF91D122A90D44008C01EC /* WrappedData.swift */,
				68AF91D222A90D44008C01EC /* Ledger.swift */,
				68AF91D322A90D44008C01EC /* Operations.swift */,
				68AF91D522A90D44008C01EC /* Asset.swift */,
				68AF91D622A90D44008C01EC /* Operation.swift */,
				68AF91D422A90D44008C01EC /* Transaction.swift */,
				6814CA7522CA3223009388AE /* BaseTransaction.swift */,
				6814CA7722CA32CD009388AE /* PaymentTransaction.swift */,
				6814CA7922CA32F9009388AE /* RawTransaction.swift */,
				683196E422D4773200EC2DDF /* TransactionFactory.swift */,
				6814CA7B22CA349C009388AE /* WhitelistPayload.swift */,
			);
			path = types;
			sourceTree = "<group>";
		};
		68AF91E222A90D44008C01EC /* XDRCodable */ = {
			isa = PBXGroup;
			children = (
				68AF91E322A90D44008C01EC /* XDRCodable.swift */,
			);
			path = XDRCodable;
			sourceTree = "<group>";
		};
		68AF91E822A90D45008C01EC /* Utilities */ = {
			isa = PBXGroup;
			children = (
				68AF91E922A90D45008C01EC /* Bundle+Kin.swift */,
				68AF91EA22A90D45008C01EC /* Version.swift */,
			);
			path = Utilities;
			sourceTree = "<group>";
		};
		68AF921622A90DBE008C01EC /* Core */ = {
			isa = PBXGroup;
			children = (
				68AF920F22A90DA4008C01EC /* AppIdTests.swift */,
				68AF920E22A90DA4008C01EC /* KeyStoreTests.swift */,
				68AF920C22A90DA4008C01EC /* KinAccountTests.swift */,
				68AF920D22A90DA4008C01EC /* KinClientTests.swift */,
				68AF921022A90DA4008C01EC /* URLKinVersion.swift */,
				6814CA8622CB468E009388AE /* XDRTests.swift */,
			);
			path = Core;
			sourceTree = "<group>";
		};
		68AF921722A90DDD008C01EC /* Modules */ = {
			isa = PBXGroup;
			children = (
				68AF938122A9337A008C01EC /* BackupRestore */,
			);
			path = Modules;
			sourceTree = "<group>";
		};
		68AF929C22A92256008C01EC /* keychain-swift */ = {
			isa = PBXGroup;
			children = (
				68AF92C622A92256008C01EC /* KeychainSwift */,
			);
			path = "keychain-swift";
			sourceTree = "<group>";
		};
		68AF92C622A92256008C01EC /* KeychainSwift */ = {
			isa = PBXGroup;
			children = (
				68AF92C822A92256008C01EC /* KeychainSwift.swift */,
				68AF92C922A92256008C01EC /* TegKeychainConstants.swift */,
				68AF92CA22A92256008C01EC /* KeychainSwiftAccessOptions.swift */,
			);
			path = KeychainSwift;
			sourceTree = "<group>";
		};
		68AF930E22A92DCF008C01EC /* KinSDKTestsHost */ = {
			isa = PBXGroup;
			children = (
				68AF930F22A92DCF008C01EC /* AppDelegate.swift */,
				68AF931122A92DCF008C01EC /* ViewController.swift */,
				68AF931322A92DCF008C01EC /* Main.storyboard */,
				68AF931622A92DD1008C01EC /* Assets.xcassets */,
				68AF931822A92DD1008C01EC /* LaunchScreen.storyboard */,
				68AF931B22A92DD1008C01EC /* Info.plist */,
			);
			path = KinSDKTestsHost;
			sourceTree = "<group>";
		};
		68AF938122A9337A008C01EC /* BackupRestore */ = {
			isa = PBXGroup;
			children = (
				68AF938222A9337A008C01EC /* QRTests.swift */,
				68AF938322A9337A008C01EC /* PasswordTests.swift */,
				68AF938422A9337A008C01EC /* KinBackupRestoreModuleTests.swift */,
			);
			path = BackupRestore;
			sourceTree = "<group>";
		};
		68AF938822A9338F008C01EC /* BackupRestore */ = {
			isa = PBXGroup;
			children = (
				68AF938A22A9338F008C01EC /* Assets.xcassets */,
				68AF938D22A9338F008C01EC /* Extensions */,
				68AF938922A9338F008C01EC /* KinBackupRestoreBI.swift */,
				68AF938B22A9338F008C01EC /* KinBackupRestoreError.swift */,
				68AF93BC22A9338F008C01EC /* KinBackupRestoreManager.swift */,
				68AF938C22A9338F008C01EC /* Localizable.strings */,
				68AF93B922A9338F008C01EC /* Protocols */,
				68AF939522A9338F008C01EC /* Utilities */,
				68AF939A22A9338F008C01EC /* Views */,
			);
			path = BackupRestore;
			sourceTree = "<group>";
		};
		68AF938D22A9338F008C01EC /* Extensions */ = {
			isa = PBXGroup;
			children = (
				68AF938E22A9338F008C01EC /* Notification+Convenience.swift */,
				68AF938F22A9338F008C01EC /* CGGeometry+Appearance.swift */,
				68AF939022A9338F008C01EC /* NSAttributedString+AttributedStrings.swift */,
				68AF939122A9338F008C01EC /* UIFont+PreferredFont.swift */,
				68AF939222A9338F008C01EC /* Bundle+BackupRestore.swift */,
				68AF939322A9338F008C01EC /* UIColor+Appearance.swift */,
				68AF939422A9338F008C01EC /* String+Localization.swift */,
			);
			path = Extensions;
			sourceTree = "<group>";
		};
		68AF939522A9338F008C01EC /* Utilities */ = {
			isa = PBXGroup;
			children = (
				68AF939622A9338F008C01EC /* Password.swift */,
				68AF939722A9338F008C01EC /* QR.swift */,
				68AF939822A9338F008C01EC /* Appearance.swift */,
			);
			path = Utilities;
			sourceTree = "<group>";
		};
		68AF939A22A9338F008C01EC /* Views */ = {
			isa = PBXGroup;
			children = (
				68AF939B22A9338F008C01EC /* BackupCompletedViewController.swift */,
				68AF939C22A9338F008C01EC /* PasswordTextField.swift */,
				68AF939D22A9338F008C01EC /* FlowController */,
				68AF93A122A9338F008C01EC /* CheckboxImageView.swift */,
				68AF93A222A9338F008C01EC /* Animations.swift */,
				68AF93A322A9338F008C01EC /* KeyboardAdjustingScrollView.swift */,
				68AF93A422A9338F008C01EC /* QR */,
				68AF93A822A9338F008C01EC /* PasswordLabel.swift */,
				68AF93A922A9338F008C01EC /* Button */,
				68AF93AC22A9338F008C01EC /* PasswordEntry */,
				68AF93AF22A9338F008C01EC /* Restore */,
				68AF93B222A9338F008C01EC /* KinViewController.swift */,
				68AF93B322A9338F008C01EC /* IntroViewController */,
				68AF93B622A9338F008C01EC /* ExplanationTemplate */,
			);
			path = Views;
			sourceTree = "<group>";
		};
		68AF939D22A9338F008C01EC /* FlowController */ = {
			isa = PBXGroup;
			children = (
				68AF939E22A9338F008C01EC /* BackupFlowController.swift */,
				68AF939F22A9338F008C01EC /* RestoreFlowController.swift */,
				68AF93A022A9338F008C01EC /* FlowController.swift */,
			);
			path = FlowController;
			sourceTree = "<group>";
		};
		68AF93A422A9338F008C01EC /* QR */ = {
			isa = PBXGroup;
			children = (
				68AF93A522A9338F008C01EC /* QRPickerController.swift */,
				68AF93A622A9338F008C01EC /* QRView.swift */,
				68AF93A722A9338F008C01EC /* QRViewController.swift */,
			);
			path = QR;
			sourceTree = "<group>";
		};
		68AF93A922A9338F008C01EC /* Button */ = {
			isa = PBXGroup;
			children = (
				68AF93AA22A9338F008C01EC /* RoundButton.swift */,
				68AF93AB22A9338F008C01EC /* ConfirmButton.swift */,
			);
			path = Button;
			sourceTree = "<group>";
		};
		68AF93AC22A9338F008C01EC /* PasswordEntry */ = {
			isa = PBXGroup;
			children = (
				68AF93AD22A9338F008C01EC /* PasswordEntryView.swift */,
				68AF93AE22A9338F008C01EC /* PasswordEntryViewController.swift */,
			);
			path = PasswordEntry;
			sourceTree = "<group>";
		};
		68AF93AF22A9338F008C01EC /* Restore */ = {
			isa = PBXGroup;
			children = (
				68AF93B022A9338F008C01EC /* RestoreView.swift */,
				68AF93B122A9338F008C01EC /* RestoreViewController.swift */,
			);
			path = Restore;
			sourceTree = "<group>";
		};
		68AF93B322A9338F008C01EC /* IntroViewController */ = {
			isa = PBXGroup;
			children = (
				68AF93B422A9338F008C01EC /* BackupIntroViewController.swift */,
				68AF93B522A9338F008C01EC /* RestoreIntroViewController.swift */,
			);
			path = IntroViewController;
			sourceTree = "<group>";
		};
		68AF93B622A9338F008C01EC /* ExplanationTemplate */ = {
			isa = PBXGroup;
			children = (
				68AF93B722A9338F008C01EC /* ExplanationTemplateViewController.swift */,
				68AF93B822A9338F008C01EC /* ExplanationTemplateView.swift */,
			);
			path = ExplanationTemplate;
			sourceTree = "<group>";
		};
		68AF93B922A9338F008C01EC /* Protocols */ = {
			isa = PBXGroup;
			children = (
				68AF93BA22A9338F008C01EC /* LifeCycleProtocol.swift */,
			);
			path = Protocols;
			sourceTree = "<group>";
		};
		8CFC9EABEF572A575B5B0692 /* Pods */ = {
			isa = PBXGroup;
			children = (
				4CE03B48AAEAD0EB021F3DCF /* Pods-Dependencies-KinSDK.debug.xcconfig */,
				0B62FA26E75E1A6B3DF0256E /* Pods-Dependencies-KinSDK.release.xcconfig */,
				32710DB8172136A6BC73196A /* Pods-Dependencies-KinSDK-KinSDKTests.debug.xcconfig */,
				90F09DEFC60C5742C03452EB /* Pods-Dependencies-KinSDK-KinSDKTests.release.xcconfig */,
			);
			name = Pods;
			path = ../Pods;
			sourceTree = "<group>";
		};
/* End PBXGroup section */

/* Begin PBXHeadersBuildPhase section */
		68AF915E22A90C6A008C01EC /* Headers */ = {
			isa = PBXHeadersBuildPhase;
			buildActionMask = 2147483647;
			files = (
				68AF917422A90C6A008C01EC /* KinSDK.h in Headers */,
			);
			runOnlyForDeploymentPostprocessing = 0;
		};
/* End PBXHeadersBuildPhase section */

/* Begin PBXNativeTarget section */
		68AF916222A90C6A008C01EC /* KinSDK */ = {
			isa = PBXNativeTarget;
			buildConfigurationList = 68AF917722A90C6A008C01EC /* Build configuration list for PBXNativeTarget "KinSDK" */;
			buildPhases = (
				B928311A73BC7468F1DEF76E /* [CP] Check Pods Manifest.lock */,
				68AF915E22A90C6A008C01EC /* Headers */,
				68AF915F22A90C6A008C01EC /* Sources */,
				68AF916022A90C6A008C01EC /* Frameworks */,
				68AF916122A90C6A008C01EC /* Resources */,
			);
			buildRules = (
			);
			dependencies = (
			);
			name = KinSDK;
			productName = KinSDK;
			productReference = 68AF916322A90C6A008C01EC /* KinSDK.framework */;
			productType = "com.apple.product-type.framework";
		};
		68AF916B22A90C6A008C01EC /* KinSDKTests */ = {
			isa = PBXNativeTarget;
			buildConfigurationList = 68AF917A22A90C6A008C01EC /* Build configuration list for PBXNativeTarget "KinSDKTests" */;
			buildPhases = (
				2A4B1DE395AABD29D1FAC665 /* [CP] Check Pods Manifest.lock */,
				68AF916822A90C6A008C01EC /* Sources */,
				68AF916922A90C6A008C01EC /* Frameworks */,
				68AF916A22A90C6A008C01EC /* Resources */,
				F94849A89957B7F1E0A0D84D /* [CP] Embed Pods Frameworks */,
			);
			buildRules = (
			);
			dependencies = (
				68AF916F22A90C6A008C01EC /* PBXTargetDependency */,
				68AF932022A92DF2008C01EC /* PBXTargetDependency */,
			);
			name = KinSDKTests;
			productName = KinSDKTests;
			productReference = 68AF916C22A90C6A008C01EC /* KinSDKTests.xctest */;
			productType = "com.apple.product-type.bundle.unit-test";
		};
		68AF930C22A92DCF008C01EC /* KinSDKTestsHost */ = {
			isa = PBXNativeTarget;
			buildConfigurationList = 68AF931E22A92DD1008C01EC /* Build configuration list for PBXNativeTarget "KinSDKTestsHost" */;
			buildPhases = (
				68AF930922A92DCF008C01EC /* Sources */,
				68AF930A22A92DCF008C01EC /* Frameworks */,
				68AF930B22A92DCF008C01EC /* Resources */,
			);
			buildRules = (
			);
			dependencies = (
			);
			name = KinSDKTestsHost;
			productName = KinSDKTestsHost;
			productReference = 68AF930D22A92DCF008C01EC /* KinSDKTestsHost.app */;
			productType = "com.apple.product-type.application";
		};
/* End PBXNativeTarget section */

/* Begin PBXProject section */
		68AF915A22A90C6A008C01EC /* Project object */ = {
			isa = PBXProject;
			attributes = {
				LastSwiftUpdateCheck = 1020;
				LastUpgradeCheck = 1020;
				ORGANIZATIONNAME = "Kin Foundation";
				TargetAttributes = {
					68AF916222A90C6A008C01EC = {
						CreatedOnToolsVersion = 10.2.1;
						LastSwiftMigration = 1020;
					};
					68AF916B22A90C6A008C01EC = {
						CreatedOnToolsVersion = 10.2.1;
						LastSwiftMigration = 1020;
						TestTargetID = 68AF930C22A92DCF008C01EC;
					};
					68AF930C22A92DCF008C01EC = {
						CreatedOnToolsVersion = 10.2.1;
					};
				};
			};
			buildConfigurationList = 68AF915D22A90C6A008C01EC /* Build configuration list for PBXProject "KinSDK" */;
			compatibilityVersion = "Xcode 9.3";
			developmentRegion = en;
			hasScannedForEncodings = 0;
			knownRegions = (
				en,
				Base,
			);
			mainGroup = 68AF915922A90C6A008C01EC;
			productRefGroup = 68AF916422A90C6A008C01EC /* Products */;
			projectDirPath = "";
			projectRoot = "";
			targets = (
				68AF916222A90C6A008C01EC /* KinSDK */,
				68AF916B22A90C6A008C01EC /* KinSDKTests */,
				68AF930C22A92DCF008C01EC /* KinSDKTestsHost */,
			);
		};
/* End PBXProject section */

/* Begin PBXResourcesBuildPhase section */
		68AF916122A90C6A008C01EC /* Resources */ = {
			isa = PBXResourcesBuildPhase;
			buildActionMask = 2147483647;
			files = (
				68AF93BE22A9338F008C01EC /* Assets.xcassets in Resources */,
				68AF93C022A9338F008C01EC /* Localizable.strings in Resources */,
			);
			runOnlyForDeploymentPostprocessing = 0;
		};
		68AF916A22A90C6A008C01EC /* Resources */ = {
			isa = PBXResourcesBuildPhase;
			buildActionMask = 2147483647;
			files = (
			);
			runOnlyForDeploymentPostprocessing = 0;
		};
		68AF930B22A92DCF008C01EC /* Resources */ = {
			isa = PBXResourcesBuildPhase;
			buildActionMask = 2147483647;
			files = (
				68AF931A22A92DD1008C01EC /* LaunchScreen.storyboard in Resources */,
				68AF931722A92DD1008C01EC /* Assets.xcassets in Resources */,
				68AF931522A92DCF008C01EC /* Main.storyboard in Resources */,
			);
			runOnlyForDeploymentPostprocessing = 0;
		};
/* End PBXResourcesBuildPhase section */

/* Begin PBXShellScriptBuildPhase section */
		2A4B1DE395AABD29D1FAC665 /* [CP] Check Pods Manifest.lock */ = {
			isa = PBXShellScriptBuildPhase;
			buildActionMask = 2147483647;
			files = (
			);
			inputFileListPaths = (
			);
			inputPaths = (
				"${PODS_PODFILE_DIR_PATH}/Podfile.lock",
				"${PODS_ROOT}/Manifest.lock",
			);
			name = "[CP] Check Pods Manifest.lock";
			outputFileListPaths = (
			);
			outputPaths = (
				"$(DERIVED_FILE_DIR)/Pods-Dependencies-KinSDK-KinSDKTests-checkManifestLockResult.txt",
			);
			runOnlyForDeploymentPostprocessing = 0;
			shellPath = /bin/sh;
			shellScript = "diff \"${PODS_PODFILE_DIR_PATH}/Podfile.lock\" \"${PODS_ROOT}/Manifest.lock\" > /dev/null\nif [ $? != 0 ] ; then\n    # print error to STDERR\n    echo \"error: The sandbox is not in sync with the Podfile.lock. Run 'pod install' or update your CocoaPods installation.\" >&2\n    exit 1\nfi\n# This output is used by Xcode 'outputs' to avoid re-running this script phase.\necho \"SUCCESS\" > \"${SCRIPT_OUTPUT_FILE_0}\"\n";
			showEnvVarsInLog = 0;
		};
		B928311A73BC7468F1DEF76E /* [CP] Check Pods Manifest.lock */ = {
			isa = PBXShellScriptBuildPhase;
			buildActionMask = 2147483647;
			files = (
			);
			inputFileListPaths = (
			);
			inputPaths = (
				"${PODS_PODFILE_DIR_PATH}/Podfile.lock",
				"${PODS_ROOT}/Manifest.lock",
			);
			name = "[CP] Check Pods Manifest.lock";
			outputFileListPaths = (
			);
			outputPaths = (
				"$(DERIVED_FILE_DIR)/Pods-Dependencies-KinSDK-checkManifestLockResult.txt",
			);
			runOnlyForDeploymentPostprocessing = 0;
			shellPath = /bin/sh;
			shellScript = "diff \"${PODS_PODFILE_DIR_PATH}/Podfile.lock\" \"${PODS_ROOT}/Manifest.lock\" > /dev/null\nif [ $? != 0 ] ; then\n    # print error to STDERR\n    echo \"error: The sandbox is not in sync with the Podfile.lock. Run 'pod install' or update your CocoaPods installation.\" >&2\n    exit 1\nfi\n# This output is used by Xcode 'outputs' to avoid re-running this script phase.\necho \"SUCCESS\" > \"${SCRIPT_OUTPUT_FILE_0}\"\n";
			showEnvVarsInLog = 0;
		};
		F94849A89957B7F1E0A0D84D /* [CP] Embed Pods Frameworks */ = {
			isa = PBXShellScriptBuildPhase;
			buildActionMask = 2147483647;
			files = (
			);
			inputFileListPaths = (
				"${PODS_ROOT}/Target Support Files/Pods-Dependencies-KinSDK-KinSDKTests/Pods-Dependencies-KinSDK-KinSDKTests-frameworks-${CONFIGURATION}-input-files.xcfilelist",
			);
			name = "[CP] Embed Pods Frameworks";
			outputFileListPaths = (
				"${PODS_ROOT}/Target Support Files/Pods-Dependencies-KinSDK-KinSDKTests/Pods-Dependencies-KinSDK-KinSDKTests-frameworks-${CONFIGURATION}-output-files.xcfilelist",
			);
			runOnlyForDeploymentPostprocessing = 0;
			shellPath = /bin/sh;
			shellScript = "\"${PODS_ROOT}/Target Support Files/Pods-Dependencies-KinSDK-KinSDKTests/Pods-Dependencies-KinSDK-KinSDKTests-frameworks.sh\"\n";
			showEnvVarsInLog = 0;
		};
/* End PBXShellScriptBuildPhase section */

/* Begin PBXSourcesBuildPhase section */
		68AF915F22A90C6A008C01EC /* Sources */ = {
			isa = PBXSourcesBuildPhase;
			buildActionMask = 2147483647;
			files = (
				68AF93D822A93390008C01EC /* RoundButton.swift in Sources */,
				68AF93BD22A9338F008C01EC /* KinBackupRestoreBI.swift in Sources */,
				68AF93DD22A93390008C01EC /* RestoreViewController.swift in Sources */,
				68AF93D722A93390008C01EC /* PasswordLabel.swift in Sources */,
				68AF920322A90D45008C01EC /* Data+extensions.swift in Sources */,
				68AF93C422A93390008C01EC /* UIFont+PreferredFont.swift in Sources */,
				68AF93CC22A93390008C01EC /* BackupCompletedViewController.swift in Sources */,
				68AF93D322A93390008C01EC /* KeyboardAdjustingScrollView.swift in Sources */,
				68AF93D122A93390008C01EC /* CheckboxImageView.swift in Sources */,
				68AF93D222A93390008C01EC /* Animations.swift in Sources */,
				68AF93DE22A93390008C01EC /* KinViewController.swift in Sources */,
				68AF91F422A90D45008C01EC /* WrappedData.swift in Sources */,
				68AF91F022A90D45008C01EC /* Watchers.swift in Sources */,
				68AF91F622A90D45008C01EC /* Operations.swift in Sources */,
				68AF93E322A93390008C01EC /* LifeCycleProtocol.swift in Sources */,
				68AF93D622A93390008C01EC /* QRViewController.swift in Sources */,
				68AF91F222A90D45008C01EC /* StellarErrors.swift in Sources */,
				68AF93E222A93390008C01EC /* ExplanationTemplateView.swift in Sources */,
				68AF91ED22A90D45008C01EC /* KinClient.swift in Sources */,
				68AF93C822A93390008C01EC /* Password.swift in Sources */,
				68AF920922A90D45008C01EC /* Network.swift in Sources */,
				68AF93DC22A93390008C01EC /* RestoreView.swift in Sources */,
				68AF91F522A90D45008C01EC /* Ledger.swift in Sources */,
				68AF920B22A90D45008C01EC /* Version.swift in Sources */,
				68AF930222A92256008C01EC /* KeychainSwift.swift in Sources */,
				68AF920422A90D45008C01EC /* Watches.swift in Sources */,
				68AF93DF22A93390008C01EC /* BackupIntroViewController.swift in Sources */,
				68AF91FF22A90D45008C01EC /* HorizonResponses.swift in Sources */,
				68AF91F922A90D45008C01EC /* Operation.swift in Sources */,
				68AF93CA22A93390008C01EC /* Appearance.swift in Sources */,
				6814CA9B22CB4EAC009388AE /* Transaction.swift in Sources */,
				68AF93D522A93390008C01EC /* QRView.swift in Sources */,
				68AF93C122A9338F008C01EC /* Notification+Convenience.swift in Sources */,
				68AF93BF22A9338F008C01EC /* KinBackupRestoreError.swift in Sources */,
				6814CA7A22CA32F9009388AE /* RawTransaction.swift in Sources */,
				68AF93E022A93390008C01EC /* RestoreIntroViewController.swift in Sources */,
				68AF93CD22A93390008C01EC /* PasswordTextField.swift in Sources */,
				68AF91F822A90D45008C01EC /* Asset.swift in Sources */,
				6814CA7C22CA349C009388AE /* WhitelistPayload.swift in Sources */,
				68AF93C222A93390008C01EC /* CGGeometry+Appearance.swift in Sources */,
				68AF920622A90D45008C01EC /* Endpoint.swift in Sources */,
				68AF920122A90D45008C01EC /* TxBuilder.swift in Sources */,
				68AF920822A90D45008C01EC /* KinAccounts.swift in Sources */,
				68AF93D022A93390008C01EC /* FlowController.swift in Sources */,
				68AF920A22A90D45008C01EC /* Bundle+Kin.swift in Sources */,
				68AF93D922A93390008C01EC /* ConfirmButton.swift in Sources */,
				68AF91EF22A90D45008C01EC /* KinTypes.swift in Sources */,
				68AF91EE22A90D45008C01EC /* KinError.swift in Sources */,
				68AF93D422A93390008C01EC /* QRPickerController.swift in Sources */,
				68AF930322A92256008C01EC /* TegKeychainConstants.swift in Sources */,
				68AF91EB22A90D45008C01EC /* KeyUtils.swift in Sources */,
				68AF93E522A93390008C01EC /* KinBackupRestoreManager.swift in Sources */,
				68AF91FB22A90D45008C01EC /* StellarResults.swift in Sources */,
				68AF91F322A90D45008C01EC /* PublicKey.swift in Sources */,
				68AF91FD22A90D45008C01EC /* StellarOps.swift in Sources */,
				68AF93C322A93390008C01EC /* NSAttributedString+AttributedStrings.swift in Sources */,
				68AF920022A90D45008C01EC /* Errors.swift in Sources */,
				68AF93C722A93390008C01EC /* String+Localization.swift in Sources */,
				68AF93DA22A93390008C01EC /* PasswordEntryView.swift in Sources */,
				6814CA7822CA32CD009388AE /* PaymentTransaction.swift in Sources */,
				68AF91EC22A90D45008C01EC /* KeyStore.swift in Sources */,
				68AF93C922A93390008C01EC /* QR.swift in Sources */,
				68AF93C522A93390008C01EC /* Bundle+BackupRestore.swift in Sources */,
				68AF93CE22A93390008C01EC /* BackupFlowController.swift in Sources */,
				68AF93C622A93390008C01EC /* UIColor+Appearance.swift in Sources */,
				68AF930422A92256008C01EC /* KeychainSwiftAccessOptions.swift in Sources */,
				68AF93DB22A93390008C01EC /* PasswordEntryViewController.swift in Sources */,
				68AF921922A90E38008C01EC /* SHA256.swift in Sources */,
				68AF93E122A93390008C01EC /* ExplanationTemplateViewController.swift in Sources */,
				68AF920722A90D45008C01EC /* KinAccount.swift in Sources */,
				68AF920222A90D45008C01EC /* StellarEventSource.swift in Sources */,
				68AF93CF22A93390008C01EC /* RestoreFlowController.swift in Sources */,
				68AF91FE22A90D45008C01EC /* BCKeyUtils.swift in Sources */,
				68AF920522A90D45008C01EC /* XDRCodable.swift in Sources */,
				68AF91FA22A90D45008C01EC /* Stellar.swift in Sources */,
				683196E522D4773200EC2DDF /* TransactionFactory.swift in Sources */,
				6814CA7622CA3223009388AE /* BaseTransaction.swift in Sources */,
			);
			runOnlyForDeploymentPostprocessing = 0;
		};
		68AF916822A90C6A008C01EC /* Sources */ = {
			isa = PBXSourcesBuildPhase;
			buildActionMask = 2147483647;
			files = (
				68AF921422A90DA4008C01EC /* AppIdTests.swift in Sources */,
				68AF921122A90DA4008C01EC /* KinAccountTests.swift in Sources */,
				68AF938622A9337A008C01EC /* PasswordTests.swift in Sources */,
				68AF938722A9337A008C01EC /* KinBackupRestoreModuleTests.swift in Sources */,
				68AF921522A90DA4008C01EC /* URLKinVersion.swift in Sources */,
				6814CA8E22CB468E009388AE /* XDRTests.swift in Sources */,
				68AF921322A90DA4008C01EC /* KeyStoreTests.swift in Sources */,
				68AF938522A9337A008C01EC /* QRTests.swift in Sources */,
				68AF921222A90DA4008C01EC /* KinClientTests.swift in Sources */,
			);
			runOnlyForDeploymentPostprocessing = 0;
		};
		68AF930922A92DCF008C01EC /* Sources */ = {
			isa = PBXSourcesBuildPhase;
			buildActionMask = 2147483647;
			files = (
				68AF931222A92DCF008C01EC /* ViewController.swift in Sources */,
				68AF931022A92DCF008C01EC /* AppDelegate.swift in Sources */,
			);
			runOnlyForDeploymentPostprocessing = 0;
		};
/* End PBXSourcesBuildPhase section */

/* Begin PBXTargetDependency section */
		68AF916F22A90C6A008C01EC /* PBXTargetDependency */ = {
			isa = PBXTargetDependency;
			target = 68AF916222A90C6A008C01EC /* KinSDK */;
			targetProxy = 68AF916E22A90C6A008C01EC /* PBXContainerItemProxy */;
		};
		68AF932022A92DF2008C01EC /* PBXTargetDependency */ = {
			isa = PBXTargetDependency;
			target = 68AF930C22A92DCF008C01EC /* KinSDKTestsHost */;
			targetProxy = 68AF931F22A92DF2008C01EC /* PBXContainerItemProxy */;
		};
/* End PBXTargetDependency section */

/* Begin PBXVariantGroup section */
		68AF931322A92DCF008C01EC /* Main.storyboard */ = {
			isa = PBXVariantGroup;
			children = (
				68AF931422A92DCF008C01EC /* Base */,
			);
			name = Main.storyboard;
			sourceTree = "<group>";
		};
		68AF931822A92DD1008C01EC /* LaunchScreen.storyboard */ = {
			isa = PBXVariantGroup;
			children = (
				68AF931922A92DD1008C01EC /* Base */,
			);
			name = LaunchScreen.storyboard;
			sourceTree = "<group>";
		};
/* End PBXVariantGroup section */

/* Begin XCBuildConfiguration section */
		68AF917522A90C6A008C01EC /* Debug */ = {
			isa = XCBuildConfiguration;
			buildSettings = {
				ALWAYS_SEARCH_USER_PATHS = NO;
				CLANG_ANALYZER_NONNULL = YES;
				CLANG_ANALYZER_NUMBER_OBJECT_CONVERSION = YES_AGGRESSIVE;
				CLANG_CXX_LANGUAGE_STANDARD = "gnu++14";
				CLANG_CXX_LIBRARY = "libc++";
				CLANG_ENABLE_MODULES = YES;
				CLANG_ENABLE_OBJC_ARC = YES;
				CLANG_ENABLE_OBJC_WEAK = YES;
				CLANG_WARN_BLOCK_CAPTURE_AUTORELEASING = YES;
				CLANG_WARN_BOOL_CONVERSION = YES;
				CLANG_WARN_COMMA = YES;
				CLANG_WARN_CONSTANT_CONVERSION = YES;
				CLANG_WARN_DEPRECATED_OBJC_IMPLEMENTATIONS = YES;
				CLANG_WARN_DIRECT_OBJC_ISA_USAGE = YES_ERROR;
				CLANG_WARN_DOCUMENTATION_COMMENTS = YES;
				CLANG_WARN_EMPTY_BODY = YES;
				CLANG_WARN_ENUM_CONVERSION = YES;
				CLANG_WARN_INFINITE_RECURSION = YES;
				CLANG_WARN_INT_CONVERSION = YES;
				CLANG_WARN_NON_LITERAL_NULL_CONVERSION = YES;
				CLANG_WARN_OBJC_IMPLICIT_RETAIN_SELF = YES;
				CLANG_WARN_OBJC_LITERAL_CONVERSION = YES;
				CLANG_WARN_OBJC_ROOT_CLASS = YES_ERROR;
				CLANG_WARN_RANGE_LOOP_ANALYSIS = YES;
				CLANG_WARN_STRICT_PROTOTYPES = YES;
				CLANG_WARN_SUSPICIOUS_MOVE = YES;
				CLANG_WARN_UNGUARDED_AVAILABILITY = YES_AGGRESSIVE;
				CLANG_WARN_UNREACHABLE_CODE = YES;
				CLANG_WARN__DUPLICATE_METHOD_MATCH = YES;
				CODE_SIGN_IDENTITY = "iPhone Developer";
				COPY_PHASE_STRIP = NO;
				CURRENT_PROJECT_VERSION = 1;
				DEBUG_INFORMATION_FORMAT = dwarf;
				ENABLE_STRICT_OBJC_MSGSEND = YES;
				ENABLE_TESTABILITY = YES;
				GCC_C_LANGUAGE_STANDARD = gnu11;
				GCC_DYNAMIC_NO_PIC = NO;
				GCC_NO_COMMON_BLOCKS = YES;
				GCC_OPTIMIZATION_LEVEL = 0;
				GCC_PREPROCESSOR_DEFINITIONS = (
					"DEBUG=1",
					"$(inherited)",
				);
				GCC_WARN_64_TO_32_BIT_CONVERSION = YES;
				GCC_WARN_ABOUT_RETURN_TYPE = YES_ERROR;
				GCC_WARN_UNDECLARED_SELECTOR = YES;
				GCC_WARN_UNINITIALIZED_AUTOS = YES_AGGRESSIVE;
				GCC_WARN_UNUSED_FUNCTION = YES;
				GCC_WARN_UNUSED_VARIABLE = YES;
				IPHONEOS_DEPLOYMENT_TARGET = 12.2;
				MTL_ENABLE_DEBUG_INFO = INCLUDE_SOURCE;
				MTL_FAST_MATH = YES;
				ONLY_ACTIVE_ARCH = YES;
				SDKROOT = iphoneos;
				SWIFT_ACTIVE_COMPILATION_CONDITIONS = DEBUG;
				SWIFT_OPTIMIZATION_LEVEL = "-Onone";
				VERSIONING_SYSTEM = "apple-generic";
				VERSION_INFO_PREFIX = "";
			};
			name = Debug;
		};
		68AF917622A90C6A008C01EC /* Release */ = {
			isa = XCBuildConfiguration;
			buildSettings = {
				ALWAYS_SEARCH_USER_PATHS = NO;
				CLANG_ANALYZER_NONNULL = YES;
				CLANG_ANALYZER_NUMBER_OBJECT_CONVERSION = YES_AGGRESSIVE;
				CLANG_CXX_LANGUAGE_STANDARD = "gnu++14";
				CLANG_CXX_LIBRARY = "libc++";
				CLANG_ENABLE_MODULES = YES;
				CLANG_ENABLE_OBJC_ARC = YES;
				CLANG_ENABLE_OBJC_WEAK = YES;
				CLANG_WARN_BLOCK_CAPTURE_AUTORELEASING = YES;
				CLANG_WARN_BOOL_CONVERSION = YES;
				CLANG_WARN_COMMA = YES;
				CLANG_WARN_CONSTANT_CONVERSION = YES;
				CLANG_WARN_DEPRECATED_OBJC_IMPLEMENTATIONS = YES;
				CLANG_WARN_DIRECT_OBJC_ISA_USAGE = YES_ERROR;
				CLANG_WARN_DOCUMENTATION_COMMENTS = YES;
				CLANG_WARN_EMPTY_BODY = YES;
				CLANG_WARN_ENUM_CONVERSION = YES;
				CLANG_WARN_INFINITE_RECURSION = YES;
				CLANG_WARN_INT_CONVERSION = YES;
				CLANG_WARN_NON_LITERAL_NULL_CONVERSION = YES;
				CLANG_WARN_OBJC_IMPLICIT_RETAIN_SELF = YES;
				CLANG_WARN_OBJC_LITERAL_CONVERSION = YES;
				CLANG_WARN_OBJC_ROOT_CLASS = YES_ERROR;
				CLANG_WARN_RANGE_LOOP_ANALYSIS = YES;
				CLANG_WARN_STRICT_PROTOTYPES = YES;
				CLANG_WARN_SUSPICIOUS_MOVE = YES;
				CLANG_WARN_UNGUARDED_AVAILABILITY = YES_AGGRESSIVE;
				CLANG_WARN_UNREACHABLE_CODE = YES;
				CLANG_WARN__DUPLICATE_METHOD_MATCH = YES;
				CODE_SIGN_IDENTITY = "iPhone Developer";
				COPY_PHASE_STRIP = NO;
				CURRENT_PROJECT_VERSION = 1;
				DEBUG_INFORMATION_FORMAT = "dwarf-with-dsym";
				ENABLE_NS_ASSERTIONS = NO;
				ENABLE_STRICT_OBJC_MSGSEND = YES;
				GCC_C_LANGUAGE_STANDARD = gnu11;
				GCC_NO_COMMON_BLOCKS = YES;
				GCC_WARN_64_TO_32_BIT_CONVERSION = YES;
				GCC_WARN_ABOUT_RETURN_TYPE = YES_ERROR;
				GCC_WARN_UNDECLARED_SELECTOR = YES;
				GCC_WARN_UNINITIALIZED_AUTOS = YES_AGGRESSIVE;
				GCC_WARN_UNUSED_FUNCTION = YES;
				GCC_WARN_UNUSED_VARIABLE = YES;
				IPHONEOS_DEPLOYMENT_TARGET = 12.2;
				MTL_ENABLE_DEBUG_INFO = NO;
				MTL_FAST_MATH = YES;
				SDKROOT = iphoneos;
				SWIFT_COMPILATION_MODE = wholemodule;
				SWIFT_OPTIMIZATION_LEVEL = "-O";
				VALIDATE_PRODUCT = YES;
				VERSIONING_SYSTEM = "apple-generic";
				VERSION_INFO_PREFIX = "";
			};
			name = Release;
		};
		68AF917822A90C6A008C01EC /* Debug */ = {
			isa = XCBuildConfiguration;
			baseConfigurationReference = 4CE03B48AAEAD0EB021F3DCF /* Pods-Dependencies-KinSDK.debug.xcconfig */;
			buildSettings = {
				CLANG_ENABLE_MODULES = YES;
				CODE_SIGN_IDENTITY = "";
				CODE_SIGN_STYLE = Automatic;
				DEFINES_MODULE = YES;
				DYLIB_COMPATIBILITY_VERSION = 1;
				DYLIB_CURRENT_VERSION = 1;
				DYLIB_INSTALL_NAME_BASE = "@rpath";
				INFOPLIST_FILE = KinSDK/Info.plist;
				INSTALL_PATH = "$(LOCAL_LIBRARY_DIR)/Frameworks";
				IPHONEOS_DEPLOYMENT_TARGET = 9;
				LD_RUNPATH_SEARCH_PATHS = (
					"$(inherited)",
					"@executable_path/Frameworks",
					"@loader_path/Frameworks",
				);
				PRODUCT_BUNDLE_IDENTIFIER = com.kinfoundation.KinSDK;
				PRODUCT_NAME = "$(TARGET_NAME:c99extidentifier)";
				SKIP_INSTALL = YES;
				SWIFT_OPTIMIZATION_LEVEL = "-Onone";
				SWIFT_VERSION = 5.0;
				TARGETED_DEVICE_FAMILY = "1,2";
			};
			name = Debug;
		};
		68AF917922A90C6A008C01EC /* Release */ = {
			isa = XCBuildConfiguration;
			baseConfigurationReference = 0B62FA26E75E1A6B3DF0256E /* Pods-Dependencies-KinSDK.release.xcconfig */;
			buildSettings = {
				CLANG_ENABLE_MODULES = YES;
				CODE_SIGN_IDENTITY = "";
				CODE_SIGN_STYLE = Automatic;
				DEFINES_MODULE = YES;
				DYLIB_COMPATIBILITY_VERSION = 1;
				DYLIB_CURRENT_VERSION = 1;
				DYLIB_INSTALL_NAME_BASE = "@rpath";
				INFOPLIST_FILE = KinSDK/Info.plist;
				INSTALL_PATH = "$(LOCAL_LIBRARY_DIR)/Frameworks";
				IPHONEOS_DEPLOYMENT_TARGET = 9;
				LD_RUNPATH_SEARCH_PATHS = (
					"$(inherited)",
					"@executable_path/Frameworks",
					"@loader_path/Frameworks",
				);
				PRODUCT_BUNDLE_IDENTIFIER = com.kinfoundation.KinSDK;
				PRODUCT_NAME = "$(TARGET_NAME:c99extidentifier)";
				SKIP_INSTALL = YES;
				SWIFT_VERSION = 5.0;
				TARGETED_DEVICE_FAMILY = "1,2";
			};
			name = Release;
		};
		68AF917B22A90C6A008C01EC /* Debug */ = {
			isa = XCBuildConfiguration;
			baseConfigurationReference = 32710DB8172136A6BC73196A /* Pods-Dependencies-KinSDK-KinSDKTests.debug.xcconfig */;
			buildSettings = {
				BUNDLE_LOADER = "$(TEST_HOST)";
				CLANG_ENABLE_MODULES = YES;
				CODE_SIGN_STYLE = Automatic;
				INFOPLIST_FILE = KinSDKTests/Info.plist;
				LD_RUNPATH_SEARCH_PATHS = (
					"$(inherited)",
					"@executable_path/Frameworks",
					"@loader_path/Frameworks",
				);
				PRODUCT_BUNDLE_IDENTIFIER = com.kinfoundation.KinSDKTests;
				PRODUCT_NAME = "$(TARGET_NAME)";
				SWIFT_OPTIMIZATION_LEVEL = "-Onone";
				SWIFT_VERSION = 5.0;
				TARGETED_DEVICE_FAMILY = "1,2";
				TEST_HOST = "$(BUILT_PRODUCTS_DIR)/KinSDKTestsHost.app/KinSDKTestsHost";
			};
			name = Debug;
		};
		68AF917C22A90C6A008C01EC /* Release */ = {
			isa = XCBuildConfiguration;
			baseConfigurationReference = 90F09DEFC60C5742C03452EB /* Pods-Dependencies-KinSDK-KinSDKTests.release.xcconfig */;
			buildSettings = {
				BUNDLE_LOADER = "$(TEST_HOST)";
				CLANG_ENABLE_MODULES = YES;
				CODE_SIGN_STYLE = Automatic;
				INFOPLIST_FILE = KinSDKTests/Info.plist;
				LD_RUNPATH_SEARCH_PATHS = (
					"$(inherited)",
					"@executable_path/Frameworks",
					"@loader_path/Frameworks",
				);
				PRODUCT_BUNDLE_IDENTIFIER = com.kinfoundation.KinSDKTests;
				PRODUCT_NAME = "$(TARGET_NAME)";
				SWIFT_VERSION = 5.0;
				TARGETED_DEVICE_FAMILY = "1,2";
				TEST_HOST = "$(BUILT_PRODUCTS_DIR)/KinSDKTestsHost.app/KinSDKTestsHost";
			};
			name = Release;
		};
		68AF931C22A92DD1008C01EC /* Debug */ = {
			isa = XCBuildConfiguration;
			buildSettings = {
				ASSETCATALOG_COMPILER_APPICON_NAME = AppIcon;
				CODE_SIGN_STYLE = Automatic;
				INFOPLIST_FILE = KinSDKTestsHost/Info.plist;
				LD_RUNPATH_SEARCH_PATHS = (
					"$(inherited)",
					"@executable_path/Frameworks",
				);
				PRODUCT_BUNDLE_IDENTIFIER = com.kinfoundation.KinSDKTestsHost;
				PRODUCT_NAME = "$(TARGET_NAME)";
				SWIFT_VERSION = 5.0;
				TARGETED_DEVICE_FAMILY = "1,2";
			};
			name = Debug;
		};
		68AF931D22A92DD1008C01EC /* Release */ = {
			isa = XCBuildConfiguration;
			buildSettings = {
				ASSETCATALOG_COMPILER_APPICON_NAME = AppIcon;
				CODE_SIGN_STYLE = Automatic;
				INFOPLIST_FILE = KinSDKTestsHost/Info.plist;
				LD_RUNPATH_SEARCH_PATHS = (
					"$(inherited)",
					"@executable_path/Frameworks",
				);
				PRODUCT_BUNDLE_IDENTIFIER = com.kinfoundation.KinSDKTestsHost;
				PRODUCT_NAME = "$(TARGET_NAME)";
				SWIFT_VERSION = 5.0;
				TARGETED_DEVICE_FAMILY = "1,2";
			};
			name = Release;
		};
/* End XCBuildConfiguration section */

/* Begin XCConfigurationList section */
		68AF915D22A90C6A008C01EC /* Build configuration list for PBXProject "KinSDK" */ = {
			isa = XCConfigurationList;
			buildConfigurations = (
				68AF917522A90C6A008C01EC /* Debug */,
				68AF917622A90C6A008C01EC /* Release */,
			);
			defaultConfigurationIsVisible = 0;
			defaultConfigurationName = Release;
		};
		68AF917722A90C6A008C01EC /* Build configuration list for PBXNativeTarget "KinSDK" */ = {
			isa = XCConfigurationList;
			buildConfigurations = (
				68AF917822A90C6A008C01EC /* Debug */,
				68AF917922A90C6A008C01EC /* Release */,
			);
			defaultConfigurationIsVisible = 0;
			defaultConfigurationName = Release;
		};
		68AF917A22A90C6A008C01EC /* Build configuration list for PBXNativeTarget "KinSDKTests" */ = {
			isa = XCConfigurationList;
			buildConfigurations = (
				68AF917B22A90C6A008C01EC /* Debug */,
				68AF917C22A90C6A008C01EC /* Release */,
			);
			defaultConfigurationIsVisible = 0;
			defaultConfigurationName = Release;
		};
		68AF931E22A92DD1008C01EC /* Build configuration list for PBXNativeTarget "KinSDKTestsHost" */ = {
			isa = XCConfigurationList;
			buildConfigurations = (
				68AF931C22A92DD1008C01EC /* Debug */,
				68AF931D22A92DD1008C01EC /* Release */,
			);
			defaultConfigurationIsVisible = 0;
			defaultConfigurationName = Release;
		};
/* End XCConfigurationList section */
	};
	rootObject = 68AF915A22A90C6A008C01EC /* Project object */;
}
