// !$*UTF8*$!
{
	archiveVersion = 1;
	classes = {
	};
	objectVersion = 50;
	objects = {

/* Begin PBXBuildFile section */
		68319E8922DC62AA00EC2DDF /* KeyUtils.swift in Sources */ = {isa = PBXBuildFile; fileRef = 68319E6122DC62AA00EC2DDF /* KeyUtils.swift */; };
		68319E8A22DC62AA00EC2DDF /* KeyStore.swift in Sources */ = {isa = PBXBuildFile; fileRef = 68319E6222DC62AA00EC2DDF /* KeyStore.swift */; };
		68319E8B22DC62AA00EC2DDF /* Network.swift in Sources */ = {isa = PBXBuildFile; fileRef = 68319E6322DC62AA00EC2DDF /* Network.swift */; };
		68319E8C22DC62AA00EC2DDF /* KinError.swift in Sources */ = {isa = PBXBuildFile; fileRef = 68319E6422DC62AA00EC2DDF /* KinError.swift */; };
		68319E8D22DC62AA00EC2DDF /* KinAccount.swift in Sources */ = {isa = PBXBuildFile; fileRef = 68319E6522DC62AA00EC2DDF /* KinAccount.swift */; };
		68319E8E22DC62AA00EC2DDF /* Watchers.swift in Sources */ = {isa = PBXBuildFile; fileRef = 68319E6622DC62AA00EC2DDF /* Watchers.swift */; };
		68319E8F22DC62AA00EC2DDF /* Bundle+Kin.swift in Sources */ = {isa = PBXBuildFile; fileRef = 68319E6822DC62AA00EC2DDF /* Bundle+Kin.swift */; };
		68319E9022DC62AA00EC2DDF /* Version.swift in Sources */ = {isa = PBXBuildFile; fileRef = 68319E6922DC62AA00EC2DDF /* Version.swift */; };
		68319E9122DC62AA00EC2DDF /* StellarErrors.swift in Sources */ = {isa = PBXBuildFile; fileRef = 68319E6B22DC62AA00EC2DDF /* StellarErrors.swift */; };
		68319E9222DC62AA00EC2DDF /* PublicKey.swift in Sources */ = {isa = PBXBuildFile; fileRef = 68319E6D22DC62AA00EC2DDF /* PublicKey.swift */; };
		68319E9322DC62AA00EC2DDF /* PaymentTransaction.swift in Sources */ = {isa = PBXBuildFile; fileRef = 68319E6E22DC62AA00EC2DDF /* PaymentTransaction.swift */; };
		68319E9422DC62AA00EC2DDF /* WhitelistPayload.swift in Sources */ = {isa = PBXBuildFile; fileRef = 68319E6F22DC62AA00EC2DDF /* WhitelistPayload.swift */; };
		68319E9522DC62AA00EC2DDF /* WrappedData.swift in Sources */ = {isa = PBXBuildFile; fileRef = 68319E7022DC62AA00EC2DDF /* WrappedData.swift */; };
		68319E9622DC62AA00EC2DDF /* TransactionFactory.swift in Sources */ = {isa = PBXBuildFile; fileRef = 68319E7122DC62AA00EC2DDF /* TransactionFactory.swift */; };
		68319E9722DC62AA00EC2DDF /* Ledger.swift in Sources */ = {isa = PBXBuildFile; fileRef = 68319E7222DC62AA00EC2DDF /* Ledger.swift */; };
		68319E9822DC62AA00EC2DDF /* Operations.swift in Sources */ = {isa = PBXBuildFile; fileRef = 68319E7322DC62AA00EC2DDF /* Operations.swift */; };
		68319E9922DC62AA00EC2DDF /* BaseTransaction.swift in Sources */ = {isa = PBXBuildFile; fileRef = 68319E7422DC62AA00EC2DDF /* BaseTransaction.swift */; };
		68319E9A22DC62AA00EC2DDF /* RawTransaction.swift in Sources */ = {isa = PBXBuildFile; fileRef = 68319E7522DC62AA00EC2DDF /* RawTransaction.swift */; };
		68319E9B22DC62AA00EC2DDF /* Transaction.swift in Sources */ = {isa = PBXBuildFile; fileRef = 68319E7622DC62AA00EC2DDF /* Transaction.swift */; };
		68319E9C22DC62AA00EC2DDF /* Asset.swift in Sources */ = {isa = PBXBuildFile; fileRef = 68319E7722DC62AA00EC2DDF /* Asset.swift */; };
		68319E9D22DC62AA00EC2DDF /* Operation.swift in Sources */ = {isa = PBXBuildFile; fileRef = 68319E7822DC62AA00EC2DDF /* Operation.swift */; };
		68319E9E22DC62AA00EC2DDF /* Stellar.swift in Sources */ = {isa = PBXBuildFile; fileRef = 68319E7922DC62AA00EC2DDF /* Stellar.swift */; };
		68319E9F22DC62AA00EC2DDF /* StellarResults.swift in Sources */ = {isa = PBXBuildFile; fileRef = 68319E7A22DC62AA00EC2DDF /* StellarResults.swift */; };
		68319EA022DC62AA00EC2DDF /* StellarOps.swift in Sources */ = {isa = PBXBuildFile; fileRef = 68319E7B22DC62AA00EC2DDF /* StellarOps.swift */; };
		68319EA122DC62AA00EC2DDF /* BCKeyUtils.swift in Sources */ = {isa = PBXBuildFile; fileRef = 68319E7C22DC62AA00EC2DDF /* BCKeyUtils.swift */; };
		68319EA222DC62AA00EC2DDF /* HorizonResponses.swift in Sources */ = {isa = PBXBuildFile; fileRef = 68319E7D22DC62AA00EC2DDF /* HorizonResponses.swift */; };
		68319EA322DC62AA00EC2DDF /* Errors.swift in Sources */ = {isa = PBXBuildFile; fileRef = 68319E7E22DC62AA00EC2DDF /* Errors.swift */; };
		68319EA422DC62AA00EC2DDF /* TxBuilder.swift in Sources */ = {isa = PBXBuildFile; fileRef = 68319E7F22DC62AA00EC2DDF /* TxBuilder.swift */; };
		68319EA522DC62AA00EC2DDF /* StellarEventSource.swift in Sources */ = {isa = PBXBuildFile; fileRef = 68319E8022DC62AA00EC2DDF /* StellarEventSource.swift */; };
		68319EA622DC62AA00EC2DDF /* Data+extensions.swift in Sources */ = {isa = PBXBuildFile; fileRef = 68319E8122DC62AA00EC2DDF /* Data+extensions.swift */; };
		68319EA722DC62AA00EC2DDF /* Watches.swift in Sources */ = {isa = PBXBuildFile; fileRef = 68319E8222DC62AA00EC2DDF /* Watches.swift */; };
		68319EA822DC62AA00EC2DDF /* XDRCodable.swift in Sources */ = {isa = PBXBuildFile; fileRef = 68319E8422DC62AA00EC2DDF /* XDRCodable.swift */; };
		68319EA922DC62AA00EC2DDF /* Endpoint.swift in Sources */ = {isa = PBXBuildFile; fileRef = 68319E8522DC62AA00EC2DDF /* Endpoint.swift */; };
		68319EAA22DC62AA00EC2DDF /* KinTypes.swift in Sources */ = {isa = PBXBuildFile; fileRef = 68319E8622DC62AA00EC2DDF /* KinTypes.swift */; };
		68319EAB22DC62AA00EC2DDF /* KinAccounts.swift in Sources */ = {isa = PBXBuildFile; fileRef = 68319E8722DC62AA00EC2DDF /* KinAccounts.swift */; };
		68319EAC22DC62AA00EC2DDF /* KinClient.swift in Sources */ = {isa = PBXBuildFile; fileRef = 68319E8822DC62AA00EC2DDF /* KinClient.swift */; };
		68319EB322DC62CF00EC2DDF /* KeyStoreTests.swift in Sources */ = {isa = PBXBuildFile; fileRef = 68319EAD22DC62CE00EC2DDF /* KeyStoreTests.swift */; };
		68319EB422DC62CF00EC2DDF /* KinAccountTests.swift in Sources */ = {isa = PBXBuildFile; fileRef = 68319EAE22DC62CE00EC2DDF /* KinAccountTests.swift */; };
		68319EB522DC62CF00EC2DDF /* XDRTests.swift in Sources */ = {isa = PBXBuildFile; fileRef = 68319EAF22DC62CE00EC2DDF /* XDRTests.swift */; };
		68319EB622DC62CF00EC2DDF /* KinClientTests.swift in Sources */ = {isa = PBXBuildFile; fileRef = 68319EB022DC62CE00EC2DDF /* KinClientTests.swift */; };
		68319EB722DC62CF00EC2DDF /* AppIdTests.swift in Sources */ = {isa = PBXBuildFile; fileRef = 68319EB122DC62CE00EC2DDF /* AppIdTests.swift */; };
		68319EB822DC62CF00EC2DDF /* URLKinVersion.swift in Sources */ = {isa = PBXBuildFile; fileRef = 68319EB222DC62CF00EC2DDF /* URLKinVersion.swift */; };
		6831A00522DC9C0C00EC2DDF /* SHA256.swift in Sources */ = {isa = PBXBuildFile; fileRef = 68319EE922DC9C0B00EC2DDF /* SHA256.swift */; };
		6831A0DF22DC9C6000EC2DDF /* KinUtil.framework in Frameworks */ = {isa = PBXBuildFile; fileRef = 6831A0DC22DC9C3D00EC2DDF /* KinUtil.framework */; };
		6831A0E022DC9C6400EC2DDF /* Sodium.framework in Frameworks */ = {isa = PBXBuildFile; fileRef = 6831A0C722DC9C2E00EC2DDF /* Sodium.framework */; };
		6831A10122DC9EB400EC2DDF /* KeychainSwift.h in Headers */ = {isa = PBXBuildFile; fileRef = 6831A0FC22DC9EB400EC2DDF /* KeychainSwift.h */; };
		6831A10222DC9EB400EC2DDF /* KeychainSwift.swift in Sources */ = {isa = PBXBuildFile; fileRef = 6831A0FD22DC9EB400EC2DDF /* KeychainSwift.swift */; };
		6831A10322DC9EB400EC2DDF /* TegKeychainConstants.swift in Sources */ = {isa = PBXBuildFile; fileRef = 6831A0FE22DC9EB400EC2DDF /* TegKeychainConstants.swift */; };
		6831A10422DC9EB400EC2DDF /* KeychainSwiftAccessOptions.swift in Sources */ = {isa = PBXBuildFile; fileRef = 6831A0FF22DC9EB400EC2DDF /* KeychainSwiftAccessOptions.swift */; };
		6831A2F922DDA96100EC2DDF /* Main.storyboard in Resources */ = {isa = PBXBuildFile; fileRef = 68AF931322A92DCF008C01EC /* Main.storyboard */; };
		68414F92231BD34300FDBEC0 /* AsynchronousOperation.swift in Sources */ = {isa = PBXBuildFile; fileRef = 68414F91231BD34300FDBEC0 /* AsynchronousOperation.swift */; };
		68414FA0231D35E000FDBEC0 /* AsynchronousOperationTests.swift in Sources */ = {isa = PBXBuildFile; fileRef = 68414F9F231D35E000FDBEC0 /* AsynchronousOperationTests.swift */; };
		6844DE4E22E9C19E00D0CF87 /* AccountData.swift in Sources */ = {isa = PBXBuildFile; fileRef = 6844DE4322E9C19D00D0CF87 /* AccountData.swift */; };
		6844DE5122E9C1D700D0CF87 /* AccountResponse.swift in Sources */ = {isa = PBXBuildFile; fileRef = 6844DE5022E9C1D700D0CF87 /* AccountResponse.swift */; };
		6863165C22F0724E00C71132 /* PaymentQueue.swift in Sources */ = {isa = PBXBuildFile; fileRef = 6863165B22F0724E00C71132 /* PaymentQueue.swift */; };
		6863167323018FF100C71132 /* SendTransactionParams.swift in Sources */ = {isa = PBXBuildFile; fileRef = 6863167223018FF100C71132 /* SendTransactionParams.swift */; };
		6863167F2302628A00C71132 /* TransactionInterceptor.swift in Sources */ = {isa = PBXBuildFile; fileRef = 6863167E2302628A00C71132 /* TransactionInterceptor.swift */; };
		686316812302D0B200C71132 /* TransactionProcess.swift in Sources */ = {isa = PBXBuildFile; fileRef = 686316802302D0B200C71132 /* TransactionProcess.swift */; };
		686316832303C0D500C71132 /* BatchPaymentTransaction.swift in Sources */ = {isa = PBXBuildFile; fileRef = 686316822303C0D500C71132 /* BatchPaymentTransaction.swift */; };
		686316852303DF9A00C71132 /* PaymentOperation.swift in Sources */ = {isa = PBXBuildFile; fileRef = 686316842303DF9A00C71132 /* PaymentOperation.swift */; };
		68AF916D22A90C6A008C01EC /* KinSDK.framework in Frameworks */ = {isa = PBXBuildFile; fileRef = 68AF916322A90C6A008C01EC /* KinSDK.framework */; };
		68AF917422A90C6A008C01EC /* KinSDK.h in Headers */ = {isa = PBXBuildFile; fileRef = 68AF916622A90C6A008C01EC /* KinSDK.h */; settings = {ATTRIBUTES = (Public, ); }; };
		68AF931022A92DCF008C01EC /* AppDelegate.swift in Sources */ = {isa = PBXBuildFile; fileRef = 68AF930F22A92DCF008C01EC /* AppDelegate.swift */; };
		68AF931222A92DCF008C01EC /* ViewController.swift in Sources */ = {isa = PBXBuildFile; fileRef = 68AF931122A92DCF008C01EC /* ViewController.swift */; };
		68AF931722A92DD1008C01EC /* Assets.xcassets in Resources */ = {isa = PBXBuildFile; fileRef = 68AF931622A92DD1008C01EC /* Assets.xcassets */; };
		68AF931A22A92DD1008C01EC /* LaunchScreen.storyboard in Resources */ = {isa = PBXBuildFile; fileRef = 68AF931822A92DD1008C01EC /* LaunchScreen.storyboard */; };
		68F1A6C6230BC80600DCADA2 /* Assets.swift in Sources */ = {isa = PBXBuildFile; fileRef = 68F1A6C5230BC80600DCADA2 /* Assets.swift */; };
		68F1A6C8230C1BBC00DCADA2 /* AssetTests.swift in Sources */ = {isa = PBXBuildFile; fileRef = 68F1A6C7230C1BBC00DCADA2 /* AssetTests.swift */; };
		68F1A6CA230E6A5900DCADA2 /* SendTransactionOperation.swift in Sources */ = {isa = PBXBuildFile; fileRef = 68F1A6C9230E6A5900DCADA2 /* SendTransactionOperation.swift */; };
		68F1A6CC230E768C00DCADA2 /* TransactionTasksQueueTests.swift in Sources */ = {isa = PBXBuildFile; fileRef = 68F1A6CB230E768C00DCADA2 /* TransactionTasksQueueTests.swift */; };
		68F38BFF23053C880013DBD1 /* PaymentsQueueManager.swift in Sources */ = {isa = PBXBuildFile; fileRef = 68F38BFE23053C880013DBD1 /* PaymentsQueueManager.swift */; };
		68F38C0B230559100013DBD1 /* PendingPayment.swift in Sources */ = {isa = PBXBuildFile; fileRef = 68F38C0A230559100013DBD1 /* PendingPayment.swift */; };
		68F38C0D2305779B0013DBD1 /* TransactionTasksQueueManager.swift in Sources */ = {isa = PBXBuildFile; fileRef = 68F38C0C2305779B0013DBD1 /* TransactionTasksQueueManager.swift */; };
		68F38C0F23057EA80013DBD1 /* PaymentsQueueManagerTests.swift in Sources */ = {isa = PBXBuildFile; fileRef = 68F38C0E23057EA80013DBD1 /* PaymentsQueueManagerTests.swift */; };
		68F38C112309703C0013DBD1 /* TransactionParamsOperation.swift in Sources */ = {isa = PBXBuildFile; fileRef = 68F38C102309703C0013DBD1 /* TransactionParamsOperation.swift */; };
		68F38C132309704D0013DBD1 /* PendingPaymentsOperation.swift in Sources */ = {isa = PBXBuildFile; fileRef = 68F38C122309704D0013DBD1 /* PendingPaymentsOperation.swift */; };
		C2B037F122F76259001F98B8 /* IntegEnvironment.swift in Sources */ = {isa = PBXBuildFile; fileRef = C2B037F022F76259001F98B8 /* IntegEnvironment.swift */; };
/* End PBXBuildFile section */

/* Begin PBXContainerItemProxy section */
		6831A0C622DC9C2E00EC2DDF /* PBXContainerItemProxy */ = {
			isa = PBXContainerItemProxy;
			containerPortal = 6831A0BB22DC9C2E00EC2DDF /* Sodium.xcodeproj */;
			proxyType = 2;
			remoteGlobalIDString = 09A943C71A4EB5F500C8A04F;
			remoteInfo = Sodium_iOS;
		};
		6831A0C822DC9C2E00EC2DDF /* PBXContainerItemProxy */ = {
			isa = PBXContainerItemProxy;
			containerPortal = 6831A0BB22DC9C2E00EC2DDF /* Sodium.xcodeproj */;
			proxyType = 2;
			remoteGlobalIDString = 09A943D21A4EB5F500C8A04F;
			remoteInfo = SodiumTests;
		};
		6831A0CA22DC9C2E00EC2DDF /* PBXContainerItemProxy */ = {
			isa = PBXContainerItemProxy;
			containerPortal = 6831A0BB22DC9C2E00EC2DDF /* Sodium.xcodeproj */;
			proxyType = 2;
			remoteGlobalIDString = 90C75E941AE3571900F1E749;
			remoteInfo = Sodium_OSX;
		};
		6831A0CC22DC9C2E00EC2DDF /* PBXContainerItemProxy */ = {
			isa = PBXContainerItemProxy;
			containerPortal = 6831A0BB22DC9C2E00EC2DDF /* Sodium.xcodeproj */;
			proxyType = 2;
			remoteGlobalIDString = D891FE9421642CB40092AA84;
			remoteInfo = Sodium_watchOS;
		};
		6831A0CE22DC9C2E00EC2DDF /* PBXContainerItemProxy */ = {
			isa = PBXContainerItemProxy;
			containerPortal = 6831A0BB22DC9C2E00EC2DDF /* Sodium.xcodeproj */;
			proxyType = 2;
			remoteGlobalIDString = 901644B61AE36EA700163E3E;
			remoteInfo = "Example iOS";
		};
		6831A0D022DC9C2E00EC2DDF /* PBXContainerItemProxy */ = {
			isa = PBXContainerItemProxy;
			containerPortal = 6831A0BB22DC9C2E00EC2DDF /* Sodium.xcodeproj */;
			proxyType = 2;
			remoteGlobalIDString = 901644DC1AE36F2D00163E3E;
			remoteInfo = "Example OSX";
		};
		6831A0D222DC9C2E00EC2DDF /* PBXContainerItemProxy */ = {
			isa = PBXContainerItemProxy;
			containerPortal = 6831A0BB22DC9C2E00EC2DDF /* Sodium.xcodeproj */;
			proxyType = 2;
			remoteGlobalIDString = D87D515521647597006D2C03;
			remoteInfo = "Example Watch";
		};
		6831A0D422DC9C2E00EC2DDF /* PBXContainerItemProxy */ = {
			isa = PBXContainerItemProxy;
			containerPortal = 6831A0BB22DC9C2E00EC2DDF /* Sodium.xcodeproj */;
			proxyType = 2;
			remoteGlobalIDString = D87D516121647598006D2C03;
			remoteInfo = "Example Watch Extension";
		};
		6831A0DB22DC9C3D00EC2DDF /* PBXContainerItemProxy */ = {
			isa = PBXContainerItemProxy;
			containerPortal = 6831A0D622DC9C3D00EC2DDF /* KinUtil.xcodeproj */;
			proxyType = 2;
			remoteGlobalIDString = 82F2FA97204309E500E754BD;
			remoteInfo = KinUtil;
		};
		6831A0DD22DC9C3D00EC2DDF /* PBXContainerItemProxy */ = {
			isa = PBXContainerItemProxy;
			containerPortal = 6831A0D622DC9C3D00EC2DDF /* KinUtil.xcodeproj */;
			proxyType = 2;
			remoteGlobalIDString = 82F2FAA0204309E500E754BD;
			remoteInfo = KinUtilTests;
		};
		68AF916E22A90C6A008C01EC /* PBXContainerItemProxy */ = {
			isa = PBXContainerItemProxy;
			containerPortal = 68AF915A22A90C6A008C01EC /* Project object */;
			proxyType = 1;
			remoteGlobalIDString = 68AF916222A90C6A008C01EC;
			remoteInfo = KinSDK;
		};
		68AF931F22A92DF2008C01EC /* PBXContainerItemProxy */ = {
			isa = PBXContainerItemProxy;
			containerPortal = 68AF915A22A90C6A008C01EC /* Project object */;
			proxyType = 1;
			remoteGlobalIDString = 68AF930C22A92DCF008C01EC;
			remoteInfo = KinSDKTestsHost;
		};
/* End PBXContainerItemProxy section */

/* Begin PBXFileReference section */
		68319E6122DC62AA00EC2DDF /* KeyUtils.swift */ = {isa = PBXFileReference; fileEncoding = 4; lastKnownFileType = sourcecode.swift; path = KeyUtils.swift; sourceTree = "<group>"; };
		68319E6222DC62AA00EC2DDF /* KeyStore.swift */ = {isa = PBXFileReference; fileEncoding = 4; lastKnownFileType = sourcecode.swift; path = KeyStore.swift; sourceTree = "<group>"; };
		68319E6322DC62AA00EC2DDF /* Network.swift */ = {isa = PBXFileReference; fileEncoding = 4; lastKnownFileType = sourcecode.swift; path = Network.swift; sourceTree = "<group>"; };
		68319E6422DC62AA00EC2DDF /* KinError.swift */ = {isa = PBXFileReference; fileEncoding = 4; lastKnownFileType = sourcecode.swift; path = KinError.swift; sourceTree = "<group>"; };
		68319E6522DC62AA00EC2DDF /* KinAccount.swift */ = {isa = PBXFileReference; fileEncoding = 4; lastKnownFileType = sourcecode.swift; path = KinAccount.swift; sourceTree = "<group>"; };
		68319E6622DC62AA00EC2DDF /* Watchers.swift */ = {isa = PBXFileReference; fileEncoding = 4; lastKnownFileType = sourcecode.swift; path = Watchers.swift; sourceTree = "<group>"; };
		68319E6822DC62AA00EC2DDF /* Bundle+Kin.swift */ = {isa = PBXFileReference; fileEncoding = 4; lastKnownFileType = sourcecode.swift; path = "Bundle+Kin.swift"; sourceTree = "<group>"; };
		68319E6922DC62AA00EC2DDF /* Version.swift */ = {isa = PBXFileReference; fileEncoding = 4; lastKnownFileType = sourcecode.swift; path = Version.swift; sourceTree = "<group>"; };
		68319E6B22DC62AA00EC2DDF /* StellarErrors.swift */ = {isa = PBXFileReference; fileEncoding = 4; lastKnownFileType = sourcecode.swift; path = StellarErrors.swift; sourceTree = "<group>"; };
		68319E6D22DC62AA00EC2DDF /* PublicKey.swift */ = {isa = PBXFileReference; fileEncoding = 4; lastKnownFileType = sourcecode.swift; path = PublicKey.swift; sourceTree = "<group>"; };
		68319E6E22DC62AA00EC2DDF /* PaymentTransaction.swift */ = {isa = PBXFileReference; fileEncoding = 4; lastKnownFileType = sourcecode.swift; path = PaymentTransaction.swift; sourceTree = "<group>"; };
		68319E6F22DC62AA00EC2DDF /* WhitelistPayload.swift */ = {isa = PBXFileReference; fileEncoding = 4; lastKnownFileType = sourcecode.swift; path = WhitelistPayload.swift; sourceTree = "<group>"; };
		68319E7022DC62AA00EC2DDF /* WrappedData.swift */ = {isa = PBXFileReference; fileEncoding = 4; lastKnownFileType = sourcecode.swift; path = WrappedData.swift; sourceTree = "<group>"; };
		68319E7122DC62AA00EC2DDF /* TransactionFactory.swift */ = {isa = PBXFileReference; fileEncoding = 4; lastKnownFileType = sourcecode.swift; path = TransactionFactory.swift; sourceTree = "<group>"; };
		68319E7222DC62AA00EC2DDF /* Ledger.swift */ = {isa = PBXFileReference; fileEncoding = 4; lastKnownFileType = sourcecode.swift; path = Ledger.swift; sourceTree = "<group>"; };
		68319E7322DC62AA00EC2DDF /* Operations.swift */ = {isa = PBXFileReference; fileEncoding = 4; lastKnownFileType = sourcecode.swift; path = Operations.swift; sourceTree = "<group>"; };
		68319E7422DC62AA00EC2DDF /* BaseTransaction.swift */ = {isa = PBXFileReference; fileEncoding = 4; lastKnownFileType = sourcecode.swift; path = BaseTransaction.swift; sourceTree = "<group>"; };
		68319E7522DC62AA00EC2DDF /* RawTransaction.swift */ = {isa = PBXFileReference; fileEncoding = 4; lastKnownFileType = sourcecode.swift; path = RawTransaction.swift; sourceTree = "<group>"; };
		68319E7622DC62AA00EC2DDF /* Transaction.swift */ = {isa = PBXFileReference; fileEncoding = 4; lastKnownFileType = sourcecode.swift; path = Transaction.swift; sourceTree = "<group>"; };
		68319E7722DC62AA00EC2DDF /* Asset.swift */ = {isa = PBXFileReference; fileEncoding = 4; lastKnownFileType = sourcecode.swift; path = Asset.swift; sourceTree = "<group>"; };
		68319E7822DC62AA00EC2DDF /* Operation.swift */ = {isa = PBXFileReference; fileEncoding = 4; lastKnownFileType = sourcecode.swift; path = Operation.swift; sourceTree = "<group>"; };
		68319E7922DC62AA00EC2DDF /* Stellar.swift */ = {isa = PBXFileReference; fileEncoding = 4; lastKnownFileType = sourcecode.swift; path = Stellar.swift; sourceTree = "<group>"; };
		68319E7A22DC62AA00EC2DDF /* StellarResults.swift */ = {isa = PBXFileReference; fileEncoding = 4; lastKnownFileType = sourcecode.swift; path = StellarResults.swift; sourceTree = "<group>"; };
		68319E7B22DC62AA00EC2DDF /* StellarOps.swift */ = {isa = PBXFileReference; fileEncoding = 4; lastKnownFileType = sourcecode.swift; path = StellarOps.swift; sourceTree = "<group>"; };
		68319E7C22DC62AA00EC2DDF /* BCKeyUtils.swift */ = {isa = PBXFileReference; fileEncoding = 4; lastKnownFileType = sourcecode.swift; path = BCKeyUtils.swift; sourceTree = "<group>"; };
		68319E7D22DC62AA00EC2DDF /* HorizonResponses.swift */ = {isa = PBXFileReference; fileEncoding = 4; lastKnownFileType = sourcecode.swift; path = HorizonResponses.swift; sourceTree = "<group>"; };
		68319E7E22DC62AA00EC2DDF /* Errors.swift */ = {isa = PBXFileReference; fileEncoding = 4; lastKnownFileType = sourcecode.swift; path = Errors.swift; sourceTree = "<group>"; };
		68319E7F22DC62AA00EC2DDF /* TxBuilder.swift */ = {isa = PBXFileReference; fileEncoding = 4; lastKnownFileType = sourcecode.swift; path = TxBuilder.swift; sourceTree = "<group>"; };
		68319E8022DC62AA00EC2DDF /* StellarEventSource.swift */ = {isa = PBXFileReference; fileEncoding = 4; lastKnownFileType = sourcecode.swift; path = StellarEventSource.swift; sourceTree = "<group>"; };
		68319E8122DC62AA00EC2DDF /* Data+extensions.swift */ = {isa = PBXFileReference; fileEncoding = 4; lastKnownFileType = sourcecode.swift; path = "Data+extensions.swift"; sourceTree = "<group>"; };
		68319E8222DC62AA00EC2DDF /* Watches.swift */ = {isa = PBXFileReference; fileEncoding = 4; lastKnownFileType = sourcecode.swift; path = Watches.swift; sourceTree = "<group>"; };
		68319E8422DC62AA00EC2DDF /* XDRCodable.swift */ = {isa = PBXFileReference; fileEncoding = 4; lastKnownFileType = sourcecode.swift; path = XDRCodable.swift; sourceTree = "<group>"; };
		68319E8522DC62AA00EC2DDF /* Endpoint.swift */ = {isa = PBXFileReference; fileEncoding = 4; lastKnownFileType = sourcecode.swift; path = Endpoint.swift; sourceTree = "<group>"; };
		68319E8622DC62AA00EC2DDF /* KinTypes.swift */ = {isa = PBXFileReference; fileEncoding = 4; lastKnownFileType = sourcecode.swift; path = KinTypes.swift; sourceTree = "<group>"; };
		68319E8722DC62AA00EC2DDF /* KinAccounts.swift */ = {isa = PBXFileReference; fileEncoding = 4; lastKnownFileType = sourcecode.swift; path = KinAccounts.swift; sourceTree = "<group>"; };
		68319E8822DC62AA00EC2DDF /* KinClient.swift */ = {isa = PBXFileReference; fileEncoding = 4; lastKnownFileType = sourcecode.swift; path = KinClient.swift; sourceTree = "<group>"; };
		68319EAD22DC62CE00EC2DDF /* KeyStoreTests.swift */ = {isa = PBXFileReference; fileEncoding = 4; lastKnownFileType = sourcecode.swift; path = KeyStoreTests.swift; sourceTree = "<group>"; };
		68319EAE22DC62CE00EC2DDF /* KinAccountTests.swift */ = {isa = PBXFileReference; fileEncoding = 4; lastKnownFileType = sourcecode.swift; path = KinAccountTests.swift; sourceTree = "<group>"; };
		68319EAF22DC62CE00EC2DDF /* XDRTests.swift */ = {isa = PBXFileReference; fileEncoding = 4; lastKnownFileType = sourcecode.swift; path = XDRTests.swift; sourceTree = "<group>"; };
		68319EB022DC62CE00EC2DDF /* KinClientTests.swift */ = {isa = PBXFileReference; fileEncoding = 4; lastKnownFileType = sourcecode.swift; path = KinClientTests.swift; sourceTree = "<group>"; };
		68319EB122DC62CE00EC2DDF /* AppIdTests.swift */ = {isa = PBXFileReference; fileEncoding = 4; lastKnownFileType = sourcecode.swift; path = AppIdTests.swift; sourceTree = "<group>"; };
		68319EB222DC62CF00EC2DDF /* URLKinVersion.swift */ = {isa = PBXFileReference; fileEncoding = 4; lastKnownFileType = sourcecode.swift; path = URLKinVersion.swift; sourceTree = "<group>"; };
		68319EC222DC6BA200EC2DDF /* KinUtil.framework */ = {isa = PBXFileReference; explicitFileType = wrapper.framework; path = KinUtil.framework; sourceTree = BUILT_PRODUCTS_DIR; };
		68319EC422DC713900EC2DDF /* Sodium.framework */ = {isa = PBXFileReference; explicitFileType = wrapper.framework; path = Sodium.framework; sourceTree = BUILT_PRODUCTS_DIR; };
		68319EE922DC9C0B00EC2DDF /* SHA256.swift */ = {isa = PBXFileReference; fileEncoding = 4; lastKnownFileType = sourcecode.swift; path = SHA256.swift; sourceTree = "<group>"; };
		6831A0BB22DC9C2E00EC2DDF /* Sodium.xcodeproj */ = {isa = PBXFileReference; lastKnownFileType = "wrapper.pb-project"; name = Sodium.xcodeproj; path = "swift-sodium/Sodium.xcodeproj"; sourceTree = "<group>"; };
		6831A0D622DC9C3D00EC2DDF /* KinUtil.xcodeproj */ = {isa = PBXFileReference; lastKnownFileType = "wrapper.pb-project"; name = KinUtil.xcodeproj; path = "kin-util-ios/KinUtil/KinUtil.xcodeproj"; sourceTree = "<group>"; };
		6831A0FC22DC9EB400EC2DDF /* KeychainSwift.h */ = {isa = PBXFileReference; fileEncoding = 4; lastKnownFileType = sourcecode.c.h; path = KeychainSwift.h; sourceTree = "<group>"; };
		6831A0FD22DC9EB400EC2DDF /* KeychainSwift.swift */ = {isa = PBXFileReference; fileEncoding = 4; lastKnownFileType = sourcecode.swift; path = KeychainSwift.swift; sourceTree = "<group>"; };
		6831A0FE22DC9EB400EC2DDF /* TegKeychainConstants.swift */ = {isa = PBXFileReference; fileEncoding = 4; lastKnownFileType = sourcecode.swift; path = TegKeychainConstants.swift; sourceTree = "<group>"; };
		6831A0FF22DC9EB400EC2DDF /* KeychainSwiftAccessOptions.swift */ = {isa = PBXFileReference; fileEncoding = 4; lastKnownFileType = sourcecode.swift; path = KeychainSwiftAccessOptions.swift; sourceTree = "<group>"; };
		68414F91231BD34300FDBEC0 /* AsynchronousOperation.swift */ = {isa = PBXFileReference; lastKnownFileType = sourcecode.swift; path = AsynchronousOperation.swift; sourceTree = "<group>"; };
		68414F9F231D35E000FDBEC0 /* AsynchronousOperationTests.swift */ = {isa = PBXFileReference; lastKnownFileType = sourcecode.swift; path = AsynchronousOperationTests.swift; sourceTree = "<group>"; };
		6844DE4322E9C19D00D0CF87 /* AccountData.swift */ = {isa = PBXFileReference; fileEncoding = 4; lastKnownFileType = sourcecode.swift; path = AccountData.swift; sourceTree = "<group>"; };
		6844DE5022E9C1D700D0CF87 /* AccountResponse.swift */ = {isa = PBXFileReference; fileEncoding = 4; lastKnownFileType = sourcecode.swift; path = AccountResponse.swift; sourceTree = "<group>"; };
		6863165B22F0724E00C71132 /* PaymentQueue.swift */ = {isa = PBXFileReference; lastKnownFileType = sourcecode.swift; path = PaymentQueue.swift; sourceTree = "<group>"; };
		6863167223018FF100C71132 /* SendTransactionParams.swift */ = {isa = PBXFileReference; lastKnownFileType = sourcecode.swift; path = SendTransactionParams.swift; sourceTree = "<group>"; };
		6863167E2302628A00C71132 /* TransactionInterceptor.swift */ = {isa = PBXFileReference; lastKnownFileType = sourcecode.swift; path = TransactionInterceptor.swift; sourceTree = "<group>"; };
		686316802302D0B200C71132 /* TransactionProcess.swift */ = {isa = PBXFileReference; lastKnownFileType = sourcecode.swift; path = TransactionProcess.swift; sourceTree = "<group>"; };
		686316822303C0D500C71132 /* BatchPaymentTransaction.swift */ = {isa = PBXFileReference; lastKnownFileType = sourcecode.swift; path = BatchPaymentTransaction.swift; sourceTree = "<group>"; };
		686316842303DF9A00C71132 /* PaymentOperation.swift */ = {isa = PBXFileReference; lastKnownFileType = sourcecode.swift; path = PaymentOperation.swift; sourceTree = "<group>"; };
		68AF916322A90C6A008C01EC /* KinSDK.framework */ = {isa = PBXFileReference; explicitFileType = wrapper.framework; includeInIndex = 0; path = KinSDK.framework; sourceTree = BUILT_PRODUCTS_DIR; };
		68AF916622A90C6A008C01EC /* KinSDK.h */ = {isa = PBXFileReference; lastKnownFileType = sourcecode.c.h; path = KinSDK.h; sourceTree = "<group>"; };
		68AF916722A90C6A008C01EC /* Info.plist */ = {isa = PBXFileReference; lastKnownFileType = text.plist.xml; path = Info.plist; sourceTree = "<group>"; };
		68AF916C22A90C6A008C01EC /* KinSDKTests.xctest */ = {isa = PBXFileReference; explicitFileType = wrapper.cfbundle; includeInIndex = 0; path = KinSDKTests.xctest; sourceTree = BUILT_PRODUCTS_DIR; };
		68AF917322A90C6A008C01EC /* Info.plist */ = {isa = PBXFileReference; lastKnownFileType = text.plist.xml; path = Info.plist; sourceTree = "<group>"; };
		68AF930D22A92DCF008C01EC /* KinSDKTestsHost.app */ = {isa = PBXFileReference; explicitFileType = wrapper.application; includeInIndex = 0; path = KinSDKTestsHost.app; sourceTree = BUILT_PRODUCTS_DIR; };
		68AF930F22A92DCF008C01EC /* AppDelegate.swift */ = {isa = PBXFileReference; lastKnownFileType = sourcecode.swift; path = AppDelegate.swift; sourceTree = "<group>"; };
		68AF931122A92DCF008C01EC /* ViewController.swift */ = {isa = PBXFileReference; lastKnownFileType = sourcecode.swift; path = ViewController.swift; sourceTree = "<group>"; };
		68AF931422A92DCF008C01EC /* Base */ = {isa = PBXFileReference; lastKnownFileType = file.storyboard; name = Base; path = Base.lproj/Main.storyboard; sourceTree = "<group>"; };
		68AF931622A92DD1008C01EC /* Assets.xcassets */ = {isa = PBXFileReference; lastKnownFileType = folder.assetcatalog; path = Assets.xcassets; sourceTree = "<group>"; };
		68AF931922A92DD1008C01EC /* Base */ = {isa = PBXFileReference; lastKnownFileType = file.storyboard; name = Base; path = Base.lproj/LaunchScreen.storyboard; sourceTree = "<group>"; };
		68AF931B22A92DD1008C01EC /* Info.plist */ = {isa = PBXFileReference; lastKnownFileType = text.plist.xml; path = Info.plist; sourceTree = "<group>"; };
		68F1A6C5230BC80600DCADA2 /* Assets.swift */ = {isa = PBXFileReference; lastKnownFileType = sourcecode.swift; path = Assets.swift; sourceTree = "<group>"; };
		68F1A6C7230C1BBC00DCADA2 /* AssetTests.swift */ = {isa = PBXFileReference; lastKnownFileType = sourcecode.swift; path = AssetTests.swift; sourceTree = "<group>"; };
		68F1A6C9230E6A5900DCADA2 /* SendTransactionOperation.swift */ = {isa = PBXFileReference; lastKnownFileType = sourcecode.swift; path = SendTransactionOperation.swift; sourceTree = "<group>"; };
		68F1A6CB230E768C00DCADA2 /* TransactionTasksQueueTests.swift */ = {isa = PBXFileReference; lastKnownFileType = sourcecode.swift; path = TransactionTasksQueueTests.swift; sourceTree = "<group>"; };
		68F38BFE23053C880013DBD1 /* PaymentsQueueManager.swift */ = {isa = PBXFileReference; lastKnownFileType = sourcecode.swift; path = PaymentsQueueManager.swift; sourceTree = "<group>"; };
		68F38C0A230559100013DBD1 /* PendingPayment.swift */ = {isa = PBXFileReference; lastKnownFileType = sourcecode.swift; path = PendingPayment.swift; sourceTree = "<group>"; };
		68F38C0C2305779B0013DBD1 /* TransactionTasksQueueManager.swift */ = {isa = PBXFileReference; lastKnownFileType = sourcecode.swift; path = TransactionTasksQueueManager.swift; sourceTree = "<group>"; };
		68F38C0E23057EA80013DBD1 /* PaymentsQueueManagerTests.swift */ = {isa = PBXFileReference; lastKnownFileType = sourcecode.swift; path = PaymentsQueueManagerTests.swift; sourceTree = "<group>"; };
		68F38C102309703C0013DBD1 /* TransactionParamsOperation.swift */ = {isa = PBXFileReference; lastKnownFileType = sourcecode.swift; path = TransactionParamsOperation.swift; sourceTree = "<group>"; };
		68F38C122309704D0013DBD1 /* PendingPaymentsOperation.swift */ = {isa = PBXFileReference; lastKnownFileType = sourcecode.swift; path = PendingPaymentsOperation.swift; sourceTree = "<group>"; };
		C2B037F022F76259001F98B8 /* IntegEnvironment.swift */ = {isa = PBXFileReference; lastKnownFileType = sourcecode.swift; path = IntegEnvironment.swift; sourceTree = "<group>"; };
/* End PBXFileReference section */

/* Begin PBXFrameworksBuildPhase section */
		68AF916022A90C6A008C01EC /* Frameworks */ = {
			isa = PBXFrameworksBuildPhase;
			buildActionMask = 2147483647;
			files = (
				6831A0E022DC9C6400EC2DDF /* Sodium.framework in Frameworks */,
				6831A0DF22DC9C6000EC2DDF /* KinUtil.framework in Frameworks */,
			);
			runOnlyForDeploymentPostprocessing = 0;
		};
		68AF916922A90C6A008C01EC /* Frameworks */ = {
			isa = PBXFrameworksBuildPhase;
			buildActionMask = 2147483647;
			files = (
				68AF916D22A90C6A008C01EC /* KinSDK.framework in Frameworks */,
			);
			runOnlyForDeploymentPostprocessing = 0;
		};
		68AF930A22A92DCF008C01EC /* Frameworks */ = {
			isa = PBXFrameworksBuildPhase;
			buildActionMask = 2147483647;
			files = (
			);
			runOnlyForDeploymentPostprocessing = 0;
		};
/* End PBXFrameworksBuildPhase section */

/* Begin PBXGroup section */
		68319E6022DC62AA00EC2DDF /* KinSDK */ = {
			isa = PBXGroup;
			children = (
				6863165022F06D2E00C71132 /* BulkPayments */,
				68319E6122DC62AA00EC2DDF /* KeyUtils.swift */,
				68319E6222DC62AA00EC2DDF /* KeyStore.swift */,
				68319E6322DC62AA00EC2DDF /* Network.swift */,
				68319E6422DC62AA00EC2DDF /* KinError.swift */,
				68319E6522DC62AA00EC2DDF /* KinAccount.swift */,
				68319E6622DC62AA00EC2DDF /* Watchers.swift */,
				6844DE4F22E9C1D700D0CF87 /* Responses */,
				68319E6722DC62AA00EC2DDF /* Utilities */,
				68319E6A22DC62AA00EC2DDF /* blockchain */,
				68319E8622DC62AA00EC2DDF /* KinTypes.swift */,
				68319E8722DC62AA00EC2DDF /* KinAccounts.swift */,
				68319E8822DC62AA00EC2DDF /* KinClient.swift */,
				68F1A6C5230BC80600DCADA2 /* Assets.swift */,
			);
			name = KinSDK;
			path = KinSDK/KinSDK;
			sourceTree = SOURCE_ROOT;
		};
		68319E6722DC62AA00EC2DDF /* Utilities */ = {
			isa = PBXGroup;
			children = (
				68319E6822DC62AA00EC2DDF /* Bundle+Kin.swift */,
				68319E6922DC62AA00EC2DDF /* Version.swift */,
			);
			path = Utilities;
			sourceTree = "<group>";
		};
		68319E6A22DC62AA00EC2DDF /* blockchain */ = {
			isa = PBXGroup;
			children = (
				68319E6B22DC62AA00EC2DDF /* StellarErrors.swift */,
				68319E6C22DC62AA00EC2DDF /* types */,
				68319E7922DC62AA00EC2DDF /* Stellar.swift */,
				68319E7A22DC62AA00EC2DDF /* StellarResults.swift */,
				68319E7B22DC62AA00EC2DDF /* StellarOps.swift */,
				68319E7C22DC62AA00EC2DDF /* BCKeyUtils.swift */,
				68319E7D22DC62AA00EC2DDF /* HorizonResponses.swift */,
				68319E7E22DC62AA00EC2DDF /* Errors.swift */,
				68319E7F22DC62AA00EC2DDF /* TxBuilder.swift */,
				68319E8022DC62AA00EC2DDF /* StellarEventSource.swift */,
				68319E8122DC62AA00EC2DDF /* Data+extensions.swift */,
				68319E8222DC62AA00EC2DDF /* Watches.swift */,
				68319E8322DC62AA00EC2DDF /* XDRCodable */,
				68319E8522DC62AA00EC2DDF /* Endpoint.swift */,
			);
			path = blockchain;
			sourceTree = "<group>";
		};
		68319E6C22DC62AA00EC2DDF /* types */ = {
			isa = PBXGroup;
			children = (
				6844DE4322E9C19D00D0CF87 /* AccountData.swift */,
				68319E6D22DC62AA00EC2DDF /* PublicKey.swift */,
				68319E6E22DC62AA00EC2DDF /* PaymentTransaction.swift */,
				68319E6F22DC62AA00EC2DDF /* WhitelistPayload.swift */,
				68319E7022DC62AA00EC2DDF /* WrappedData.swift */,
				68319E7122DC62AA00EC2DDF /* TransactionFactory.swift */,
				68319E7222DC62AA00EC2DDF /* Ledger.swift */,
				68319E7322DC62AA00EC2DDF /* Operations.swift */,
				68319E7422DC62AA00EC2DDF /* BaseTransaction.swift */,
				68319E7522DC62AA00EC2DDF /* RawTransaction.swift */,
				68319E7622DC62AA00EC2DDF /* Transaction.swift */,
				68319E7722DC62AA00EC2DDF /* Asset.swift */,
				68319E7822DC62AA00EC2DDF /* Operation.swift */,
			);
			path = types;
			sourceTree = "<group>";
		};
		68319E8322DC62AA00EC2DDF /* XDRCodable */ = {
			isa = PBXGroup;
			children = (
				68319E8422DC62AA00EC2DDF /* XDRCodable.swift */,
			);
			path = XDRCodable;
			sourceTree = "<group>";
		};
		68319EE822DC9C0B00EC2DDF /* Dependencies */ = {
			isa = PBXGroup;
			children = (
				68319EE922DC9C0B00EC2DDF /* SHA256.swift */,
				6831A0FB22DC9EB400EC2DDF /* KeychainSwift */,
				6831A0D622DC9C3D00EC2DDF /* KinUtil.xcodeproj */,
				6831A0BB22DC9C2E00EC2DDF /* Sodium.xcodeproj */,
			);
			path = Dependencies;
			sourceTree = "<group>";
		};
		6831A0BC22DC9C2E00EC2DDF /* Products */ = {
			isa = PBXGroup;
			children = (
				6831A0C722DC9C2E00EC2DDF /* Sodium.framework */,
				6831A0C922DC9C2E00EC2DDF /* SodiumTests.xctest */,
				6831A0CB22DC9C2E00EC2DDF /* Sodium.framework */,
				6831A0CD22DC9C2E00EC2DDF /* Sodium.framework */,
				6831A0CF22DC9C2E00EC2DDF /* Example iOS.app */,
				6831A0D122DC9C2E00EC2DDF /* Example OSX.app */,
				6831A0D322DC9C2E00EC2DDF /* Example Watch.app */,
				6831A0D522DC9C2E00EC2DDF /* Example Watch Extension.appex */,
			);
			name = Products;
			sourceTree = "<group>";
		};
		6831A0D722DC9C3D00EC2DDF /* Products */ = {
			isa = PBXGroup;
			children = (
				6831A0DC22DC9C3D00EC2DDF /* KinUtil.framework */,
				6831A0DE22DC9C3D00EC2DDF /* KinUtilTests.xctest */,
			);
			name = Products;
			sourceTree = "<group>";
		};
		6831A0FB22DC9EB400EC2DDF /* KeychainSwift */ = {
			isa = PBXGroup;
			children = (
				6831A0FC22DC9EB400EC2DDF /* KeychainSwift.h */,
				6831A0FD22DC9EB400EC2DDF /* KeychainSwift.swift */,
				6831A0FE22DC9EB400EC2DDF /* TegKeychainConstants.swift */,
				6831A0FF22DC9EB400EC2DDF /* KeychainSwiftAccessOptions.swift */,
			);
			name = KeychainSwift;
			path = "keychain-swift/KeychainSwift";
			sourceTree = "<group>";
		};
		6844DE4F22E9C1D700D0CF87 /* Responses */ = {
			isa = PBXGroup;
			children = (
				6844DE5022E9C1D700D0CF87 /* AccountResponse.swift */,
			);
			path = Responses;
			sourceTree = "<group>";
		};
		6863165022F06D2E00C71132 /* BulkPayments */ = {
			isa = PBXGroup;
			children = (
				6863165B22F0724E00C71132 /* PaymentQueue.swift */,
				6863167223018FF100C71132 /* SendTransactionParams.swift */,
				6863167E2302628A00C71132 /* TransactionInterceptor.swift */,
				686316802302D0B200C71132 /* TransactionProcess.swift */,
				686316822303C0D500C71132 /* BatchPaymentTransaction.swift */,
				686316842303DF9A00C71132 /* PaymentOperation.swift */,
				68F38BFE23053C880013DBD1 /* PaymentsQueueManager.swift */,
				68F38C0A230559100013DBD1 /* PendingPayment.swift */,
				68F38C0C2305779B0013DBD1 /* TransactionTasksQueueManager.swift */,
				68F38C102309703C0013DBD1 /* TransactionParamsOperation.swift */,
				68F38C122309704D0013DBD1 /* PendingPaymentsOperation.swift */,
				68F1A6C9230E6A5900DCADA2 /* SendTransactionOperation.swift */,
				68414F91231BD34300FDBEC0 /* AsynchronousOperation.swift */,
			);
			path = BulkPayments;
			sourceTree = "<group>";
		};
		68AF915922A90C6A008C01EC = {
			isa = PBXGroup;
			children = (
				68AF916522A90C6A008C01EC /* KinSDK */,
				68AF917022A90C6A008C01EC /* KinSDKTests */,
				68AF930E22A92DCF008C01EC /* KinSDKTestsHost */,
				68AF916422A90C6A008C01EC /* Products */,
				BEF58906F70893443A15F3D5 /* Frameworks */,
			);
			sourceTree = "<group>";
		};
		68AF916422A90C6A008C01EC /* Products */ = {
			isa = PBXGroup;
			children = (
				68AF916322A90C6A008C01EC /* KinSDK.framework */,
				68AF916C22A90C6A008C01EC /* KinSDKTests.xctest */,
				68AF930D22A92DCF008C01EC /* KinSDKTestsHost.app */,
			);
			name = Products;
			sourceTree = "<group>";
		};
		68AF916522A90C6A008C01EC /* KinSDK */ = {
			isa = PBXGroup;
			children = (
				68319EE822DC9C0B00EC2DDF /* Dependencies */,
				68319E6022DC62AA00EC2DDF /* KinSDK */,
				68AF916622A90C6A008C01EC /* KinSDK.h */,
				68AF916722A90C6A008C01EC /* Info.plist */,
			);
			path = KinSDK;
			sourceTree = "<group>";
		};
		68AF917022A90C6A008C01EC /* KinSDKTests */ = {
			isa = PBXGroup;
			children = (
				68319EB122DC62CE00EC2DDF /* AppIdTests.swift */,
				68319EAD22DC62CE00EC2DDF /* KeyStoreTests.swift */,
				68319EAE22DC62CE00EC2DDF /* KinAccountTests.swift */,
				68319EB022DC62CE00EC2DDF /* KinClientTests.swift */,
				68319EB222DC62CF00EC2DDF /* URLKinVersion.swift */,
				68319EAF22DC62CE00EC2DDF /* XDRTests.swift */,
				68AF917322A90C6A008C01EC /* Info.plist */,
				C2B037F022F76259001F98B8 /* IntegEnvironment.swift */,
				68F38C0E23057EA80013DBD1 /* PaymentsQueueManagerTests.swift */,
				68F1A6C7230C1BBC00DCADA2 /* AssetTests.swift */,
				68F1A6CB230E768C00DCADA2 /* TransactionTasksQueueTests.swift */,
				68414F9F231D35E000FDBEC0 /* AsynchronousOperationTests.swift */,
			);
			path = KinSDKTests;
			sourceTree = "<group>";
		};
		68AF930E22A92DCF008C01EC /* KinSDKTestsHost */ = {
			isa = PBXGroup;
			children = (
				68AF930F22A92DCF008C01EC /* AppDelegate.swift */,
				68AF931122A92DCF008C01EC /* ViewController.swift */,
				68AF931322A92DCF008C01EC /* Main.storyboard */,
				68AF931622A92DD1008C01EC /* Assets.xcassets */,
				68AF931822A92DD1008C01EC /* LaunchScreen.storyboard */,
				68AF931B22A92DD1008C01EC /* Info.plist */,
			);
			path = KinSDKTestsHost;
			sourceTree = "<group>";
		};
		BEF58906F70893443A15F3D5 /* Frameworks */ = {
			isa = PBXGroup;
			children = (
				68319EC422DC713900EC2DDF /* Sodium.framework */,
				68319EC222DC6BA200EC2DDF /* KinUtil.framework */,
			);
			name = Frameworks;
			sourceTree = "<group>";
		};
/* End PBXGroup section */

/* Begin PBXHeadersBuildPhase section */
		68AF915E22A90C6A008C01EC /* Headers */ = {
			isa = PBXHeadersBuildPhase;
			buildActionMask = 2147483647;
			files = (
				6831A10122DC9EB400EC2DDF /* KeychainSwift.h in Headers */,
				68AF917422A90C6A008C01EC /* KinSDK.h in Headers */,
			);
			runOnlyForDeploymentPostprocessing = 0;
		};
/* End PBXHeadersBuildPhase section */

/* Begin PBXNativeTarget section */
		68AF916222A90C6A008C01EC /* KinSDK */ = {
			isa = PBXNativeTarget;
			buildConfigurationList = 68AF917722A90C6A008C01EC /* Build configuration list for PBXNativeTarget "KinSDK" */;
			buildPhases = (
				68AF915E22A90C6A008C01EC /* Headers */,
				68AF915F22A90C6A008C01EC /* Sources */,
				68AF916022A90C6A008C01EC /* Frameworks */,
				68AF916122A90C6A008C01EC /* Resources */,
			);
			buildRules = (
			);
			dependencies = (
			);
			name = KinSDK;
			productName = KinSDK;
			productReference = 68AF916322A90C6A008C01EC /* KinSDK.framework */;
			productType = "com.apple.product-type.framework";
		};
		68AF916B22A90C6A008C01EC /* KinSDKTests */ = {
			isa = PBXNativeTarget;
			buildConfigurationList = 68AF917A22A90C6A008C01EC /* Build configuration list for PBXNativeTarget "KinSDKTests" */;
			buildPhases = (
				68AF916822A90C6A008C01EC /* Sources */,
				68AF916922A90C6A008C01EC /* Frameworks */,
				68AF916A22A90C6A008C01EC /* Resources */,
			);
			buildRules = (
			);
			dependencies = (
				68AF916F22A90C6A008C01EC /* PBXTargetDependency */,
				68AF932022A92DF2008C01EC /* PBXTargetDependency */,
			);
			name = KinSDKTests;
			productName = KinSDKTests;
			productReference = 68AF916C22A90C6A008C01EC /* KinSDKTests.xctest */;
			productType = "com.apple.product-type.bundle.unit-test";
		};
		68AF930C22A92DCF008C01EC /* KinSDKTestsHost */ = {
			isa = PBXNativeTarget;
			buildConfigurationList = 68AF931E22A92DD1008C01EC /* Build configuration list for PBXNativeTarget "KinSDKTestsHost" */;
			buildPhases = (
				68AF930922A92DCF008C01EC /* Sources */,
				68AF930A22A92DCF008C01EC /* Frameworks */,
				68AF930B22A92DCF008C01EC /* Resources */,
			);
			buildRules = (
			);
			dependencies = (
			);
			name = KinSDKTestsHost;
			productName = KinSDKTestsHost;
			productReference = 68AF930D22A92DCF008C01EC /* KinSDKTestsHost.app */;
			productType = "com.apple.product-type.application";
		};
/* End PBXNativeTarget section */

/* Begin PBXProject section */
		68AF915A22A90C6A008C01EC /* Project object */ = {
			isa = PBXProject;
			attributes = {
				LastSwiftUpdateCheck = 1020;
				LastUpgradeCheck = 1020;
				ORGANIZATIONNAME = "Kin Foundation";
				TargetAttributes = {
					68AF916222A90C6A008C01EC = {
						CreatedOnToolsVersion = 10.2.1;
						LastSwiftMigration = 1020;
					};
					68AF916B22A90C6A008C01EC = {
						CreatedOnToolsVersion = 10.2.1;
						LastSwiftMigration = 1020;
						TestTargetID = 68AF930C22A92DCF008C01EC;
					};
					68AF930C22A92DCF008C01EC = {
						CreatedOnToolsVersion = 10.2.1;
					};
				};
			};
			buildConfigurationList = 68AF915D22A90C6A008C01EC /* Build configuration list for PBXProject "KinSDK" */;
			compatibilityVersion = "Xcode 9.3";
			developmentRegion = en;
			hasScannedForEncodings = 0;
			knownRegions = (
				en,
				Base,
			);
			mainGroup = 68AF915922A90C6A008C01EC;
			productRefGroup = 68AF916422A90C6A008C01EC /* Products */;
			projectDirPath = "";
			projectReferences = (
				{
					ProductGroup = 6831A0D722DC9C3D00EC2DDF /* Products */;
					ProjectRef = 6831A0D622DC9C3D00EC2DDF /* KinUtil.xcodeproj */;
				},
				{
					ProductGroup = 6831A0BC22DC9C2E00EC2DDF /* Products */;
					ProjectRef = 6831A0BB22DC9C2E00EC2DDF /* Sodium.xcodeproj */;
				},
			);
			projectRoot = "";
			targets = (
				68AF916222A90C6A008C01EC /* KinSDK */,
				68AF916B22A90C6A008C01EC /* KinSDKTests */,
				68AF930C22A92DCF008C01EC /* KinSDKTestsHost */,
			);
		};
/* End PBXProject section */

/* Begin PBXReferenceProxy section */
		6831A0C722DC9C2E00EC2DDF /* Sodium.framework */ = {
			isa = PBXReferenceProxy;
			fileType = wrapper.framework;
			path = Sodium.framework;
			remoteRef = 6831A0C622DC9C2E00EC2DDF /* PBXContainerItemProxy */;
			sourceTree = BUILT_PRODUCTS_DIR;
		};
		6831A0C922DC9C2E00EC2DDF /* SodiumTests.xctest */ = {
			isa = PBXReferenceProxy;
			fileType = wrapper.cfbundle;
			path = SodiumTests.xctest;
			remoteRef = 6831A0C822DC9C2E00EC2DDF /* PBXContainerItemProxy */;
			sourceTree = BUILT_PRODUCTS_DIR;
		};
		6831A0CB22DC9C2E00EC2DDF /* Sodium.framework */ = {
			isa = PBXReferenceProxy;
			fileType = wrapper.framework;
			path = Sodium.framework;
			remoteRef = 6831A0CA22DC9C2E00EC2DDF /* PBXContainerItemProxy */;
			sourceTree = BUILT_PRODUCTS_DIR;
		};
		6831A0CD22DC9C2E00EC2DDF /* Sodium.framework */ = {
			isa = PBXReferenceProxy;
			fileType = wrapper.framework;
			path = Sodium.framework;
			remoteRef = 6831A0CC22DC9C2E00EC2DDF /* PBXContainerItemProxy */;
			sourceTree = BUILT_PRODUCTS_DIR;
		};
		6831A0CF22DC9C2E00EC2DDF /* Example iOS.app */ = {
			isa = PBXReferenceProxy;
			fileType = wrapper.application;
			path = "Example iOS.app";
			remoteRef = 6831A0CE22DC9C2E00EC2DDF /* PBXContainerItemProxy */;
			sourceTree = BUILT_PRODUCTS_DIR;
		};
		6831A0D122DC9C2E00EC2DDF /* Example OSX.app */ = {
			isa = PBXReferenceProxy;
			fileType = wrapper.application;
			path = "Example OSX.app";
			remoteRef = 6831A0D022DC9C2E00EC2DDF /* PBXContainerItemProxy */;
			sourceTree = BUILT_PRODUCTS_DIR;
		};
		6831A0D322DC9C2E00EC2DDF /* Example Watch.app */ = {
			isa = PBXReferenceProxy;
			fileType = wrapper.application;
			path = "Example Watch.app";
			remoteRef = 6831A0D222DC9C2E00EC2DDF /* PBXContainerItemProxy */;
			sourceTree = BUILT_PRODUCTS_DIR;
		};
		6831A0D522DC9C2E00EC2DDF /* Example Watch Extension.appex */ = {
			isa = PBXReferenceProxy;
			fileType = "wrapper.app-extension";
			path = "Example Watch Extension.appex";
			remoteRef = 6831A0D422DC9C2E00EC2DDF /* PBXContainerItemProxy */;
			sourceTree = BUILT_PRODUCTS_DIR;
		};
		6831A0DC22DC9C3D00EC2DDF /* KinUtil.framework */ = {
			isa = PBXReferenceProxy;
			fileType = wrapper.framework;
			path = KinUtil.framework;
			remoteRef = 6831A0DB22DC9C3D00EC2DDF /* PBXContainerItemProxy */;
			sourceTree = BUILT_PRODUCTS_DIR;
		};
		6831A0DE22DC9C3D00EC2DDF /* KinUtilTests.xctest */ = {
			isa = PBXReferenceProxy;
			fileType = wrapper.cfbundle;
			path = KinUtilTests.xctest;
			remoteRef = 6831A0DD22DC9C3D00EC2DDF /* PBXContainerItemProxy */;
			sourceTree = BUILT_PRODUCTS_DIR;
		};
/* End PBXReferenceProxy section */

/* Begin PBXResourcesBuildPhase section */
		68AF916122A90C6A008C01EC /* Resources */ = {
			isa = PBXResourcesBuildPhase;
			buildActionMask = 2147483647;
			files = (
			);
			runOnlyForDeploymentPostprocessing = 0;
		};
		68AF916A22A90C6A008C01EC /* Resources */ = {
			isa = PBXResourcesBuildPhase;
			buildActionMask = 2147483647;
			files = (
			);
			runOnlyForDeploymentPostprocessing = 0;
		};
		68AF930B22A92DCF008C01EC /* Resources */ = {
			isa = PBXResourcesBuildPhase;
			buildActionMask = 2147483647;
			files = (
				68AF931A22A92DD1008C01EC /* LaunchScreen.storyboard in Resources */,
				68AF931722A92DD1008C01EC /* Assets.xcassets in Resources */,
				6831A2F922DDA96100EC2DDF /* Main.storyboard in Resources */,
			);
			runOnlyForDeploymentPostprocessing = 0;
		};
/* End PBXResourcesBuildPhase section */

/* Begin PBXSourcesBuildPhase section */
		68AF915F22A90C6A008C01EC /* Sources */ = {
			isa = PBXSourcesBuildPhase;
			buildActionMask = 2147483647;
			files = (
				68F1A6C6230BC80600DCADA2 /* Assets.swift in Sources */,
				68319EA022DC62AA00EC2DDF /* StellarOps.swift in Sources */,
				68319E9222DC62AA00EC2DDF /* PublicKey.swift in Sources */,
				6863167323018FF100C71132 /* SendTransactionParams.swift in Sources */,
				68319E9922DC62AA00EC2DDF /* BaseTransaction.swift in Sources */,
				68319EAB22DC62AA00EC2DDF /* KinAccounts.swift in Sources */,
				68319E9722DC62AA00EC2DDF /* Ledger.swift in Sources */,
				68319EA122DC62AA00EC2DDF /* BCKeyUtils.swift in Sources */,
				68319EA522DC62AA00EC2DDF /* StellarEventSource.swift in Sources */,
				68319EA822DC62AA00EC2DDF /* XDRCodable.swift in Sources */,
				68319E8A22DC62AA00EC2DDF /* KeyStore.swift in Sources */,
				68F1A6CA230E6A5900DCADA2 /* SendTransactionOperation.swift in Sources */,
				68319EA222DC62AA00EC2DDF /* HorizonResponses.swift in Sources */,
				68319E9C22DC62AA00EC2DDF /* Asset.swift in Sources */,
				68319E9522DC62AA00EC2DDF /* WrappedData.swift in Sources */,
				68319E9122DC62AA00EC2DDF /* StellarErrors.swift in Sources */,
				68319EA322DC62AA00EC2DDF /* Errors.swift in Sources */,
				68319E8F22DC62AA00EC2DDF /* Bundle+Kin.swift in Sources */,
				68319E8E22DC62AA00EC2DDF /* Watchers.swift in Sources */,
				68414F92231BD34300FDBEC0 /* AsynchronousOperation.swift in Sources */,
				68319EA722DC62AA00EC2DDF /* Watches.swift in Sources */,
				68319EA922DC62AA00EC2DDF /* Endpoint.swift in Sources */,
				68F38C132309704D0013DBD1 /* PendingPaymentsOperation.swift in Sources */,
				68319EA622DC62AA00EC2DDF /* Data+extensions.swift in Sources */,
				68319E9622DC62AA00EC2DDF /* TransactionFactory.swift in Sources */,
				68319E9D22DC62AA00EC2DDF /* Operation.swift in Sources */,
				686316812302D0B200C71132 /* TransactionProcess.swift in Sources */,
				68F38BFF23053C880013DBD1 /* PaymentsQueueManager.swift in Sources */,
				6831A00522DC9C0C00EC2DDF /* SHA256.swift in Sources */,
				68319E9422DC62AA00EC2DDF /* WhitelistPayload.swift in Sources */,
				68319E9A22DC62AA00EC2DDF /* RawTransaction.swift in Sources */,
				68319E9B22DC62AA00EC2DDF /* Transaction.swift in Sources */,
				68F38C112309703C0013DBD1 /* TransactionParamsOperation.swift in Sources */,
				6863165C22F0724E00C71132 /* PaymentQueue.swift in Sources */,
				68319E8D22DC62AA00EC2DDF /* KinAccount.swift in Sources */,
				68319E9F22DC62AA00EC2DDF /* StellarResults.swift in Sources */,
				68319E9322DC62AA00EC2DDF /* PaymentTransaction.swift in Sources */,
				68319EAA22DC62AA00EC2DDF /* KinTypes.swift in Sources */,
				686316852303DF9A00C71132 /* PaymentOperation.swift in Sources */,
				6831A10322DC9EB400EC2DDF /* TegKeychainConstants.swift in Sources */,
				68319E8C22DC62AA00EC2DDF /* KinError.swift in Sources */,
				68319E8B22DC62AA00EC2DDF /* Network.swift in Sources */,
				686316832303C0D500C71132 /* BatchPaymentTransaction.swift in Sources */,
				6831A10222DC9EB400EC2DDF /* KeychainSwift.swift in Sources */,
				68319E9022DC62AA00EC2DDF /* Version.swift in Sources */,
				6844DE4E22E9C19E00D0CF87 /* AccountData.swift in Sources */,
				68319EAC22DC62AA00EC2DDF /* KinClient.swift in Sources */,
				68F38C0B230559100013DBD1 /* PendingPayment.swift in Sources */,
				6863167F2302628A00C71132 /* TransactionInterceptor.swift in Sources */,
				68319E8922DC62AA00EC2DDF /* KeyUtils.swift in Sources */,
				6831A10422DC9EB400EC2DDF /* KeychainSwiftAccessOptions.swift in Sources */,
				68319EA422DC62AA00EC2DDF /* TxBuilder.swift in Sources */,
				68319E9822DC62AA00EC2DDF /* Operations.swift in Sources */,
				6844DE5122E9C1D700D0CF87 /* AccountResponse.swift in Sources */,
				68F38C0D2305779B0013DBD1 /* TransactionTasksQueueManager.swift in Sources */,
				68319E9E22DC62AA00EC2DDF /* Stellar.swift in Sources */,
			);
			runOnlyForDeploymentPostprocessing = 0;
		};
		68AF916822A90C6A008C01EC /* Sources */ = {
			isa = PBXSourcesBuildPhase;
			buildActionMask = 2147483647;
			files = (
				68F1A6CC230E768C00DCADA2 /* TransactionTasksQueueTests.swift in Sources */,
				68319EB422DC62CF00EC2DDF /* KinAccountTests.swift in Sources */,
				68319EB322DC62CF00EC2DDF /* KeyStoreTests.swift in Sources */,
				68F38C0F23057EA80013DBD1 /* PaymentsQueueManagerTests.swift in Sources */,
				68319EB822DC62CF00EC2DDF /* URLKinVersion.swift in Sources */,
				68319EB522DC62CF00EC2DDF /* XDRTests.swift in Sources */,
				C2B037F122F76259001F98B8 /* IntegEnvironment.swift in Sources */,
				68F1A6C8230C1BBC00DCADA2 /* AssetTests.swift in Sources */,
				68319EB722DC62CF00EC2DDF /* AppIdTests.swift in Sources */,
				68414FA0231D35E000FDBEC0 /* AsynchronousOperationTests.swift in Sources */,
				68319EB622DC62CF00EC2DDF /* KinClientTests.swift in Sources */,
			);
			runOnlyForDeploymentPostprocessing = 0;
		};
		68AF930922A92DCF008C01EC /* Sources */ = {
			isa = PBXSourcesBuildPhase;
			buildActionMask = 2147483647;
			files = (
				68AF931222A92DCF008C01EC /* ViewController.swift in Sources */,
				68AF931022A92DCF008C01EC /* AppDelegate.swift in Sources */,
			);
			runOnlyForDeploymentPostprocessing = 0;
		};
/* End PBXSourcesBuildPhase section */

/* Begin PBXTargetDependency section */
		68AF916F22A90C6A008C01EC /* PBXTargetDependency */ = {
			isa = PBXTargetDependency;
			target = 68AF916222A90C6A008C01EC /* KinSDK */;
			targetProxy = 68AF916E22A90C6A008C01EC /* PBXContainerItemProxy */;
		};
		68AF932022A92DF2008C01EC /* PBXTargetDependency */ = {
			isa = PBXTargetDependency;
			target = 68AF930C22A92DCF008C01EC /* KinSDKTestsHost */;
			targetProxy = 68AF931F22A92DF2008C01EC /* PBXContainerItemProxy */;
		};
/* End PBXTargetDependency section */

/* Begin PBXVariantGroup section */
		68AF931322A92DCF008C01EC /* Main.storyboard */ = {
			isa = PBXVariantGroup;
			children = (
				68AF931422A92DCF008C01EC /* Base */,
			);
			name = Main.storyboard;
			sourceTree = "<group>";
		};
		68AF931822A92DD1008C01EC /* LaunchScreen.storyboard */ = {
			isa = PBXVariantGroup;
			children = (
				68AF931922A92DD1008C01EC /* Base */,
			);
			name = LaunchScreen.storyboard;
			sourceTree = "<group>";
		};
/* End PBXVariantGroup section */

/* Begin XCBuildConfiguration section */
		68AF917522A90C6A008C01EC /* Debug */ = {
			isa = XCBuildConfiguration;
			buildSettings = {
				ALWAYS_SEARCH_USER_PATHS = NO;
				CLANG_ANALYZER_NONNULL = YES;
				CLANG_ANALYZER_NUMBER_OBJECT_CONVERSION = YES_AGGRESSIVE;
				CLANG_CXX_LANGUAGE_STANDARD = "gnu++14";
				CLANG_CXX_LIBRARY = "libc++";
				CLANG_ENABLE_MODULES = YES;
				CLANG_ENABLE_OBJC_ARC = YES;
				CLANG_ENABLE_OBJC_WEAK = YES;
				CLANG_WARN_BLOCK_CAPTURE_AUTORELEASING = YES;
				CLANG_WARN_BOOL_CONVERSION = YES;
				CLANG_WARN_COMMA = YES;
				CLANG_WARN_CONSTANT_CONVERSION = YES;
				CLANG_WARN_DEPRECATED_OBJC_IMPLEMENTATIONS = YES;
				CLANG_WARN_DIRECT_OBJC_ISA_USAGE = YES_ERROR;
				CLANG_WARN_DOCUMENTATION_COMMENTS = YES;
				CLANG_WARN_EMPTY_BODY = YES;
				CLANG_WARN_ENUM_CONVERSION = YES;
				CLANG_WARN_INFINITE_RECURSION = YES;
				CLANG_WARN_INT_CONVERSION = YES;
				CLANG_WARN_NON_LITERAL_NULL_CONVERSION = YES;
				CLANG_WARN_OBJC_IMPLICIT_RETAIN_SELF = YES;
				CLANG_WARN_OBJC_LITERAL_CONVERSION = YES;
				CLANG_WARN_OBJC_ROOT_CLASS = YES_ERROR;
				CLANG_WARN_RANGE_LOOP_ANALYSIS = YES;
				CLANG_WARN_STRICT_PROTOTYPES = YES;
				CLANG_WARN_SUSPICIOUS_MOVE = YES;
				CLANG_WARN_UNGUARDED_AVAILABILITY = YES_AGGRESSIVE;
				CLANG_WARN_UNREACHABLE_CODE = YES;
				CLANG_WARN__DUPLICATE_METHOD_MATCH = YES;
				CODE_SIGN_IDENTITY = "iPhone Developer";
				COPY_PHASE_STRIP = NO;
				CURRENT_PROJECT_VERSION = 1;
				DEBUG_INFORMATION_FORMAT = dwarf;
				ENABLE_STRICT_OBJC_MSGSEND = YES;
				ENABLE_TESTABILITY = YES;
				GCC_C_LANGUAGE_STANDARD = gnu11;
				GCC_DYNAMIC_NO_PIC = NO;
				GCC_NO_COMMON_BLOCKS = YES;
				GCC_OPTIMIZATION_LEVEL = 0;
				GCC_PREPROCESSOR_DEFINITIONS = (
					"DEBUG=1",
					"$(inherited)",
				);
				GCC_WARN_64_TO_32_BIT_CONVERSION = YES;
				GCC_WARN_ABOUT_RETURN_TYPE = YES_ERROR;
				GCC_WARN_UNDECLARED_SELECTOR = YES;
				GCC_WARN_UNINITIALIZED_AUTOS = YES_AGGRESSIVE;
				GCC_WARN_UNUSED_FUNCTION = YES;
				GCC_WARN_UNUSED_VARIABLE = YES;
				IPHONEOS_DEPLOYMENT_TARGET = 12.2;
				MTL_ENABLE_DEBUG_INFO = INCLUDE_SOURCE;
				MTL_FAST_MATH = YES;
				ONLY_ACTIVE_ARCH = YES;
				SDKROOT = iphoneos;
				SWIFT_ACTIVE_COMPILATION_CONDITIONS = DEBUG;
				SWIFT_OPTIMIZATION_LEVEL = "-Onone";
				VERSIONING_SYSTEM = "apple-generic";
				VERSION_INFO_PREFIX = "";
			};
			name = Debug;
		};
		68AF917622A90C6A008C01EC /* Release */ = {
			isa = XCBuildConfiguration;
			buildSettings = {
				ALWAYS_SEARCH_USER_PATHS = NO;
				CLANG_ANALYZER_NONNULL = YES;
				CLANG_ANALYZER_NUMBER_OBJECT_CONVERSION = YES_AGGRESSIVE;
				CLANG_CXX_LANGUAGE_STANDARD = "gnu++14";
				CLANG_CXX_LIBRARY = "libc++";
				CLANG_ENABLE_MODULES = YES;
				CLANG_ENABLE_OBJC_ARC = YES;
				CLANG_ENABLE_OBJC_WEAK = YES;
				CLANG_WARN_BLOCK_CAPTURE_AUTORELEASING = YES;
				CLANG_WARN_BOOL_CONVERSION = YES;
				CLANG_WARN_COMMA = YES;
				CLANG_WARN_CONSTANT_CONVERSION = YES;
				CLANG_WARN_DEPRECATED_OBJC_IMPLEMENTATIONS = YES;
				CLANG_WARN_DIRECT_OBJC_ISA_USAGE = YES_ERROR;
				CLANG_WARN_DOCUMENTATION_COMMENTS = YES;
				CLANG_WARN_EMPTY_BODY = YES;
				CLANG_WARN_ENUM_CONVERSION = YES;
				CLANG_WARN_INFINITE_RECURSION = YES;
				CLANG_WARN_INT_CONVERSION = YES;
				CLANG_WARN_NON_LITERAL_NULL_CONVERSION = YES;
				CLANG_WARN_OBJC_IMPLICIT_RETAIN_SELF = YES;
				CLANG_WARN_OBJC_LITERAL_CONVERSION = YES;
				CLANG_WARN_OBJC_ROOT_CLASS = YES_ERROR;
				CLANG_WARN_RANGE_LOOP_ANALYSIS = YES;
				CLANG_WARN_STRICT_PROTOTYPES = YES;
				CLANG_WARN_SUSPICIOUS_MOVE = YES;
				CLANG_WARN_UNGUARDED_AVAILABILITY = YES_AGGRESSIVE;
				CLANG_WARN_UNREACHABLE_CODE = YES;
				CLANG_WARN__DUPLICATE_METHOD_MATCH = YES;
				CODE_SIGN_IDENTITY = "iPhone Developer";
				COPY_PHASE_STRIP = NO;
				CURRENT_PROJECT_VERSION = 1;
				DEBUG_INFORMATION_FORMAT = "dwarf-with-dsym";
				ENABLE_NS_ASSERTIONS = NO;
				ENABLE_STRICT_OBJC_MSGSEND = YES;
				GCC_C_LANGUAGE_STANDARD = gnu11;
				GCC_NO_COMMON_BLOCKS = YES;
				GCC_WARN_64_TO_32_BIT_CONVERSION = YES;
				GCC_WARN_ABOUT_RETURN_TYPE = YES_ERROR;
				GCC_WARN_UNDECLARED_SELECTOR = YES;
				GCC_WARN_UNINITIALIZED_AUTOS = YES_AGGRESSIVE;
				GCC_WARN_UNUSED_FUNCTION = YES;
				GCC_WARN_UNUSED_VARIABLE = YES;
				IPHONEOS_DEPLOYMENT_TARGET = 12.2;
				MTL_ENABLE_DEBUG_INFO = NO;
				MTL_FAST_MATH = YES;
				SDKROOT = iphoneos;
				SWIFT_COMPILATION_MODE = wholemodule;
				SWIFT_OPTIMIZATION_LEVEL = "-O";
				VALIDATE_PRODUCT = YES;
				VERSIONING_SYSTEM = "apple-generic";
				VERSION_INFO_PREFIX = "";
			};
			name = Release;
		};
		68AF917822A90C6A008C01EC /* Debug */ = {
			isa = XCBuildConfiguration;
			buildSettings = {
				CLANG_ENABLE_MODULES = YES;
				CODE_SIGN_IDENTITY = "";
				CODE_SIGN_STYLE = Automatic;
				DEFINES_MODULE = YES;
				DYLIB_COMPATIBILITY_VERSION = 1;
				DYLIB_CURRENT_VERSION = 1;
				DYLIB_INSTALL_NAME_BASE = "@rpath";
				INFOPLIST_FILE = KinSDK/Info.plist;
				INSTALL_PATH = "$(LOCAL_LIBRARY_DIR)/Frameworks";
				IPHONEOS_DEPLOYMENT_TARGET = 9;
				LD_RUNPATH_SEARCH_PATHS = (
					"$(inherited)",
					"@executable_path/Frameworks",
					"@loader_path/Frameworks",
				);
				LIBRARY_SEARCH_PATHS = (
					"$(inherited)",
					"$(PROJECT_DIR)/KinSDK/Dependencies/swift-sodium/Sodium/libsodium",
				);
				PRODUCT_BUNDLE_IDENTIFIER = com.kinfoundation.KinSDK;
				PRODUCT_NAME = "$(TARGET_NAME:c99extidentifier)";
				SKIP_INSTALL = YES;
				SWIFT_OPTIMIZATION_LEVEL = "-Onone";
				SWIFT_VERSION = 5.0;
				TARGETED_DEVICE_FAMILY = "1,2";
			};
			name = Debug;
		};
		68AF917922A90C6A008C01EC /* Release */ = {
			isa = XCBuildConfiguration;
			buildSettings = {
				CLANG_ENABLE_MODULES = YES;
				CODE_SIGN_IDENTITY = "";
				CODE_SIGN_STYLE = Automatic;
				DEFINES_MODULE = YES;
				DYLIB_COMPATIBILITY_VERSION = 1;
				DYLIB_CURRENT_VERSION = 1;
				DYLIB_INSTALL_NAME_BASE = "@rpath";
				INFOPLIST_FILE = KinSDK/Info.plist;
				INSTALL_PATH = "$(LOCAL_LIBRARY_DIR)/Frameworks";
				IPHONEOS_DEPLOYMENT_TARGET = 9;
				LD_RUNPATH_SEARCH_PATHS = (
					"$(inherited)",
					"@executable_path/Frameworks",
					"@loader_path/Frameworks",
				);
				LIBRARY_SEARCH_PATHS = (
					"$(inherited)",
					"$(PROJECT_DIR)/KinSDK/Dependencies/swift-sodium/Sodium/libsodium",
				);
				PRODUCT_BUNDLE_IDENTIFIER = com.kinfoundation.KinSDK;
				PRODUCT_NAME = "$(TARGET_NAME:c99extidentifier)";
				SKIP_INSTALL = YES;
				SWIFT_VERSION = 5.0;
				TARGETED_DEVICE_FAMILY = "1,2";
			};
			name = Release;
		};
		68AF917B22A90C6A008C01EC /* Debug */ = {
			isa = XCBuildConfiguration;
			buildSettings = {
				BUNDLE_LOADER = "$(TEST_HOST)";
				CLANG_ENABLE_MODULES = YES;
				CODE_SIGN_STYLE = Automatic;
				INFOPLIST_FILE = KinSDKTests/Info.plist;
				LD_RUNPATH_SEARCH_PATHS = (
					"$(inherited)",
					"@executable_path/Frameworks",
					"@loader_path/Frameworks",
				);
				PRODUCT_BUNDLE_IDENTIFIER = com.kinfoundation.KinSDKTests;
				PRODUCT_NAME = "$(TARGET_NAME)";
				SWIFT_OPTIMIZATION_LEVEL = "-Onone";
				SWIFT_VERSION = 5.0;
				TARGETED_DEVICE_FAMILY = "1,2";
				TEST_HOST = "$(BUILT_PRODUCTS_DIR)/KinSDKTestsHost.app/KinSDKTestsHost";
			};
			name = Debug;
		};
		68AF917C22A90C6A008C01EC /* Release */ = {
			isa = XCBuildConfiguration;
			buildSettings = {
				BUNDLE_LOADER = "$(TEST_HOST)";
				CLANG_ENABLE_MODULES = YES;
				CODE_SIGN_STYLE = Automatic;
				INFOPLIST_FILE = KinSDKTests/Info.plist;
				LD_RUNPATH_SEARCH_PATHS = (
					"$(inherited)",
					"@executable_path/Frameworks",
					"@loader_path/Frameworks",
				);
				PRODUCT_BUNDLE_IDENTIFIER = com.kinfoundation.KinSDKTests;
				PRODUCT_NAME = "$(TARGET_NAME)";
				SWIFT_VERSION = 5.0;
				TARGETED_DEVICE_FAMILY = "1,2";
				TEST_HOST = "$(BUILT_PRODUCTS_DIR)/KinSDKTestsHost.app/KinSDKTestsHost";
			};
			name = Release;
		};
		68AF931C22A92DD1008C01EC /* Debug */ = {
			isa = XCBuildConfiguration;
			buildSettings = {
				ASSETCATALOG_COMPILER_APPICON_NAME = AppIcon;
				CODE_SIGN_STYLE = Automatic;
				INFOPLIST_FILE = KinSDKTestsHost/Info.plist;
				LD_RUNPATH_SEARCH_PATHS = (
					"$(inherited)",
					"@executable_path/Frameworks",
				);
				PRODUCT_BUNDLE_IDENTIFIER = com.kinfoundation.KinSDKTestsHost;
				PRODUCT_NAME = "$(TARGET_NAME)";
				SWIFT_VERSION = 5.0;
				TARGETED_DEVICE_FAMILY = "1,2";
			};
			name = Debug;
		};
		68AF931D22A92DD1008C01EC /* Release */ = {
			isa = XCBuildConfiguration;
			buildSettings = {
				ASSETCATALOG_COMPILER_APPICON_NAME = AppIcon;
				CODE_SIGN_STYLE = Automatic;
				INFOPLIST_FILE = KinSDKTestsHost/Info.plist;
				LD_RUNPATH_SEARCH_PATHS = (
					"$(inherited)",
					"@executable_path/Frameworks",
				);
				PRODUCT_BUNDLE_IDENTIFIER = com.kinfoundation.KinSDKTestsHost;
				PRODUCT_NAME = "$(TARGET_NAME)";
				SWIFT_VERSION = 5.0;
				TARGETED_DEVICE_FAMILY = "1,2";
			};
			name = Release;
		};
/* End XCBuildConfiguration section */

/* Begin XCConfigurationList section */
		68AF915D22A90C6A008C01EC /* Build configuration list for PBXProject "KinSDK" */ = {
			isa = XCConfigurationList;
			buildConfigurations = (
				68AF917522A90C6A008C01EC /* Debug */,
				68AF917622A90C6A008C01EC /* Release */,
			);
			defaultConfigurationIsVisible = 0;
			defaultConfigurationName = Release;
		};
		68AF917722A90C6A008C01EC /* Build configuration list for PBXNativeTarget "KinSDK" */ = {
			isa = XCConfigurationList;
			buildConfigurations = (
				68AF917822A90C6A008C01EC /* Debug */,
				68AF917922A90C6A008C01EC /* Release */,
			);
			defaultConfigurationIsVisible = 0;
			defaultConfigurationName = Release;
		};
		68AF917A22A90C6A008C01EC /* Build configuration list for PBXNativeTarget "KinSDKTests" */ = {
			isa = XCConfigurationList;
			buildConfigurations = (
				68AF917B22A90C6A008C01EC /* Debug */,
				68AF917C22A90C6A008C01EC /* Release */,
			);
			defaultConfigurationIsVisible = 0;
			defaultConfigurationName = Release;
		};
		68AF931E22A92DD1008C01EC /* Build configuration list for PBXNativeTarget "KinSDKTestsHost" */ = {
			isa = XCConfigurationList;
			buildConfigurations = (
				68AF931C22A92DD1008C01EC /* Debug */,
				68AF931D22A92DD1008C01EC /* Release */,
			);
			defaultConfigurationIsVisible = 0;
			defaultConfigurationName = Release;
		};
/* End XCConfigurationList section */
	};
	rootObject = 68AF915A22A90C6A008C01EC /* Project object */;
}
