// !$*UTF8*$!
{
	archiveVersion = 1;
	classes = {
	};
	objectVersion = 50;
	objects = {

/* Begin PBXBuildFile section */
		21811AC779F0508C17AF992B /* Pods_KinBackupRestoreModuleTests.framework in Frameworks */ = {isa = PBXBuildFile; fileRef = B5DA5579FDFAD508F6F37BB2 /* Pods_KinBackupRestoreModuleTests.framework */; };
		68005A8B2206FFFB004F791A /* KinBackupRestoreModule.framework in Frameworks */ = {isa = PBXBuildFile; fileRef = 68005A812206FFFB004F791A /* KinBackupRestoreModule.framework */; };
		68005A902206FFFB004F791A /* KinBackupRestoreModuleTests.swift in Sources */ = {isa = PBXBuildFile; fileRef = 68005A8F2206FFFB004F791A /* KinBackupRestoreModuleTests.swift */; };
		68005A922206FFFB004F791A /* KinBackupRestoreModule.h in Headers */ = {isa = PBXBuildFile; fileRef = 68005A842206FFFB004F791A /* KinBackupRestoreModule.h */; settings = {ATTRIBUTES = (Public, ); }; };
		68005ABE22070789004F791A /* Assets.xcassets in Resources */ = {isa = PBXBuildFile; fileRef = 68005AB922070789004F791A /* Assets.xcassets */; };
		68005AC122070789004F791A /* KinBackupRestoreManager.swift in Sources */ = {isa = PBXBuildFile; fileRef = 68005ABD22070789004F791A /* KinBackupRestoreManager.swift */; };
		68005ADE22070793004F791A /* LifeCycleProtocol.swift in Sources */ = {isa = PBXBuildFile; fileRef = 68005AC322070793004F791A /* LifeCycleProtocol.swift */; };
		68005AE022070793004F791A /* BackupCompletedViewController.swift in Sources */ = {isa = PBXBuildFile; fileRef = 68005AC622070793004F791A /* BackupCompletedViewController.swift */; };
		68005AE122070793004F791A /* BackupFlowController.swift in Sources */ = {isa = PBXBuildFile; fileRef = 68005AC822070793004F791A /* BackupFlowController.swift */; };
		68005AE222070793004F791A /* RestoreFlowController.swift in Sources */ = {isa = PBXBuildFile; fileRef = 68005AC922070793004F791A /* RestoreFlowController.swift */; };
		68005AE322070793004F791A /* FlowController.swift in Sources */ = {isa = PBXBuildFile; fileRef = 68005ACA22070793004F791A /* FlowController.swift */; };
		68005AE422070793004F791A /* ViewController.swift in Sources */ = {isa = PBXBuildFile; fileRef = 68005ACB22070793004F791A /* ViewController.swift */; };
		68005AE522070793004F791A /* QRPickerController.swift in Sources */ = {isa = PBXBuildFile; fileRef = 68005ACC22070793004F791A /* QRPickerController.swift */; };
		68005AE622070793004F791A /* PasswordEntryTextField.swift in Sources */ = {isa = PBXBuildFile; fileRef = 68005ACD22070793004F791A /* PasswordEntryTextField.swift */; };
		68005AE722070793004F791A /* PasswordEntryViewController.swift in Sources */ = {isa = PBXBuildFile; fileRef = 68005ACF22070793004F791A /* PasswordEntryViewController.swift */; };
		68005AE922070793004F791A /* RoundButton.swift in Sources */ = {isa = PBXBuildFile; fileRef = 68005AD122070793004F791A /* RoundButton.swift */; };
		68005AEA22070793004F791A /* RestoreViewController.swift in Sources */ = {isa = PBXBuildFile; fileRef = 68005AD322070793004F791A /* RestoreViewController.swift */; };
		68005AED22070793004F791A /* QRViewController.swift in Sources */ = {isa = PBXBuildFile; fileRef = 68005AD722070793004F791A /* QRViewController.swift */; };
		68005AEE22070793004F791A /* ExplanationTemplateViewController.swift in Sources */ = {isa = PBXBuildFile; fileRef = 68005AD922070793004F791A /* ExplanationTemplateViewController.swift */; };
		68005AF022070793004F791A /* BackupIntroViewController.swift in Sources */ = {isa = PBXBuildFile; fileRef = 68005ADC22070793004F791A /* BackupIntroViewController.swift */; };
		68005AF122070793004F791A /* RestoreIntroViewController.swift in Sources */ = {isa = PBXBuildFile; fileRef = 68005ADD22070793004F791A /* RestoreIntroViewController.swift */; };
		68005B0C2208625F004F791A /* Bundle+BackupRestore.swift in Sources */ = {isa = PBXBuildFile; fileRef = 68005B0B2208625F004F791A /* Bundle+BackupRestore.swift */; };
		68005B12220945C2004F791A /* UIColor+Appearance.swift in Sources */ = {isa = PBXBuildFile; fileRef = 68005B11220945C2004F791A /* UIColor+Appearance.swift */; };
		68005B1422094F3E004F791A /* String+Localization.swift in Sources */ = {isa = PBXBuildFile; fileRef = 68005B1322094F3E004F791A /* String+Localization.swift */; };
		68005B192209538C004F791A /* QR.swift in Sources */ = {isa = PBXBuildFile; fileRef = 68005B182209538C004F791A /* QR.swift */; };
		68005B1F220979CE004F791A /* Localizable.strings in Resources */ = {isa = PBXBuildFile; fileRef = 68005B1E220979CE004F791A /* Localizable.strings */; };
		68005B23220AA4B9004F791A /* KinBackupRestoreBI.swift in Sources */ = {isa = PBXBuildFile; fileRef = 68005B22220AA4B9004F791A /* KinBackupRestoreBI.swift */; };
		6804B1022242332100208AE0 /* QRView.swift in Sources */ = {isa = PBXBuildFile; fileRef = 6804B1012242332100208AE0 /* QRView.swift */; };
		6804B1042242440E00208AE0 /* ReminderView.swift in Sources */ = {isa = PBXBuildFile; fileRef = 6804B1032242440E00208AE0 /* ReminderView.swift */; };
		6804B1062248C10200208AE0 /* ExplanationTemplateView.swift in Sources */ = {isa = PBXBuildFile; fileRef = 6804B1052248C10200208AE0 /* ExplanationTemplateView.swift */; };
		6804B129224A08C900208AE0 /* AppDelegate.swift in Sources */ = {isa = PBXBuildFile; fileRef = 6804B128224A08C900208AE0 /* AppDelegate.swift */; };
		6804B12B224A08C900208AE0 /* ViewController.swift in Sources */ = {isa = PBXBuildFile; fileRef = 6804B12A224A08C900208AE0 /* ViewController.swift */; };
		6804B12E224A08C900208AE0 /* Main.storyboard in Resources */ = {isa = PBXBuildFile; fileRef = 6804B12C224A08C900208AE0 /* Main.storyboard */; };
		6804B130224A08CA00208AE0 /* Assets.xcassets in Resources */ = {isa = PBXBuildFile; fileRef = 6804B12F224A08CA00208AE0 /* Assets.xcassets */; };
		6804B133224A08CA00208AE0 /* LaunchScreen.storyboard in Resources */ = {isa = PBXBuildFile; fileRef = 6804B131224A08CA00208AE0 /* LaunchScreen.storyboard */; };
		6804B13B224A145200208AE0 /* QRTests.swift in Sources */ = {isa = PBXBuildFile; fileRef = 6804B13A224A145200208AE0 /* QRTests.swift */; };
		6804B13E224A1AC800208AE0 /* Password.swift in Sources */ = {isa = PBXBuildFile; fileRef = 6804B13D224A1AC800208AE0 /* Password.swift */; };
		6804B140224A1D9E00208AE0 /* PasswordTests.swift in Sources */ = {isa = PBXBuildFile; fileRef = 6804B13F224A1D9E00208AE0 /* PasswordTests.swift */; };
		682EA35B221E928E00D4ADEC /* Notification+Convenience.swift in Sources */ = {isa = PBXBuildFile; fileRef = 682EA35A221E928E00D4ADEC /* Notification+Convenience.swift */; };
		682EA36222229EAB00D4ADEC /* KinBackupRestoreError.swift in Sources */ = {isa = PBXBuildFile; fileRef = 682EA36122229EAB00D4ADEC /* KinBackupRestoreError.swift */; };
		682EA3642222CEA200D4ADEC /* RestoreView.swift in Sources */ = {isa = PBXBuildFile; fileRef = 682EA3632222CEA200D4ADEC /* RestoreView.swift */; };
		682EA3662222D4AA00D4ADEC /* KeyboardAdjustingScrollView.swift in Sources */ = {isa = PBXBuildFile; fileRef = 682EA3652222D4AA00D4ADEC /* KeyboardAdjustingScrollView.swift */; };
		682EA3692223B5FD00D4ADEC /* ConfirmButton.swift in Sources */ = {isa = PBXBuildFile; fileRef = 682EA3682223B5FD00D4ADEC /* ConfirmButton.swift */; };
		6897C6E32252072200502C1C /* CheckboxImageView.swift in Sources */ = {isa = PBXBuildFile; fileRef = 6897C6E22252072200502C1C /* CheckboxImageView.swift */; };
		68A430C32219669000D3B193 /* Animations.swift in Sources */ = {isa = PBXBuildFile; fileRef = 68A430C22219669000D3B193 /* Animations.swift */; };
		68A430C52219930900D3B193 /* UIFont+PreferredFont.swift in Sources */ = {isa = PBXBuildFile; fileRef = 68A430C42219930900D3B193 /* UIFont+PreferredFont.swift */; };
		68A430C72219A03F00D3B193 /* PasswordEntryLabel.swift in Sources */ = {isa = PBXBuildFile; fileRef = 68A430C62219A03F00D3B193 /* PasswordEntryLabel.swift */; };
		68A430D0221C325600D3B193 /* PasswordEntryView.swift in Sources */ = {isa = PBXBuildFile; fileRef = 68A430CF221C325600D3B193 /* PasswordEntryView.swift */; };
		BA884B6F3A47E6FE5D47841F /* Pods_KinBackupRestoreModule.framework in Frameworks */ = {isa = PBXBuildFile; fileRef = E022A76B1DD4F948915AF2C2 /* Pods_KinBackupRestoreModule.framework */; };
/* End PBXBuildFile section */

/* Begin PBXContainerItemProxy section */
		68005A8C2206FFFB004F791A /* PBXContainerItemProxy */ = {
			isa = PBXContainerItemProxy;
			containerPortal = 68005A782206FFFB004F791A /* Project object */;
			proxyType = 1;
			remoteGlobalIDString = 68005A802206FFFB004F791A;
			remoteInfo = KinBackupRestoreModule;
		};
		6804B138224A08D200208AE0 /* PBXContainerItemProxy */ = {
			isa = PBXContainerItemProxy;
			containerPortal = 68005A782206FFFB004F791A /* Project object */;
			proxyType = 1;
			remoteGlobalIDString = 6804B125224A08C900208AE0;
			remoteInfo = KinBackupRestoreModuleTestsHost;
		};
/* End PBXContainerItemProxy section */

/* Begin PBXFileReference section */
		516BB4089A5730E6158639C7 /* Pods-KinBackupRestoreModuleTests.debug.xcconfig */ = {isa = PBXFileReference; includeInIndex = 1; lastKnownFileType = text.xcconfig; name = "Pods-KinBackupRestoreModuleTests.debug.xcconfig"; path = "../Pods/Target Support Files/Pods-KinBackupRestoreModuleTests/Pods-KinBackupRestoreModuleTests.debug.xcconfig"; sourceTree = "<group>"; };
		5409B517CB3CF52572D3098A /* Pods-KinBackupRestoreModuleTests.release.xcconfig */ = {isa = PBXFileReference; includeInIndex = 1; lastKnownFileType = text.xcconfig; name = "Pods-KinBackupRestoreModuleTests.release.xcconfig"; path = "../Pods/Target Support Files/Pods-KinBackupRestoreModuleTests/Pods-KinBackupRestoreModuleTests.release.xcconfig"; sourceTree = "<group>"; };
		68005A812206FFFB004F791A /* KinBackupRestoreModule.framework */ = {isa = PBXFileReference; explicitFileType = wrapper.framework; includeInIndex = 0; path = KinBackupRestoreModule.framework; sourceTree = BUILT_PRODUCTS_DIR; };
		68005A842206FFFB004F791A /* KinBackupRestoreModule.h */ = {isa = PBXFileReference; lastKnownFileType = sourcecode.c.h; path = KinBackupRestoreModule.h; sourceTree = "<group>"; };
		68005A852206FFFB004F791A /* Info.plist */ = {isa = PBXFileReference; lastKnownFileType = text.plist.xml; path = Info.plist; sourceTree = "<group>"; };
		68005A8A2206FFFB004F791A /* KinBackupRestoreModuleTests.xctest */ = {isa = PBXFileReference; explicitFileType = wrapper.cfbundle; includeInIndex = 0; path = KinBackupRestoreModuleTests.xctest; sourceTree = BUILT_PRODUCTS_DIR; };
		68005A8F2206FFFB004F791A /* KinBackupRestoreModuleTests.swift */ = {isa = PBXFileReference; lastKnownFileType = sourcecode.swift; path = KinBackupRestoreModuleTests.swift; sourceTree = "<group>"; };
		68005A912206FFFB004F791A /* Info.plist */ = {isa = PBXFileReference; lastKnownFileType = text.plist.xml; path = Info.plist; sourceTree = "<group>"; };
		68005AB922070789004F791A /* Assets.xcassets */ = {isa = PBXFileReference; lastKnownFileType = folder.assetcatalog; path = Assets.xcassets; sourceTree = "<group>"; };
		68005ABD22070789004F791A /* KinBackupRestoreManager.swift */ = {isa = PBXFileReference; fileEncoding = 4; lastKnownFileType = sourcecode.swift; path = KinBackupRestoreManager.swift; sourceTree = "<group>"; };
		68005AC322070793004F791A /* LifeCycleProtocol.swift */ = {isa = PBXFileReference; fileEncoding = 4; lastKnownFileType = sourcecode.swift; path = LifeCycleProtocol.swift; sourceTree = "<group>"; };
		68005AC622070793004F791A /* BackupCompletedViewController.swift */ = {isa = PBXFileReference; fileEncoding = 4; lastKnownFileType = sourcecode.swift; path = BackupCompletedViewController.swift; sourceTree = "<group>"; };
		68005AC822070793004F791A /* BackupFlowController.swift */ = {isa = PBXFileReference; fileEncoding = 4; lastKnownFileType = sourcecode.swift; path = BackupFlowController.swift; sourceTree = "<group>"; };
		68005AC922070793004F791A /* RestoreFlowController.swift */ = {isa = PBXFileReference; fileEncoding = 4; lastKnownFileType = sourcecode.swift; path = RestoreFlowController.swift; sourceTree = "<group>"; };
		68005ACA22070793004F791A /* FlowController.swift */ = {isa = PBXFileReference; fileEncoding = 4; lastKnownFileType = sourcecode.swift; path = FlowController.swift; sourceTree = "<group>"; };
		68005ACB22070793004F791A /* ViewController.swift */ = {isa = PBXFileReference; fileEncoding = 4; lastKnownFileType = sourcecode.swift; path = ViewController.swift; sourceTree = "<group>"; };
		68005ACC22070793004F791A /* QRPickerController.swift */ = {isa = PBXFileReference; fileEncoding = 4; lastKnownFileType = sourcecode.swift; path = QRPickerController.swift; sourceTree = "<group>"; };
		68005ACD22070793004F791A /* PasswordEntryTextField.swift */ = {isa = PBXFileReference; fileEncoding = 4; lastKnownFileType = sourcecode.swift; path = PasswordEntryTextField.swift; sourceTree = "<group>"; };
		68005ACF22070793004F791A /* PasswordEntryViewController.swift */ = {isa = PBXFileReference; fileEncoding = 4; lastKnownFileType = sourcecode.swift; path = PasswordEntryViewController.swift; sourceTree = "<group>"; };
		68005AD122070793004F791A /* RoundButton.swift */ = {isa = PBXFileReference; fileEncoding = 4; lastKnownFileType = sourcecode.swift; path = RoundButton.swift; sourceTree = "<group>"; };
		68005AD322070793004F791A /* RestoreViewController.swift */ = {isa = PBXFileReference; fileEncoding = 4; lastKnownFileType = sourcecode.swift; path = RestoreViewController.swift; sourceTree = "<group>"; };
		68005AD722070793004F791A /* QRViewController.swift */ = {isa = PBXFileReference; fileEncoding = 4; lastKnownFileType = sourcecode.swift; path = QRViewController.swift; sourceTree = "<group>"; };
		68005AD922070793004F791A /* ExplanationTemplateViewController.swift */ = {isa = PBXFileReference; fileEncoding = 4; lastKnownFileType = sourcecode.swift; path = ExplanationTemplateViewController.swift; sourceTree = "<group>"; };
		68005ADC22070793004F791A /* BackupIntroViewController.swift */ = {isa = PBXFileReference; fileEncoding = 4; lastKnownFileType = sourcecode.swift; path = BackupIntroViewController.swift; sourceTree = "<group>"; };
		68005ADD22070793004F791A /* RestoreIntroViewController.swift */ = {isa = PBXFileReference; fileEncoding = 4; lastKnownFileType = sourcecode.swift; path = RestoreIntroViewController.swift; sourceTree = "<group>"; };
		68005B0B2208625F004F791A /* Bundle+BackupRestore.swift */ = {isa = PBXFileReference; lastKnownFileType = sourcecode.swift; path = "Bundle+BackupRestore.swift"; sourceTree = "<group>"; };
		68005B11220945C2004F791A /* UIColor+Appearance.swift */ = {isa = PBXFileReference; fileEncoding = 4; lastKnownFileType = sourcecode.swift; path = "UIColor+Appearance.swift"; sourceTree = "<group>"; };
		68005B1322094F3E004F791A /* String+Localization.swift */ = {isa = PBXFileReference; lastKnownFileType = sourcecode.swift; path = "String+Localization.swift"; sourceTree = "<group>"; };
		68005B182209538C004F791A /* QR.swift */ = {isa = PBXFileReference; fileEncoding = 4; lastKnownFileType = sourcecode.swift; path = QR.swift; sourceTree = "<group>"; };
		68005B1E220979CE004F791A /* Localizable.strings */ = {isa = PBXFileReference; fileEncoding = 4; lastKnownFileType = text.plist.strings; path = Localizable.strings; sourceTree = "<group>"; };
		68005B22220AA4B9004F791A /* KinBackupRestoreBI.swift */ = {isa = PBXFileReference; fileEncoding = 4; lastKnownFileType = sourcecode.swift; path = KinBackupRestoreBI.swift; sourceTree = "<group>"; };
		6804B1012242332100208AE0 /* QRView.swift */ = {isa = PBXFileReference; lastKnownFileType = sourcecode.swift; path = QRView.swift; sourceTree = "<group>"; };
		6804B1032242440E00208AE0 /* ReminderView.swift */ = {isa = PBXFileReference; lastKnownFileType = sourcecode.swift; path = ReminderView.swift; sourceTree = "<group>"; };
		6804B1052248C10200208AE0 /* ExplanationTemplateView.swift */ = {isa = PBXFileReference; lastKnownFileType = sourcecode.swift; path = ExplanationTemplateView.swift; sourceTree = "<group>"; };
		6804B126224A08C900208AE0 /* KinBackupRestoreModuleTestsHost.app */ = {isa = PBXFileReference; explicitFileType = wrapper.application; includeInIndex = 0; path = KinBackupRestoreModuleTestsHost.app; sourceTree = BUILT_PRODUCTS_DIR; };
		6804B128224A08C900208AE0 /* AppDelegate.swift */ = {isa = PBXFileReference; lastKnownFileType = sourcecode.swift; path = AppDelegate.swift; sourceTree = "<group>"; };
		6804B12A224A08C900208AE0 /* ViewController.swift */ = {isa = PBXFileReference; lastKnownFileType = sourcecode.swift; path = ViewController.swift; sourceTree = "<group>"; };
		6804B12D224A08C900208AE0 /* Base */ = {isa = PBXFileReference; lastKnownFileType = file.storyboard; name = Base; path = Base.lproj/Main.storyboard; sourceTree = "<group>"; };
		6804B12F224A08CA00208AE0 /* Assets.xcassets */ = {isa = PBXFileReference; lastKnownFileType = folder.assetcatalog; path = Assets.xcassets; sourceTree = "<group>"; };
		6804B132224A08CA00208AE0 /* Base */ = {isa = PBXFileReference; lastKnownFileType = file.storyboard; name = Base; path = Base.lproj/LaunchScreen.storyboard; sourceTree = "<group>"; };
		6804B134224A08CA00208AE0 /* Info.plist */ = {isa = PBXFileReference; lastKnownFileType = text.plist.xml; path = Info.plist; sourceTree = "<group>"; };
		6804B13A224A145200208AE0 /* QRTests.swift */ = {isa = PBXFileReference; lastKnownFileType = sourcecode.swift; path = QRTests.swift; sourceTree = "<group>"; };
		6804B13D224A1AC800208AE0 /* Password.swift */ = {isa = PBXFileReference; lastKnownFileType = sourcecode.swift; path = Password.swift; sourceTree = "<group>"; };
		6804B13F224A1D9E00208AE0 /* PasswordTests.swift */ = {isa = PBXFileReference; lastKnownFileType = sourcecode.swift; path = PasswordTests.swift; sourceTree = "<group>"; };
		682EA35A221E928E00D4ADEC /* Notification+Convenience.swift */ = {isa = PBXFileReference; lastKnownFileType = sourcecode.swift; path = "Notification+Convenience.swift"; sourceTree = "<group>"; };
		682EA36122229EAB00D4ADEC /* KinBackupRestoreError.swift */ = {isa = PBXFileReference; lastKnownFileType = sourcecode.swift; path = KinBackupRestoreError.swift; sourceTree = "<group>"; };
		682EA3632222CEA200D4ADEC /* RestoreView.swift */ = {isa = PBXFileReference; lastKnownFileType = sourcecode.swift; path = RestoreView.swift; sourceTree = "<group>"; };
		682EA3652222D4AA00D4ADEC /* KeyboardAdjustingScrollView.swift */ = {isa = PBXFileReference; lastKnownFileType = sourcecode.swift; path = KeyboardAdjustingScrollView.swift; sourceTree = "<group>"; };
		682EA3682223B5FD00D4ADEC /* ConfirmButton.swift */ = {isa = PBXFileReference; lastKnownFileType = sourcecode.swift; path = ConfirmButton.swift; sourceTree = "<group>"; };
		6897C6E22252072200502C1C /* CheckboxImageView.swift */ = {isa = PBXFileReference; lastKnownFileType = sourcecode.swift; path = CheckboxImageView.swift; sourceTree = "<group>"; };
		68A430C22219669000D3B193 /* Animations.swift */ = {isa = PBXFileReference; lastKnownFileType = sourcecode.swift; path = Animations.swift; sourceTree = "<group>"; };
		68A430C42219930900D3B193 /* UIFont+PreferredFont.swift */ = {isa = PBXFileReference; lastKnownFileType = sourcecode.swift; path = "UIFont+PreferredFont.swift"; sourceTree = "<group>"; };
		68A430C62219A03F00D3B193 /* PasswordEntryLabel.swift */ = {isa = PBXFileReference; lastKnownFileType = sourcecode.swift; path = PasswordEntryLabel.swift; sourceTree = "<group>"; };
		68A430CF221C325600D3B193 /* PasswordEntryView.swift */ = {isa = PBXFileReference; lastKnownFileType = sourcecode.swift; path = PasswordEntryView.swift; sourceTree = "<group>"; };
		6930B6AE5D9BF6E83FAE65D8 /* Pods-KinBackupRestoreModule.release.xcconfig */ = {isa = PBXFileReference; includeInIndex = 1; lastKnownFileType = text.xcconfig; name = "Pods-KinBackupRestoreModule.release.xcconfig"; path = "../Pods/Target Support Files/Pods-KinBackupRestoreModule/Pods-KinBackupRestoreModule.release.xcconfig"; sourceTree = "<group>"; };
		804F09987432C25F46737269 /* Pods-KinBackupRestoreModule.debug.xcconfig */ = {isa = PBXFileReference; includeInIndex = 1; lastKnownFileType = text.xcconfig; name = "Pods-KinBackupRestoreModule.debug.xcconfig"; path = "../Pods/Target Support Files/Pods-KinBackupRestoreModule/Pods-KinBackupRestoreModule.debug.xcconfig"; sourceTree = "<group>"; };
		B5DA5579FDFAD508F6F37BB2 /* Pods_KinBackupRestoreModuleTests.framework */ = {isa = PBXFileReference; explicitFileType = wrapper.framework; includeInIndex = 0; path = Pods_KinBackupRestoreModuleTests.framework; sourceTree = BUILT_PRODUCTS_DIR; };
		E022A76B1DD4F948915AF2C2 /* Pods_KinBackupRestoreModule.framework */ = {isa = PBXFileReference; explicitFileType = wrapper.framework; includeInIndex = 0; path = Pods_KinBackupRestoreModule.framework; sourceTree = BUILT_PRODUCTS_DIR; };
/* End PBXFileReference section */

/* Begin PBXFrameworksBuildPhase section */
		68005A7E2206FFFB004F791A /* Frameworks */ = {
			isa = PBXFrameworksBuildPhase;
			buildActionMask = 2147483647;
			files = (
				BA884B6F3A47E6FE5D47841F /* Pods_KinBackupRestoreModule.framework in Frameworks */,
			);
			runOnlyForDeploymentPostprocessing = 0;
		};
		68005A872206FFFB004F791A /* Frameworks */ = {
			isa = PBXFrameworksBuildPhase;
			buildActionMask = 2147483647;
			files = (
				68005A8B2206FFFB004F791A /* KinBackupRestoreModule.framework in Frameworks */,
				21811AC779F0508C17AF992B /* Pods_KinBackupRestoreModuleTests.framework in Frameworks */,
			);
			runOnlyForDeploymentPostprocessing = 0;
		};
		6804B123224A08C900208AE0 /* Frameworks */ = {
			isa = PBXFrameworksBuildPhase;
			buildActionMask = 2147483647;
			files = (
			);
			runOnlyForDeploymentPostprocessing = 0;
		};
/* End PBXFrameworksBuildPhase section */

/* Begin PBXGroup section */
		3BA09020C8C3976223931D4C /* Frameworks */ = {
			isa = PBXGroup;
			children = (
				E022A76B1DD4F948915AF2C2 /* Pods_KinBackupRestoreModule.framework */,
				B5DA5579FDFAD508F6F37BB2 /* Pods_KinBackupRestoreModuleTests.framework */,
			);
			name = Frameworks;
			sourceTree = "<group>";
		};
		68005A772206FFFB004F791A = {
			isa = PBXGroup;
			children = (
				68005A832206FFFB004F791A /* KinBackupRestoreModule */,
				68005A8E2206FFFB004F791A /* KinBackupRestoreModuleTests */,
				6804B127224A08C900208AE0 /* KinBackupRestoreModuleTestsHost */,
				68005A822206FFFB004F791A /* Products */,
				7B38FBE6DDB54E844ACE6732 /* Pods */,
				3BA09020C8C3976223931D4C /* Frameworks */,
			);
			sourceTree = "<group>";
		};
		68005A822206FFFB004F791A /* Products */ = {
			isa = PBXGroup;
			children = (
				68005A812206FFFB004F791A /* KinBackupRestoreModule.framework */,
				68005A8A2206FFFB004F791A /* KinBackupRestoreModuleTests.xctest */,
				6804B126224A08C900208AE0 /* KinBackupRestoreModuleTestsHost.app */,
			);
			name = Products;
			sourceTree = "<group>";
		};
		68005A832206FFFB004F791A /* KinBackupRestoreModule */ = {
			isa = PBXGroup;
			children = (
				68005AB922070789004F791A /* Assets.xcassets */,
				68005ABA22070789004F791A /* Extensions */,
				68005A852206FFFB004F791A /* Info.plist */,
				68005B22220AA4B9004F791A /* KinBackupRestoreBI.swift */,
				682EA36122229EAB00D4ADEC /* KinBackupRestoreError.swift */,
				68005ABD22070789004F791A /* KinBackupRestoreManager.swift */,
				68005A842206FFFB004F791A /* KinBackupRestoreModule.h */,
				68005B1E220979CE004F791A /* Localizable.strings */,
				68005AC222070793004F791A /* Protocols */,
				6804B13C224A1A1200208AE0 /* Utilities */,
				68005AC522070793004F791A /* Views */,
			);
			path = KinBackupRestoreModule;
			sourceTree = "<group>";
		};
		68005A8E2206FFFB004F791A /* KinBackupRestoreModuleTests */ = {
			isa = PBXGroup;
			children = (
				68005A8F2206FFFB004F791A /* KinBackupRestoreModuleTests.swift */,
				6804B13F224A1D9E00208AE0 /* PasswordTests.swift */,
				6804B13A224A145200208AE0 /* QRTests.swift */,
				68005A912206FFFB004F791A /* Info.plist */,
			);
			path = KinBackupRestoreModuleTests;
			sourceTree = "<group>";
		};
		68005ABA22070789004F791A /* Extensions */ = {
			isa = PBXGroup;
			children = (
				68005B0B2208625F004F791A /* Bundle+BackupRestore.swift */,
				68005B1322094F3E004F791A /* String+Localization.swift */,
				68005B11220945C2004F791A /* UIColor+Appearance.swift */,
				68A430C42219930900D3B193 /* UIFont+PreferredFont.swift */,
				682EA35A221E928E00D4ADEC /* Notification+Convenience.swift */,
			);
			path = Extensions;
			sourceTree = "<group>";
		};
		68005AC222070793004F791A /* Protocols */ = {
			isa = PBXGroup;
			children = (
				68005AC322070793004F791A /* LifeCycleProtocol.swift */,
			);
			path = Protocols;
			sourceTree = "<group>";
		};
		68005AC522070793004F791A /* Views */ = {
			isa = PBXGroup;
			children = (
				68A430C22219669000D3B193 /* Animations.swift */,
				68005AC622070793004F791A /* BackupCompletedViewController.swift */,
				682EA3672223B5D400D4ADEC /* Button */,
				6897C6E22252072200502C1C /* CheckboxImageView.swift */,
				68005AD822070793004F791A /* ExplanationTemplate */,
				68005AC722070793004F791A /* FlowController */,
				68005ADB22070793004F791A /* IntroViewController */,
				682EA3652222D4AA00D4ADEC /* KeyboardAdjustingScrollView.swift */,
				68005ACE22070793004F791A /* PasswordEntry */,
				6804B1032242440E00208AE0 /* ReminderView.swift */,
				68005AD222070793004F791A /* Restore */,
				68005AD522070793004F791A /* QR */,
				68005ACB22070793004F791A /* ViewController.swift */,
			);
			path = Views;
			sourceTree = "<group>";
		};
		68005AC722070793004F791A /* FlowController */ = {
			isa = PBXGroup;
			children = (
				68005AC822070793004F791A /* BackupFlowController.swift */,
				68005AC922070793004F791A /* RestoreFlowController.swift */,
				68005ACA22070793004F791A /* FlowController.swift */,
			);
			path = FlowController;
			sourceTree = "<group>";
		};
		68005ACE22070793004F791A /* PasswordEntry */ = {
			isa = PBXGroup;
			children = (
				68005ACD22070793004F791A /* PasswordEntryTextField.swift */,
				68005ACF22070793004F791A /* PasswordEntryViewController.swift */,
				68A430C62219A03F00D3B193 /* PasswordEntryLabel.swift */,
				68A430CF221C325600D3B193 /* PasswordEntryView.swift */,
			);
			path = PasswordEntry;
			sourceTree = "<group>";
		};
		68005AD222070793004F791A /* Restore */ = {
			isa = PBXGroup;
			children = (
				682EA3632222CEA200D4ADEC /* RestoreView.swift */,
				68005AD322070793004F791A /* RestoreViewController.swift */,
			);
			path = Restore;
			sourceTree = "<group>";
		};
		68005AD522070793004F791A /* QR */ = {
			isa = PBXGroup;
			children = (
				68005ACC22070793004F791A /* QRPickerController.swift */,
				6804B1012242332100208AE0 /* QRView.swift */,
				68005AD722070793004F791A /* QRViewController.swift */,
			);
			path = QR;
			sourceTree = "<group>";
		};
		68005AD822070793004F791A /* ExplanationTemplate */ = {
			isa = PBXGroup;
			children = (
				6804B1052248C10200208AE0 /* ExplanationTemplateView.swift */,
				68005AD922070793004F791A /* ExplanationTemplateViewController.swift */,
			);
			path = ExplanationTemplate;
			sourceTree = "<group>";
		};
		68005ADB22070793004F791A /* IntroViewController */ = {
			isa = PBXGroup;
			children = (
				68005ADC22070793004F791A /* BackupIntroViewController.swift */,
				68005ADD22070793004F791A /* RestoreIntroViewController.swift */,
			);
			path = IntroViewController;
			sourceTree = "<group>";
		};
		6804B127224A08C900208AE0 /* KinBackupRestoreModuleTestsHost */ = {
			isa = PBXGroup;
			children = (
				6804B128224A08C900208AE0 /* AppDelegate.swift */,
				6804B12A224A08C900208AE0 /* ViewController.swift */,
				6804B12C224A08C900208AE0 /* Main.storyboard */,
				6804B12F224A08CA00208AE0 /* Assets.xcassets */,
				6804B131224A08CA00208AE0 /* LaunchScreen.storyboard */,
				6804B134224A08CA00208AE0 /* Info.plist */,
			);
			path = KinBackupRestoreModuleTestsHost;
			sourceTree = "<group>";
		};
		6804B13C224A1A1200208AE0 /* Utilities */ = {
			isa = PBXGroup;
			children = (
				6804B13D224A1AC800208AE0 /* Password.swift */,
				68005B182209538C004F791A /* QR.swift */,
			);
			path = Utilities;
			sourceTree = "<group>";
		};
		682EA3672223B5D400D4ADEC /* Button */ = {
			isa = PBXGroup;
			children = (
				68005AD122070793004F791A /* RoundButton.swift */,
				682EA3682223B5FD00D4ADEC /* ConfirmButton.swift */,
			);
			path = Button;
			sourceTree = "<group>";
		};
		7B38FBE6DDB54E844ACE6732 /* Pods */ = {
			isa = PBXGroup;
			children = (
				804F09987432C25F46737269 /* Pods-KinBackupRestoreModule.debug.xcconfig */,
				6930B6AE5D9BF6E83FAE65D8 /* Pods-KinBackupRestoreModule.release.xcconfig */,
				516BB4089A5730E6158639C7 /* Pods-KinBackupRestoreModuleTests.debug.xcconfig */,
				5409B517CB3CF52572D3098A /* Pods-KinBackupRestoreModuleTests.release.xcconfig */,
			);
			name = Pods;
			sourceTree = "<group>";
		};
/* End PBXGroup section */

/* Begin PBXHeadersBuildPhase section */
		68005A7C2206FFFB004F791A /* Headers */ = {
			isa = PBXHeadersBuildPhase;
			buildActionMask = 2147483647;
			files = (
				68005A922206FFFB004F791A /* KinBackupRestoreModule.h in Headers */,
			);
			runOnlyForDeploymentPostprocessing = 0;
		};
/* End PBXHeadersBuildPhase section */

/* Begin PBXNativeTarget section */
		68005A802206FFFB004F791A /* KinBackupRestoreModule */ = {
			isa = PBXNativeTarget;
			buildConfigurationList = 68005A952206FFFB004F791A /* Build configuration list for PBXNativeTarget "KinBackupRestoreModule" */;
			buildPhases = (
				AAAE36F9C1AFCB9B98DE5448 /* [CP] Check Pods Manifest.lock */,
				68005A7C2206FFFB004F791A /* Headers */,
				68005A7D2206FFFB004F791A /* Sources */,
				68005A7E2206FFFB004F791A /* Frameworks */,
				68005A7F2206FFFB004F791A /* Resources */,
			);
			buildRules = (
			);
			dependencies = (
			);
			name = KinBackupRestoreModule;
			productName = KinBackupRestoreModule;
			productReference = 68005A812206FFFB004F791A /* KinBackupRestoreModule.framework */;
			productType = "com.apple.product-type.framework";
		};
		68005A892206FFFB004F791A /* KinBackupRestoreModuleTests */ = {
			isa = PBXNativeTarget;
			buildConfigurationList = 68005A982206FFFB004F791A /* Build configuration list for PBXNativeTarget "KinBackupRestoreModuleTests" */;
			buildPhases = (
				7D5FDAF395D35D82CED5D91F /* [CP] Check Pods Manifest.lock */,
				68005A862206FFFB004F791A /* Sources */,
				68005A872206FFFB004F791A /* Frameworks */,
				68005A882206FFFB004F791A /* Resources */,
				711AD00C3A256C8895621402 /* [CP] Embed Pods Frameworks */,
			);
			buildRules = (
			);
			dependencies = (
				68005A8D2206FFFB004F791A /* PBXTargetDependency */,
				6804B139224A08D200208AE0 /* PBXTargetDependency */,
			);
			name = KinBackupRestoreModuleTests;
			productName = KinBackupRestoreModuleTests;
			productReference = 68005A8A2206FFFB004F791A /* KinBackupRestoreModuleTests.xctest */;
			productType = "com.apple.product-type.bundle.unit-test";
		};
		6804B125224A08C900208AE0 /* KinBackupRestoreModuleTestsHost */ = {
			isa = PBXNativeTarget;
			buildConfigurationList = 6804B135224A08CA00208AE0 /* Build configuration list for PBXNativeTarget "KinBackupRestoreModuleTestsHost" */;
			buildPhases = (
				6804B122224A08C900208AE0 /* Sources */,
				6804B123224A08C900208AE0 /* Frameworks */,
				6804B124224A08C900208AE0 /* Resources */,
			);
			buildRules = (
			);
			dependencies = (
			);
			name = KinBackupRestoreModuleTestsHost;
			productName = KinBackupRestoreModuleTestsHost;
			productReference = 6804B126224A08C900208AE0 /* KinBackupRestoreModuleTestsHost.app */;
			productType = "com.apple.product-type.application";
		};
/* End PBXNativeTarget section */

/* Begin PBXProject section */
		68005A782206FFFB004F791A /* Project object */ = {
			isa = PBXProject;
			attributes = {
				LastSwiftUpdateCheck = 1010;
				LastUpgradeCheck = 1010;
				ORGANIZATIONNAME = "Kin Foundation";
				TargetAttributes = {
					68005A802206FFFB004F791A = {
						CreatedOnToolsVersion = 10.1;
						LastSwiftMigration = 1010;
					};
					68005A892206FFFB004F791A = {
						CreatedOnToolsVersion = 10.1;
						TestTargetID = 6804B125224A08C900208AE0;
					};
					6804B125224A08C900208AE0 = {
						CreatedOnToolsVersion = 10.1;
					};
				};
			};
			buildConfigurationList = 68005A7B2206FFFB004F791A /* Build configuration list for PBXProject "KinBackupRestoreModule" */;
			compatibilityVersion = "Xcode 9.3";
			developmentRegion = en;
			hasScannedForEncodings = 0;
			knownRegions = (
				en,
				Base,
			);
			mainGroup = 68005A772206FFFB004F791A;
			productRefGroup = 68005A822206FFFB004F791A /* Products */;
			projectDirPath = "";
			projectRoot = "";
			targets = (
				68005A802206FFFB004F791A /* KinBackupRestoreModule */,
				68005A892206FFFB004F791A /* KinBackupRestoreModuleTests */,
				6804B125224A08C900208AE0 /* KinBackupRestoreModuleTestsHost */,
			);
		};
/* End PBXProject section */

/* Begin PBXResourcesBuildPhase section */
		68005A7F2206FFFB004F791A /* Resources */ = {
			isa = PBXResourcesBuildPhase;
			buildActionMask = 2147483647;
			files = (
				68005B1F220979CE004F791A /* Localizable.strings in Resources */,
				68005ABE22070789004F791A /* Assets.xcassets in Resources */,
			);
			runOnlyForDeploymentPostprocessing = 0;
		};
		68005A882206FFFB004F791A /* Resources */ = {
			isa = PBXResourcesBuildPhase;
			buildActionMask = 2147483647;
			files = (
			);
			runOnlyForDeploymentPostprocessing = 0;
		};
		6804B124224A08C900208AE0 /* Resources */ = {
			isa = PBXResourcesBuildPhase;
			buildActionMask = 2147483647;
			files = (
				6804B133224A08CA00208AE0 /* LaunchScreen.storyboard in Resources */,
				6804B130224A08CA00208AE0 /* Assets.xcassets in Resources */,
				6804B12E224A08C900208AE0 /* Main.storyboard in Resources */,
			);
			runOnlyForDeploymentPostprocessing = 0;
		};
/* End PBXResourcesBuildPhase section */

/* Begin PBXShellScriptBuildPhase section */
		711AD00C3A256C8895621402 /* [CP] Embed Pods Frameworks */ = {
			isa = PBXShellScriptBuildPhase;
			buildActionMask = 2147483647;
			files = (
			);
			inputFileListPaths = (
			);
			inputPaths = (
				"${PODS_ROOT}/Target Support Files/Pods-KinBackupRestoreModuleTests/Pods-KinBackupRestoreModuleTests-frameworks.sh",
				"${BUILT_PRODUCTS_DIR}/KinSDK/KinSDK.framework",
				"${BUILT_PRODUCTS_DIR}/KinUtil/KinUtil.framework",
				"${BUILT_PRODUCTS_DIR}/Sodium/Sodium.framework",
			);
			name = "[CP] Embed Pods Frameworks";
			outputFileListPaths = (
			);
			outputPaths = (
				"${TARGET_BUILD_DIR}/${FRAMEWORKS_FOLDER_PATH}/KinSDK.framework",
				"${TARGET_BUILD_DIR}/${FRAMEWORKS_FOLDER_PATH}/KinUtil.framework",
				"${TARGET_BUILD_DIR}/${FRAMEWORKS_FOLDER_PATH}/Sodium.framework",
			);
			runOnlyForDeploymentPostprocessing = 0;
			shellPath = /bin/sh;
			shellScript = "\"${PODS_ROOT}/Target Support Files/Pods-KinBackupRestoreModuleTests/Pods-KinBackupRestoreModuleTests-frameworks.sh\"\n";
			showEnvVarsInLog = 0;
		};
		7D5FDAF395D35D82CED5D91F /* [CP] Check Pods Manifest.lock */ = {
			isa = PBXShellScriptBuildPhase;
			buildActionMask = 2147483647;
			files = (
			);
			inputFileListPaths = (
			);
			inputPaths = (
				"${PODS_PODFILE_DIR_PATH}/Podfile.lock",
				"${PODS_ROOT}/Manifest.lock",
			);
			name = "[CP] Check Pods Manifest.lock";
			outputFileListPaths = (
			);
			outputPaths = (
				"$(DERIVED_FILE_DIR)/Pods-KinBackupRestoreModuleTests-checkManifestLockResult.txt",
			);
			runOnlyForDeploymentPostprocessing = 0;
			shellPath = /bin/sh;
			shellScript = "diff \"${PODS_PODFILE_DIR_PATH}/Podfile.lock\" \"${PODS_ROOT}/Manifest.lock\" > /dev/null\nif [ $? != 0 ] ; then\n    # print error to STDERR\n    echo \"error: The sandbox is not in sync with the Podfile.lock. Run 'pod install' or update your CocoaPods installation.\" >&2\n    exit 1\nfi\n# This output is used by Xcode 'outputs' to avoid re-running this script phase.\necho \"SUCCESS\" > \"${SCRIPT_OUTPUT_FILE_0}\"\n";
			showEnvVarsInLog = 0;
		};
		AAAE36F9C1AFCB9B98DE5448 /* [CP] Check Pods Manifest.lock */ = {
			isa = PBXShellScriptBuildPhase;
			buildActionMask = 2147483647;
			files = (
			);
			inputFileListPaths = (
			);
			inputPaths = (
				"${PODS_PODFILE_DIR_PATH}/Podfile.lock",
				"${PODS_ROOT}/Manifest.lock",
			);
			name = "[CP] Check Pods Manifest.lock";
			outputFileListPaths = (
			);
			outputPaths = (
				"$(DERIVED_FILE_DIR)/Pods-KinBackupRestoreModule-checkManifestLockResult.txt",
			);
			runOnlyForDeploymentPostprocessing = 0;
			shellPath = /bin/sh;
			shellScript = "diff \"${PODS_PODFILE_DIR_PATH}/Podfile.lock\" \"${PODS_ROOT}/Manifest.lock\" > /dev/null\nif [ $? != 0 ] ; then\n    # print error to STDERR\n    echo \"error: The sandbox is not in sync with the Podfile.lock. Run 'pod install' or update your CocoaPods installation.\" >&2\n    exit 1\nfi\n# This output is used by Xcode 'outputs' to avoid re-running this script phase.\necho \"SUCCESS\" > \"${SCRIPT_OUTPUT_FILE_0}\"\n";
			showEnvVarsInLog = 0;
		};
/* End PBXShellScriptBuildPhase section */

/* Begin PBXSourcesBuildPhase section */
		68005A7D2206FFFB004F791A /* Sources */ = {
			isa = PBXSourcesBuildPhase;
			buildActionMask = 2147483647;
			files = (
				6897C6E32252072200502C1C /* CheckboxImageView.swift in Sources */,
				68005ADE22070793004F791A /* LifeCycleProtocol.swift in Sources */,
				68005B1422094F3E004F791A /* String+Localization.swift in Sources */,
				68A430D0221C325600D3B193 /* PasswordEntryView.swift in Sources */,
				68005AC122070789004F791A /* KinBackupRestoreManager.swift in Sources */,
				68005AE922070793004F791A /* RoundButton.swift in Sources */,
				68A430C72219A03F00D3B193 /* PasswordEntryLabel.swift in Sources */,
				68005AED22070793004F791A /* QRViewController.swift in Sources */,
				68005B12220945C2004F791A /* UIColor+Appearance.swift in Sources */,
				682EA3692223B5FD00D4ADEC /* ConfirmButton.swift in Sources */,
				68A430C52219930900D3B193 /* UIFont+PreferredFont.swift in Sources */,
				68A430C32219669000D3B193 /* Animations.swift in Sources */,
				68005B0C2208625F004F791A /* Bundle+BackupRestore.swift in Sources */,
				68005B192209538C004F791A /* QR.swift in Sources */,
				6804B1022242332100208AE0 /* QRView.swift in Sources */,
				68005AE322070793004F791A /* FlowController.swift in Sources */,
				682EA3642222CEA200D4ADEC /* RestoreView.swift in Sources */,
				6804B1042242440E00208AE0 /* ReminderView.swift in Sources */,
				68005AF022070793004F791A /* BackupIntroViewController.swift in Sources */,
				6804B1062248C10200208AE0 /* ExplanationTemplateView.swift in Sources */,
				68005AEA22070793004F791A /* RestoreViewController.swift in Sources */,
				68005AE122070793004F791A /* BackupFlowController.swift in Sources */,
				68005B23220AA4B9004F791A /* KinBackupRestoreBI.swift in Sources */,
				68005AE422070793004F791A /* ViewController.swift in Sources */,
				682EA36222229EAB00D4ADEC /* KinBackupRestoreError.swift in Sources */,
				68005AE722070793004F791A /* PasswordEntryViewController.swift in Sources */,
				68005AE022070793004F791A /* BackupCompletedViewController.swift in Sources */,
				6804B13E224A1AC800208AE0 /* Password.swift in Sources */,
				682EA35B221E928E00D4ADEC /* Notification+Convenience.swift in Sources */,
				68005AE622070793004F791A /* PasswordEntryTextField.swift in Sources */,
				68005AEE22070793004F791A /* ExplanationTemplateViewController.swift in Sources */,
				68005AE522070793004F791A /* QRPickerController.swift in Sources */,
				682EA3662222D4AA00D4ADEC /* KeyboardAdjustingScrollView.swift in Sources */,
				68005AF122070793004F791A /* RestoreIntroViewController.swift in Sources */,
				68005AE222070793004F791A /* RestoreFlowController.swift in Sources */,
			);
			runOnlyForDeploymentPostprocessing = 0;
		};
		68005A862206FFFB004F791A /* Sources */ = {
			isa = PBXSourcesBuildPhase;
			buildActionMask = 2147483647;
			files = (
				6804B140224A1D9E00208AE0 /* PasswordTests.swift in Sources */,
				6804B13B224A145200208AE0 /* QRTests.swift in Sources */,
				68005A902206FFFB004F791A /* KinBackupRestoreModuleTests.swift in Sources */,
			);
			runOnlyForDeploymentPostprocessing = 0;
		};
		6804B122224A08C900208AE0 /* Sources */ = {
			isa = PBXSourcesBuildPhase;
			buildActionMask = 2147483647;
			files = (
				6804B12B224A08C900208AE0 /* ViewController.swift in Sources */,
				6804B129224A08C900208AE0 /* AppDelegate.swift in Sources */,
			);
			runOnlyForDeploymentPostprocessing = 0;
		};
/* End PBXSourcesBuildPhase section */

/* Begin PBXTargetDependency section */
		68005A8D2206FFFB004F791A /* PBXTargetDependency */ = {
			isa = PBXTargetDependency;
			target = 68005A802206FFFB004F791A /* KinBackupRestoreModule */;
			targetProxy = 68005A8C2206FFFB004F791A /* PBXContainerItemProxy */;
		};
		6804B139224A08D200208AE0 /* PBXTargetDependency */ = {
			isa = PBXTargetDependency;
			target = 6804B125224A08C900208AE0 /* KinBackupRestoreModuleTestsHost */;
			targetProxy = 6804B138224A08D200208AE0 /* PBXContainerItemProxy */;
		};
/* End PBXTargetDependency section */

/* Begin PBXVariantGroup section */
		6804B12C224A08C900208AE0 /* Main.storyboard */ = {
			isa = PBXVariantGroup;
			children = (
				6804B12D224A08C900208AE0 /* Base */,
			);
			name = Main.storyboard;
			sourceTree = "<group>";
		};
		6804B131224A08CA00208AE0 /* LaunchScreen.storyboard */ = {
			isa = PBXVariantGroup;
			children = (
				6804B132224A08CA00208AE0 /* Base */,
			);
			name = LaunchScreen.storyboard;
			sourceTree = "<group>";
		};
/* End PBXVariantGroup section */

/* Begin XCBuildConfiguration section */
		68005A932206FFFB004F791A /* Debug */ = {
			isa = XCBuildConfiguration;
			buildSettings = {
				ALWAYS_SEARCH_USER_PATHS = NO;
				CLANG_ANALYZER_NONNULL = YES;
				CLANG_ANALYZER_NUMBER_OBJECT_CONVERSION = YES_AGGRESSIVE;
				CLANG_CXX_LANGUAGE_STANDARD = "gnu++14";
				CLANG_CXX_LIBRARY = "libc++";
				CLANG_ENABLE_MODULES = YES;
				CLANG_ENABLE_OBJC_ARC = YES;
				CLANG_ENABLE_OBJC_WEAK = YES;
				CLANG_WARN_BLOCK_CAPTURE_AUTORELEASING = YES;
				CLANG_WARN_BOOL_CONVERSION = YES;
				CLANG_WARN_COMMA = YES;
				CLANG_WARN_CONSTANT_CONVERSION = YES;
				CLANG_WARN_DEPRECATED_OBJC_IMPLEMENTATIONS = YES;
				CLANG_WARN_DIRECT_OBJC_ISA_USAGE = YES_ERROR;
				CLANG_WARN_DOCUMENTATION_COMMENTS = YES;
				CLANG_WARN_EMPTY_BODY = YES;
				CLANG_WARN_ENUM_CONVERSION = YES;
				CLANG_WARN_INFINITE_RECURSION = YES;
				CLANG_WARN_INT_CONVERSION = YES;
				CLANG_WARN_NON_LITERAL_NULL_CONVERSION = YES;
				CLANG_WARN_OBJC_IMPLICIT_RETAIN_SELF = YES;
				CLANG_WARN_OBJC_LITERAL_CONVERSION = YES;
				CLANG_WARN_OBJC_ROOT_CLASS = YES_ERROR;
				CLANG_WARN_RANGE_LOOP_ANALYSIS = YES;
				CLANG_WARN_STRICT_PROTOTYPES = YES;
				CLANG_WARN_SUSPICIOUS_MOVE = YES;
				CLANG_WARN_UNGUARDED_AVAILABILITY = YES_AGGRESSIVE;
				CLANG_WARN_UNREACHABLE_CODE = YES;
				CLANG_WARN__DUPLICATE_METHOD_MATCH = YES;
				CODE_SIGN_IDENTITY = "iPhone Developer";
				COPY_PHASE_STRIP = NO;
				CURRENT_PROJECT_VERSION = 1;
				DEBUG_INFORMATION_FORMAT = dwarf;
				ENABLE_STRICT_OBJC_MSGSEND = YES;
				ENABLE_TESTABILITY = YES;
				GCC_C_LANGUAGE_STANDARD = gnu11;
				GCC_DYNAMIC_NO_PIC = NO;
				GCC_NO_COMMON_BLOCKS = YES;
				GCC_OPTIMIZATION_LEVEL = 0;
				GCC_PREPROCESSOR_DEFINITIONS = (
					"DEBUG=1",
					"$(inherited)",
				);
				GCC_WARN_64_TO_32_BIT_CONVERSION = YES;
				GCC_WARN_ABOUT_RETURN_TYPE = YES_ERROR;
				GCC_WARN_UNDECLARED_SELECTOR = YES;
				GCC_WARN_UNINITIALIZED_AUTOS = YES_AGGRESSIVE;
				GCC_WARN_UNUSED_FUNCTION = YES;
				GCC_WARN_UNUSED_VARIABLE = YES;
				IPHONEOS_DEPLOYMENT_TARGET = 12.1;
				MTL_ENABLE_DEBUG_INFO = INCLUDE_SOURCE;
				MTL_FAST_MATH = YES;
				ONLY_ACTIVE_ARCH = YES;
				SDKROOT = iphoneos;
				SWIFT_ACTIVE_COMPILATION_CONDITIONS = DEBUG;
				SWIFT_OPTIMIZATION_LEVEL = "-Onone";
				VERSIONING_SYSTEM = "apple-generic";
				VERSION_INFO_PREFIX = "";
			};
			name = Debug;
		};
		68005A942206FFFB004F791A /* Release */ = {
			isa = XCBuildConfiguration;
			buildSettings = {
				ALWAYS_SEARCH_USER_PATHS = NO;
				CLANG_ANALYZER_NONNULL = YES;
				CLANG_ANALYZER_NUMBER_OBJECT_CONVERSION = YES_AGGRESSIVE;
				CLANG_CXX_LANGUAGE_STANDARD = "gnu++14";
				CLANG_CXX_LIBRARY = "libc++";
				CLANG_ENABLE_MODULES = YES;
				CLANG_ENABLE_OBJC_ARC = YES;
				CLANG_ENABLE_OBJC_WEAK = YES;
				CLANG_WARN_BLOCK_CAPTURE_AUTORELEASING = YES;
				CLANG_WARN_BOOL_CONVERSION = YES;
				CLANG_WARN_COMMA = YES;
				CLANG_WARN_CONSTANT_CONVERSION = YES;
				CLANG_WARN_DEPRECATED_OBJC_IMPLEMENTATIONS = YES;
				CLANG_WARN_DIRECT_OBJC_ISA_USAGE = YES_ERROR;
				CLANG_WARN_DOCUMENTATION_COMMENTS = YES;
				CLANG_WARN_EMPTY_BODY = YES;
				CLANG_WARN_ENUM_CONVERSION = YES;
				CLANG_WARN_INFINITE_RECURSION = YES;
				CLANG_WARN_INT_CONVERSION = YES;
				CLANG_WARN_NON_LITERAL_NULL_CONVERSION = YES;
				CLANG_WARN_OBJC_IMPLICIT_RETAIN_SELF = YES;
				CLANG_WARN_OBJC_LITERAL_CONVERSION = YES;
				CLANG_WARN_OBJC_ROOT_CLASS = YES_ERROR;
				CLANG_WARN_RANGE_LOOP_ANALYSIS = YES;
				CLANG_WARN_STRICT_PROTOTYPES = YES;
				CLANG_WARN_SUSPICIOUS_MOVE = YES;
				CLANG_WARN_UNGUARDED_AVAILABILITY = YES_AGGRESSIVE;
				CLANG_WARN_UNREACHABLE_CODE = YES;
				CLANG_WARN__DUPLICATE_METHOD_MATCH = YES;
				CODE_SIGN_IDENTITY = "iPhone Developer";
				COPY_PHASE_STRIP = NO;
				CURRENT_PROJECT_VERSION = 1;
				DEBUG_INFORMATION_FORMAT = "dwarf-with-dsym";
				ENABLE_NS_ASSERTIONS = NO;
				ENABLE_STRICT_OBJC_MSGSEND = YES;
				GCC_C_LANGUAGE_STANDARD = gnu11;
				GCC_NO_COMMON_BLOCKS = YES;
				GCC_WARN_64_TO_32_BIT_CONVERSION = YES;
				GCC_WARN_ABOUT_RETURN_TYPE = YES_ERROR;
				GCC_WARN_UNDECLARED_SELECTOR = YES;
				GCC_WARN_UNINITIALIZED_AUTOS = YES_AGGRESSIVE;
				GCC_WARN_UNUSED_FUNCTION = YES;
				GCC_WARN_UNUSED_VARIABLE = YES;
				IPHONEOS_DEPLOYMENT_TARGET = 12.1;
				MTL_ENABLE_DEBUG_INFO = NO;
				MTL_FAST_MATH = YES;
				SDKROOT = iphoneos;
				SWIFT_COMPILATION_MODE = wholemodule;
				SWIFT_OPTIMIZATION_LEVEL = "-O";
				VALIDATE_PRODUCT = YES;
				VERSIONING_SYSTEM = "apple-generic";
				VERSION_INFO_PREFIX = "";
			};
			name = Release;
		};
		68005A962206FFFB004F791A /* Debug */ = {
			isa = XCBuildConfiguration;
			baseConfigurationReference = 804F09987432C25F46737269 /* Pods-KinBackupRestoreModule.debug.xcconfig */;
			buildSettings = {
				CLANG_ENABLE_MODULES = YES;
				CODE_SIGN_IDENTITY = "";
				CODE_SIGN_STYLE = Automatic;
				DEFINES_MODULE = YES;
				DYLIB_COMPATIBILITY_VERSION = 1;
				DYLIB_CURRENT_VERSION = 1;
				DYLIB_INSTALL_NAME_BASE = "@rpath";
				INFOPLIST_FILE = KinBackupRestoreModule/Info.plist;
				INSTALL_PATH = "$(LOCAL_LIBRARY_DIR)/Frameworks";
				LD_RUNPATH_SEARCH_PATHS = (
					"$(inherited)",
					"@executable_path/Frameworks",
					"@loader_path/Frameworks",
				);
				PRODUCT_BUNDLE_IDENTIFIER = com.kinfoundation.KinBackupRestoreModule;
				PRODUCT_NAME = "$(TARGET_NAME:c99extidentifier)";
				SKIP_INSTALL = YES;
				SWIFT_OPTIMIZATION_LEVEL = "-Onone";
				SWIFT_VERSION = 4.2;
				TARGETED_DEVICE_FAMILY = "1,2";
			};
			name = Debug;
		};
		68005A972206FFFB004F791A /* Release */ = {
			isa = XCBuildConfiguration;
			baseConfigurationReference = 6930B6AE5D9BF6E83FAE65D8 /* Pods-KinBackupRestoreModule.release.xcconfig */;
			buildSettings = {
				CLANG_ENABLE_MODULES = YES;
				CODE_SIGN_IDENTITY = "";
				CODE_SIGN_STYLE = Automatic;
				DEFINES_MODULE = YES;
				DYLIB_COMPATIBILITY_VERSION = 1;
				DYLIB_CURRENT_VERSION = 1;
				DYLIB_INSTALL_NAME_BASE = "@rpath";
				INFOPLIST_FILE = KinBackupRestoreModule/Info.plist;
				INSTALL_PATH = "$(LOCAL_LIBRARY_DIR)/Frameworks";
				LD_RUNPATH_SEARCH_PATHS = (
					"$(inherited)",
					"@executable_path/Frameworks",
					"@loader_path/Frameworks",
				);
				PRODUCT_BUNDLE_IDENTIFIER = com.kinfoundation.KinBackupRestoreModule;
				PRODUCT_NAME = "$(TARGET_NAME:c99extidentifier)";
				SKIP_INSTALL = YES;
				SWIFT_VERSION = 4.2;
				TARGETED_DEVICE_FAMILY = "1,2";
			};
			name = Release;
		};
		68005A992206FFFB004F791A /* Debug */ = {
			isa = XCBuildConfiguration;
			baseConfigurationReference = 516BB4089A5730E6158639C7 /* Pods-KinBackupRestoreModuleTests.debug.xcconfig */;
			buildSettings = {
				CODE_SIGN_STYLE = Automatic;
				INFOPLIST_FILE = KinBackupRestoreModuleTests/Info.plist;
				LD_RUNPATH_SEARCH_PATHS = (
					"$(inherited)",
					"@executable_path/Frameworks",
					"@loader_path/Frameworks",
				);
				PRODUCT_BUNDLE_IDENTIFIER = com.kinfoundation.KinBackupRestoreModuleTests;
				PRODUCT_NAME = "$(TARGET_NAME)";
				SWIFT_VERSION = 4.2;
				TARGETED_DEVICE_FAMILY = "1,2";
				TEST_HOST = "$(BUILT_PRODUCTS_DIR)/KinBackupRestoreModuleTestsHost.app/KinBackupRestoreModuleTestsHost";
			};
			name = Debug;
		};
		68005A9A2206FFFB004F791A /* Release */ = {
			isa = XCBuildConfiguration;
			baseConfigurationReference = 5409B517CB3CF52572D3098A /* Pods-KinBackupRestoreModuleTests.release.xcconfig */;
			buildSettings = {
				CODE_SIGN_STYLE = Automatic;
				INFOPLIST_FILE = KinBackupRestoreModuleTests/Info.plist;
				LD_RUNPATH_SEARCH_PATHS = (
					"$(inherited)",
					"@executable_path/Frameworks",
					"@loader_path/Frameworks",
				);
				PRODUCT_BUNDLE_IDENTIFIER = com.kinfoundation.KinBackupRestoreModuleTests;
				PRODUCT_NAME = "$(TARGET_NAME)";
				SWIFT_VERSION = 4.2;
				TARGETED_DEVICE_FAMILY = "1,2";
				TEST_HOST = "$(BUILT_PRODUCTS_DIR)/KinBackupRestoreModuleTestsHost.app/KinBackupRestoreModuleTestsHost";
			};
			name = Release;
		};
		6804B136224A08CA00208AE0 /* Debug */ = {
			isa = XCBuildConfiguration;
			buildSettings = {
				ASSETCATALOG_COMPILER_APPICON_NAME = AppIcon;
				CODE_SIGN_STYLE = Automatic;
				INFOPLIST_FILE = KinBackupRestoreModuleTestsHost/Info.plist;
				LD_RUNPATH_SEARCH_PATHS = (
					"$(inherited)",
					"@executable_path/Frameworks",
				);
				PRODUCT_BUNDLE_IDENTIFIER = com.kinfoundation.KinBackupRestoreModuleTestsHost;
				PRODUCT_NAME = "$(TARGET_NAME)";
				SWIFT_VERSION = 4.2;
				TARGETED_DEVICE_FAMILY = "1,2";
			};
			name = Debug;
		};
		6804B137224A08CA00208AE0 /* Release */ = {
			isa = XCBuildConfiguration;
			buildSettings = {
				ASSETCATALOG_COMPILER_APPICON_NAME = AppIcon;
				CODE_SIGN_STYLE = Automatic;
				INFOPLIST_FILE = KinBackupRestoreModuleTestsHost/Info.plist;
				LD_RUNPATH_SEARCH_PATHS = (
					"$(inherited)",
					"@executable_path/Frameworks",
				);
				PRODUCT_BUNDLE_IDENTIFIER = com.kinfoundation.KinBackupRestoreModuleTestsHost;
				PRODUCT_NAME = "$(TARGET_NAME)";
				SWIFT_VERSION = 4.2;
				TARGETED_DEVICE_FAMILY = "1,2";
			};
			name = Release;
		};
/* End XCBuildConfiguration section */

/* Begin XCConfigurationList section */
		68005A7B2206FFFB004F791A /* Build configuration list for PBXProject "KinBackupRestoreModule" */ = {
			isa = XCConfigurationList;
			buildConfigurations = (
				68005A932206FFFB004F791A /* Debug */,
				68005A942206FFFB004F791A /* Release */,
			);
			defaultConfigurationIsVisible = 0;
			defaultConfigurationName = Release;
		};
		68005A952206FFFB004F791A /* Build configuration list for PBXNativeTarget "KinBackupRestoreModule" */ = {
			isa = XCConfigurationList;
			buildConfigurations = (
				68005A962206FFFB004F791A /* Debug */,
				68005A972206FFFB004F791A /* Release */,
			);
			defaultConfigurationIsVisible = 0;
			defaultConfigurationName = Release;
		};
		68005A982206FFFB004F791A /* Build configuration list for PBXNativeTarget "KinBackupRestoreModuleTests" */ = {
			isa = XCConfigurationList;
			buildConfigurations = (
				68005A992206FFFB004F791A /* Debug */,
				68005A9A2206FFFB004F791A /* Release */,
			);
			defaultConfigurationIsVisible = 0;
			defaultConfigurationName = Release;
		};
		6804B135224A08CA00208AE0 /* Build configuration list for PBXNativeTarget "KinBackupRestoreModuleTestsHost" */ = {
			isa = XCConfigurationList;
			buildConfigurations = (
				6804B136224A08CA00208AE0 /* Debug */,
				6804B137224A08CA00208AE0 /* Release */,
			);
			defaultConfigurationIsVisible = 0;
			defaultConfigurationName = Release;
		};
/* End XCConfigurationList section */
	};
	rootObject = 68005A782206FFFB004F791A /* Project object */;
}
